// !$*UTF8*$!
{
	archiveVersion = 1;
	classes = {
	};
	objectVersion = 51;
	objects = {

/* Begin PBXBuildFile section */
		04089EDF24ECB59E0044DD26 /* MBProgressHUD.m in Sources */ = {isa = PBXBuildFile; fileRef = 04089EDB24ECB59E0044DD26 /* MBProgressHUD.m */; };
		04089EE024ECB59E0044DD26 /* MBProgressHUD+Add.m in Sources */ = {isa = PBXBuildFile; fileRef = 04089EDC24ECB59E0044DD26 /* MBProgressHUD+Add.m */; };
		04089EE124ECB59E0044DD26 /* MBProgressHUD.h in Headers */ = {isa = PBXBuildFile; fileRef = 04089EDD24ECB59E0044DD26 /* MBProgressHUD.h */; settings = {ATTRIBUTES = (Public, ); }; };
		04089EE224ECB59E0044DD26 /* MBProgressHUD+Add.h in Headers */ = {isa = PBXBuildFile; fileRef = 04089EDE24ECB59E0044DD26 /* MBProgressHUD+Add.h */; settings = {ATTRIBUTES = (Public, ); }; };
		0414BA9324EA2F9F00EBE089 /* RKNotificationHub.h in Headers */ = {isa = PBXBuildFile; fileRef = 0414BA9124EA2F9E00EBE089 /* RKNotificationHub.h */; settings = {ATTRIBUTES = (Public, ); }; };
		0414BA9424EA2F9F00EBE089 /* RKNotificationHub.m in Sources */ = {isa = PBXBuildFile; fileRef = 0414BA9224EA2F9E00EBE089 /* RKNotificationHub.m */; };
		0414BA9924EA50D200EBE089 /* UILabel+topString.h in Headers */ = {isa = PBXBuildFile; fileRef = 0414BA9724EA50D200EBE089 /* UILabel+topString.h */; settings = {ATTRIBUTES = (Public, ); }; };
		0414BA9A24EA50D200EBE089 /* UILabel+topString.m in Sources */ = {isa = PBXBuildFile; fileRef = 0414BA9824EA50D200EBE089 /* UILabel+topString.m */; };
		0414BA9E24EA523700EBE089 /* UIButton+Category.h in Headers */ = {isa = PBXBuildFile; fileRef = 0414BA9C24EA523700EBE089 /* UIButton+Category.h */; settings = {ATTRIBUTES = (Public, ); }; };
		0414BA9F24EA523700EBE089 /* UIButton+Category.m in Sources */ = {isa = PBXBuildFile; fileRef = 0414BA9D24EA523700EBE089 /* UIButton+Category.m */; };
		041C5ABC2507740B000670E7 /* TTGTagCollectionView.h in Headers */ = {isa = PBXBuildFile; fileRef = 041C5AB82507740A000670E7 /* TTGTagCollectionView.h */; settings = {ATTRIBUTES = (Public, ); }; };
		041C5ABD2507740B000670E7 /* TTGTextTagCollectionView.h in Headers */ = {isa = PBXBuildFile; fileRef = 041C5AB92507740A000670E7 /* TTGTextTagCollectionView.h */; settings = {ATTRIBUTES = (Public, ); }; };
		041C5ABE2507740B000670E7 /* TTGTagCollectionView.m in Sources */ = {isa = PBXBuildFile; fileRef = 041C5ABA2507740A000670E7 /* TTGTagCollectionView.m */; };
		041C5ABF2507740B000670E7 /* TTGTextTagCollectionView.m in Sources */ = {isa = PBXBuildFile; fileRef = 041C5ABB2507740A000670E7 /* TTGTextTagCollectionView.m */; };
		04269F7724FCC11C00CFD9D5 /* SPAlertController.h in Headers */ = {isa = PBXBuildFile; fileRef = 04269F7524FCC11C00CFD9D5 /* SPAlertController.h */; settings = {ATTRIBUTES = (Public, ); }; };
		04269F7824FCC11C00CFD9D5 /* SPAlertController.m in Sources */ = {isa = PBXBuildFile; fileRef = 04269F7624FCC11C00CFD9D5 /* SPAlertController.m */; };
		04269F8224FCE67000CFD9D5 /* FTPopOverMenu.h in Headers */ = {isa = PBXBuildFile; fileRef = 04269F8024FCE67000CFD9D5 /* FTPopOverMenu.h */; settings = {ATTRIBUTES = (Public, ); }; };
		04269F8324FCE67000CFD9D5 /* FTPopOverMenu.m in Sources */ = {isa = PBXBuildFile; fileRef = 04269F8124FCE67000CFD9D5 /* FTPopOverMenu.m */; };
		04445C3824E0D84E00D4FA5C /* TBCityIconFont.m in Sources */ = {isa = PBXBuildFile; fileRef = 04445C3324E0D84E00D4FA5C /* TBCityIconFont.m */; };
		04445C3924E0D84E00D4FA5C /* TBCityIconInfo.m in Sources */ = {isa = PBXBuildFile; fileRef = 04445C3424E0D84E00D4FA5C /* TBCityIconInfo.m */; };
		04445C3B24E0D84E00D4FA5C /* TBCityIconInfo.h in Headers */ = {isa = PBXBuildFile; fileRef = 04445C3624E0D84E00D4FA5C /* TBCityIconInfo.h */; settings = {ATTRIBUTES = (Public, ); }; };
		04445C3C24E0D84E00D4FA5C /* TBCityIconFont.h in Headers */ = {isa = PBXBuildFile; fileRef = 04445C3724E0D84E00D4FA5C /* TBCityIconFont.h */; settings = {ATTRIBUTES = (Public, ); }; };
		04445C3F24E0D98100D4FA5C /* MUHookMethodHelper.h in Headers */ = {isa = PBXBuildFile; fileRef = 04445C3D24E0D98100D4FA5C /* MUHookMethodHelper.h */; settings = {ATTRIBUTES = (Public, ); }; };
		04445C4024E0D98100D4FA5C /* MUHookMethodHelper.m in Sources */ = {isa = PBXBuildFile; fileRef = 04445C3E24E0D98100D4FA5C /* MUHookMethodHelper.m */; };
		04445C4224E0E82A00D4FA5C /* UIImage+MUColor.m in Sources */ = {isa = PBXBuildFile; fileRef = 04EBCDB124DD4628005D7D8C /* UIImage+MUColor.m */; };
		04445C4524E0F54300D4FA5C /* UIScrollView+Emm.m in Sources */ = {isa = PBXBuildFile; fileRef = 04445C4324E0F54300D4FA5C /* UIScrollView+Emm.m */; };
		04445C4624E0F54300D4FA5C /* UIScrollView+Emm.h in Headers */ = {isa = PBXBuildFile; fileRef = 04445C4424E0F54300D4FA5C /* UIScrollView+Emm.h */; settings = {ATTRIBUTES = (Public, ); }; };
		04445C7424E1356900D4FA5C /* Tool.framework in Frameworks */ = {isa = PBXBuildFile; fileRef = 04EBCD7324DD45FB005D7D8C /* Tool.framework */; };
		04445C7524E1356900D4FA5C /* Tool.framework in Embed Frameworks */ = {isa = PBXBuildFile; fileRef = 04EBCD7324DD45FB005D7D8C /* Tool.framework */; settings = {ATTRIBUTES = (CodeSignOnCopy, RemoveHeadersOnCopy, ); }; };
		0483C27324EF5B2A005BFD32 /* NullSafe.m in Sources */ = {isa = PBXBuildFile; fileRef = 0483C27224EF5B2A005BFD32 /* NullSafe.m */; };
		04B085C02500DACB00FB3554 /* NSString+Category.h in Headers */ = {isa = PBXBuildFile; fileRef = 04B085BE2500DACB00FB3554 /* NSString+Category.h */; settings = {ATTRIBUTES = (Public, ); }; };
		04B085C12500DACB00FB3554 /* NSString+Category.m in Sources */ = {isa = PBXBuildFile; fileRef = 04B085BF2500DACB00FB3554 /* NSString+Category.m */; };
		04C4AAC524E285EA0092532B /* LYEmptyBaseView.m in Sources */ = {isa = PBXBuildFile; fileRef = 04C4AABC24E285E90092532B /* LYEmptyBaseView.m */; };
		04C4AAC624E285EA0092532B /* LYEmptyView.h in Headers */ = {isa = PBXBuildFile; fileRef = 04C4AABD24E285E90092532B /* LYEmptyView.h */; settings = {ATTRIBUTES = (Public, ); }; };
		04C4AAC724E285EA0092532B /* UIView+Empty.m in Sources */ = {isa = PBXBuildFile; fileRef = 04C4AABE24E285E90092532B /* UIView+Empty.m */; };
		04C4AAC824E285EA0092532B /* UIView+LYExtension.m in Sources */ = {isa = PBXBuildFile; fileRef = 04C4AABF24E285E90092532B /* UIView+LYExtension.m */; };
		04C4AAC924E285EA0092532B /* LYEmptyBaseView.h in Headers */ = {isa = PBXBuildFile; fileRef = 04C4AAC024E285E90092532B /* LYEmptyBaseView.h */; settings = {ATTRIBUTES = (Public, ); }; };
		04C4AACA24E285EA0092532B /* LYEmptyViewHeader.h in Headers */ = {isa = PBXBuildFile; fileRef = 04C4AAC124E285E90092532B /* LYEmptyViewHeader.h */; settings = {ATTRIBUTES = (Public, ); }; };
		04C4AACB24E285EA0092532B /* LYEmptyView.m in Sources */ = {isa = PBXBuildFile; fileRef = 04C4AAC224E285EA0092532B /* LYEmptyView.m */; };
		04C4AACC24E285EA0092532B /* UIView+LYExtension.h in Headers */ = {isa = PBXBuildFile; fileRef = 04C4AAC324E285EA0092532B /* UIView+LYExtension.h */; settings = {ATTRIBUTES = (Public, ); }; };
		04C4AACD24E285EA0092532B /* UIView+Empty.h in Headers */ = {isa = PBXBuildFile; fileRef = 04C4AAC424E285EA0092532B /* UIView+Empty.h */; settings = {ATTRIBUTES = (Public, ); }; };
		04EBCC5B24DD4434005D7D8C /* AppDelegate.m in Sources */ = {isa = PBXBuildFile; fileRef = 04EBCC5A24DD4434005D7D8C /* AppDelegate.m */; };
		04EBCC6124DD4434005D7D8C /* ViewController.m in Sources */ = {isa = PBXBuildFile; fileRef = 04EBCC6024DD4434005D7D8C /* ViewController.m */; };
		04EBCC6624DD4436005D7D8C /* Assets.xcassets in Resources */ = {isa = PBXBuildFile; fileRef = 04EBCC6524DD4436005D7D8C /* Assets.xcassets */; };
		04EBCC6924DD4436005D7D8C /* LaunchScreen.storyboard in Resources */ = {isa = PBXBuildFile; fileRef = 04EBCC6724DD4436005D7D8C /* LaunchScreen.storyboard */; };
		04EBCC6C24DD4436005D7D8C /* main.m in Sources */ = {isa = PBXBuildFile; fileRef = 04EBCC6B24DD4436005D7D8C /* main.m */; };
		04EBCC7624DD4436005D7D8C /* ToolDemoTests.m in Sources */ = {isa = PBXBuildFile; fileRef = 04EBCC7524DD4436005D7D8C /* ToolDemoTests.m */; };
		04EBCC8124DD4436005D7D8C /* ToolDemoUITests.m in Sources */ = {isa = PBXBuildFile; fileRef = 04EBCC8024DD4436005D7D8C /* ToolDemoUITests.m */; };
		04EBCD7C24DD45FB005D7D8C /* Tool.framework in Frameworks */ = {isa = PBXBuildFile; fileRef = 04EBCD7324DD45FB005D7D8C /* Tool.framework */; };
		04EBCD8324DD45FC005D7D8C /* ToolTests.m in Sources */ = {isa = PBXBuildFile; fileRef = 04EBCD8224DD45FC005D7D8C /* ToolTests.m */; };
		04EBCD8524DD45FC005D7D8C /* Tool.h in Headers */ = {isa = PBXBuildFile; fileRef = 04EBCD7524DD45FB005D7D8C /* Tool.h */; settings = {ATTRIBUTES = (Public, ); }; };
		04EBCDF924DD4629005D7D8C /* UINavigationController+FDFullscreenPopGesture.h in Headers */ = {isa = PBXBuildFile; fileRef = 04EBCD9224DD4628005D7D8C /* UINavigationController+FDFullscreenPopGesture.h */; settings = {ATTRIBUTES = (Public, ); }; };
		04EBCDFA24DD4629005D7D8C /* UINavigationController+FDFullscreenPopGesture.m in Sources */ = {isa = PBXBuildFile; fileRef = 04EBCD9324DD4628005D7D8C /* UINavigationController+FDFullscreenPopGesture.m */; };
		04EBCE0324DD4629005D7D8C /* MHWebViewController.m in Sources */ = {isa = PBXBuildFile; fileRef = 04EBCD9E24DD4628005D7D8C /* MHWebViewController.m */; };
		04EBCE0424DD4629005D7D8C /* MHWebViewController.h in Headers */ = {isa = PBXBuildFile; fileRef = 04EBCD9F24DD4628005D7D8C /* MHWebViewController.h */; settings = {ATTRIBUTES = (Public, ); }; };
		04EBCE0524DD4629005D7D8C /* NSDate+Extension.h in Headers */ = {isa = PBXBuildFile; fileRef = 04EBCDA224DD4628005D7D8C /* NSDate+Extension.h */; settings = {ATTRIBUTES = (Public, ); }; };
		04EBCE0624DD4629005D7D8C /* NSDate+Extension.m in Sources */ = {isa = PBXBuildFile; fileRef = 04EBCDA324DD4628005D7D8C /* NSDate+Extension.m */; };
		04EBCE0724DD4629005D7D8C /* UITextView+Placeholder.m in Sources */ = {isa = PBXBuildFile; fileRef = 04EBCDA524DD4628005D7D8C /* UITextView+Placeholder.m */; };
		04EBCE0824DD4629005D7D8C /* UITextView+Placeholder.h in Headers */ = {isa = PBXBuildFile; fileRef = 04EBCDA624DD4628005D7D8C /* UITextView+Placeholder.h */; settings = {ATTRIBUTES = (Public, ); }; };
		04EBCE0924DD4629005D7D8C /* UIView+Category.m in Sources */ = {isa = PBXBuildFile; fileRef = 04EBCDA824DD4628005D7D8C /* UIView+Category.m */; };
		04EBCE0A24DD4629005D7D8C /* UIView+Category.h in Headers */ = {isa = PBXBuildFile; fileRef = 04EBCDA924DD4628005D7D8C /* UIView+Category.h */; settings = {ATTRIBUTES = (Public, ); }; };
		04EBCE0B24DD4629005D7D8C /* NSDecimalNumber+Addtion.h in Headers */ = {isa = PBXBuildFile; fileRef = 04EBCDAB24DD4628005D7D8C /* NSDecimalNumber+Addtion.h */; settings = {ATTRIBUTES = (Public, ); }; };
		04EBCE0C24DD4629005D7D8C /* NSDecimalNumber+Addtion.m in Sources */ = {isa = PBXBuildFile; fileRef = 04EBCDAC24DD4628005D7D8C /* NSDecimalNumber+Addtion.m */; };
		04EBCE0D24DD4629005D7D8C /* NSDictionary+LSCore.m in Sources */ = {isa = PBXBuildFile; fileRef = 04EBCDAE24DD4628005D7D8C /* NSDictionary+LSCore.m */; };
		04EBCE0E24DD4629005D7D8C /* NSDictionary+LSCore.h in Headers */ = {isa = PBXBuildFile; fileRef = 04EBCDAF24DD4628005D7D8C /* NSDictionary+LSCore.h */; settings = {ATTRIBUTES = (Public, ); }; };
		04EBCE1024DD4629005D7D8C /* UIImage+MUColor.h in Headers */ = {isa = PBXBuildFile; fileRef = 04EBCDB224DD4628005D7D8C /* UIImage+MUColor.h */; settings = {ATTRIBUTES = (Public, ); }; };
		04EBCE1124DD4629005D7D8C /* WSDatePickerView.h in Headers */ = {isa = PBXBuildFile; fileRef = 04EBCDB424DD4628005D7D8C /* WSDatePickerView.h */; settings = {ATTRIBUTES = (Public, ); }; };
		04EBCE1224DD4629005D7D8C /* WSDatePickerView.m in Sources */ = {isa = PBXBuildFile; fileRef = 04EBCDB524DD4628005D7D8C /* WSDatePickerView.m */; };
		04EBCE1324DD4629005D7D8C /* MHHTTPSessionManager.h in Headers */ = {isa = PBXBuildFile; fileRef = 04EBCDB724DD4629005D7D8C /* MHHTTPSessionManager.h */; settings = {ATTRIBUTES = (Public, ); }; };
		04EBCE1524DD4629005D7D8C /* MHHTTPSessionManager.m in Sources */ = {isa = PBXBuildFile; fileRef = 04EBCDB924DD4629005D7D8C /* MHHTTPSessionManager.m */; };
		04EBCE1624DD4629005D7D8C /* ZZLimitInputManager.m in Sources */ = {isa = PBXBuildFile; fileRef = 04EBCDBB24DD4629005D7D8C /* ZZLimitInputManager.m */; };
		04EBCE1724DD4629005D7D8C /* ZZLimitInputManager.h in Headers */ = {isa = PBXBuildFile; fileRef = 04EBCDBC24DD4629005D7D8C /* ZZLimitInputManager.h */; settings = {ATTRIBUTES = (Public, ); }; };
		04EBCE2124DD4629005D7D8C /* GZCMulitiDelegate.m in Sources */ = {isa = PBXBuildFile; fileRef = 04EBCDC924DD4629005D7D8C /* GZCMulitiDelegate.m */; };
		04EBCE2224DD4629005D7D8C /* GZCMulitiDelegate.h in Headers */ = {isa = PBXBuildFile; fileRef = 04EBCDCA24DD4629005D7D8C /* GZCMulitiDelegate.h */; settings = {ATTRIBUTES = (Public, ); }; };
		04EBCE2324DD4629005D7D8C /* CWCarousel.m in Sources */ = {isa = PBXBuildFile; fileRef = 04EBCDCC24DD4629005D7D8C /* CWCarousel.m */; };
		04EBCE2524DD4629005D7D8C /* CWFlowLayout.m in Sources */ = {isa = PBXBuildFile; fileRef = 04EBCDCE24DD4629005D7D8C /* CWFlowLayout.m */; };
		04EBCE2724DD4629005D7D8C /* CWCarousel.h in Headers */ = {isa = PBXBuildFile; fileRef = 04EBCDD024DD4629005D7D8C /* CWCarousel.h */; settings = {ATTRIBUTES = (Public, ); }; };
		04EBCE2824DD4629005D7D8C /* CWFlowLayout.h in Headers */ = {isa = PBXBuildFile; fileRef = 04EBCDD124DD4629005D7D8C /* CWFlowLayout.h */; settings = {ATTRIBUTES = (Public, ); }; };
		04EBCE2924DD4629005D7D8C /* MHBaseModel.m in Sources */ = {isa = PBXBuildFile; fileRef = 04EBCDD324DD4629005D7D8C /* MHBaseModel.m */; };
		04EBCE2A24DD4629005D7D8C /* MHBaseModel.h in Headers */ = {isa = PBXBuildFile; fileRef = 04EBCDD424DD4629005D7D8C /* MHBaseModel.h */; settings = {ATTRIBUTES = (Public, ); }; };
		04EBCE4124DD4629005D7D8C /* ToolMacro.h in Headers */ = {isa = PBXBuildFile; fileRef = 04EBCDF224DD4629005D7D8C /* ToolMacro.h */; settings = {ATTRIBUTES = (Public, ); }; };
		04EBCE4224DD4629005D7D8C /* SPPageMenu.m in Sources */ = {isa = PBXBuildFile; fileRef = 04EBCDF424DD4629005D7D8C /* SPPageMenu.m */; };
		04EBCE4324DD4629005D7D8C /* SPPageMenu.h in Headers */ = {isa = PBXBuildFile; fileRef = 04EBCDF524DD4629005D7D8C /* SPPageMenu.h */; settings = {ATTRIBUTES = (Public, ); }; };
		04EBCE4424DD4629005D7D8C /* SortNameTool.m in Sources */ = {isa = PBXBuildFile; fileRef = 04EBCDF724DD4629005D7D8C /* SortNameTool.m */; };
		04EBCE4524DD4629005D7D8C /* SortNameTool.h in Headers */ = {isa = PBXBuildFile; fileRef = 04EBCDF824DD4629005D7D8C /* SortNameTool.h */; settings = {ATTRIBUTES = (Public, ); }; };
		63758211B845B97FB25449F5 /* Pods_Tool.framework in Frameworks */ = {isa = PBXBuildFile; fileRef = C0B31E198B12B549366BC1F8 /* Pods_Tool.framework */; };
		66CC420A319AECFB8CCED05B /* Pods_ToolDemo.framework in Frameworks */ = {isa = PBXBuildFile; fileRef = F1D1D7E67C9F2FDA51D0218F /* Pods_ToolDemo.framework */; };
		734D81922510EF36009834F7 /* SFAttributedString.m in Sources */ = {isa = PBXBuildFile; fileRef = 734D81902510EF36009834F7 /* SFAttributedString.m */; };
		734D819A2510F811009834F7 /* NSMutableAttributedString+SCRAttributedStringBuilder.h in Headers */ = {isa = PBXBuildFile; fileRef = 734D81982510F811009834F7 /* NSMutableAttributedString+SCRAttributedStringBuilder.h */; settings = {ATTRIBUTES = (Public, ); }; };
		734D819B2510F811009834F7 /* NSMutableAttributedString+SCRAttributedStringBuilder.m in Sources */ = {isa = PBXBuildFile; fileRef = 734D81992510F811009834F7 /* NSMutableAttributedString+SCRAttributedStringBuilder.m */; };
		734D81A325110679009834F7 /* emoji keyboard in Resources */ = {isa = PBXBuildFile; fileRef = 734D81A125110679009834F7 /* emoji keyboard */; };
		734D81A425110679009834F7 /* input bar in Resources */ = {isa = PBXBuildFile; fileRef = 734D81A225110679009834F7 /* input bar */; };
		7355DB32250F909D000CF840 /* TestTableViewCell.m in Sources */ = {isa = PBXBuildFile; fileRef = 7355DB30250F909D000CF840 /* TestTableViewCell.m */; };
		7355DB33250F909D000CF840 /* TestTableViewCell.xib in Resources */ = {isa = PBXBuildFile; fileRef = 7355DB31250F909D000CF840 /* TestTableViewCell.xib */; };
		7355DB36250F9134000CF840 /* TestTableViewCell1.m in Sources */ = {isa = PBXBuildFile; fileRef = 7355DB35250F9134000CF840 /* TestTableViewCell1.m */; };
		7368146D251258180026C6E7 /* UITableView+FDTemplateLayoutCell.m in Sources */ = {isa = PBXBuildFile; fileRef = 73681465251258180026C6E7 /* UITableView+FDTemplateLayoutCell.m */; };
		7368146E251258180026C6E7 /* UITableView+FDIndexPathHeightCache.h in Headers */ = {isa = PBXBuildFile; fileRef = 73681466251258180026C6E7 /* UITableView+FDIndexPathHeightCache.h */; settings = {ATTRIBUTES = (Public, ); }; };
		7368146F251258180026C6E7 /* UITableView+FDTemplateLayoutCellDebug.h in Headers */ = {isa = PBXBuildFile; fileRef = 73681467251258180026C6E7 /* UITableView+FDTemplateLayoutCellDebug.h */; settings = {ATTRIBUTES = (Public, ); }; };
		73681470251258180026C6E7 /* UITableView+FDIndexPathHeightCache.m in Sources */ = {isa = PBXBuildFile; fileRef = 73681468251258180026C6E7 /* UITableView+FDIndexPathHeightCache.m */; };
		73681471251258180026C6E7 /* UITableView+FDTemplateLayoutCellDebug.m in Sources */ = {isa = PBXBuildFile; fileRef = 73681469251258180026C6E7 /* UITableView+FDTemplateLayoutCellDebug.m */; };
		73681472251258180026C6E7 /* UITableView+FDKeyedHeightCache.m in Sources */ = {isa = PBXBuildFile; fileRef = 7368146A251258180026C6E7 /* UITableView+FDKeyedHeightCache.m */; };
		73681473251258180026C6E7 /* UITableView+FDKeyedHeightCache.h in Headers */ = {isa = PBXBuildFile; fileRef = 7368146B251258180026C6E7 /* UITableView+FDKeyedHeightCache.h */; settings = {ATTRIBUTES = (Public, ); }; };
		73681474251258180026C6E7 /* UITableView+FDTemplateLayoutCell.h in Headers */ = {isa = PBXBuildFile; fileRef = 7368146C251258180026C6E7 /* UITableView+FDTemplateLayoutCell.h */; settings = {ATTRIBUTES = (Public, ); }; };
/* End PBXBuildFile section */

/* Begin PBXContainerItemProxy section */
		04445C7224E1353500D4FA5C /* PBXContainerItemProxy */ = {
			isa = PBXContainerItemProxy;
			containerPortal = 04EBCC4E24DD4434005D7D8C /* Project object */;
			proxyType = 1;
			remoteGlobalIDString = 04EBCD7224DD45FB005D7D8C;
			remoteInfo = Tool;
		};
		04EBCC7224DD4436005D7D8C /* PBXContainerItemProxy */ = {
			isa = PBXContainerItemProxy;
			containerPortal = 04EBCC4E24DD4434005D7D8C /* Project object */;
			proxyType = 1;
			remoteGlobalIDString = 04EBCC5524DD4434005D7D8C;
			remoteInfo = ToolDemo;
		};
		04EBCC7D24DD4436005D7D8C /* PBXContainerItemProxy */ = {
			isa = PBXContainerItemProxy;
			containerPortal = 04EBCC4E24DD4434005D7D8C /* Project object */;
			proxyType = 1;
			remoteGlobalIDString = 04EBCC5524DD4434005D7D8C;
			remoteInfo = ToolDemo;
		};
		04EBCD7D24DD45FB005D7D8C /* PBXContainerItemProxy */ = {
			isa = PBXContainerItemProxy;
			containerPortal = 04EBCC4E24DD4434005D7D8C /* Project object */;
			proxyType = 1;
			remoteGlobalIDString = 04EBCD7224DD45FB005D7D8C;
			remoteInfo = Tool;
		};
		04EBCD7F24DD45FB005D7D8C /* PBXContainerItemProxy */ = {
			isa = PBXContainerItemProxy;
			containerPortal = 04EBCC4E24DD4434005D7D8C /* Project object */;
			proxyType = 1;
			remoteGlobalIDString = 04EBCC5524DD4434005D7D8C;
			remoteInfo = ToolDemo;
		};
/* End PBXContainerItemProxy section */

/* Begin PBXCopyFilesBuildPhase section */
		04445C7824E1356A00D4FA5C /* Embed Frameworks */ = {
			isa = PBXCopyFilesBuildPhase;
			buildActionMask = 2147483647;
			dstPath = "";
			dstSubfolderSpec = 10;
			files = (
				04445C7524E1356900D4FA5C /* Tool.framework in Embed Frameworks */,
			);
			name = "Embed Frameworks";
			runOnlyForDeploymentPostprocessing = 0;
		};
/* End PBXCopyFilesBuildPhase section */

/* Begin PBXFileReference section */
		04089EDB24ECB59E0044DD26 /* MBProgressHUD.m */ = {isa = PBXFileReference; fileEncoding = 4; lastKnownFileType = sourcecode.c.objc; path = MBProgressHUD.m; sourceTree = "<group>"; };
		04089EDC24ECB59E0044DD26 /* MBProgressHUD+Add.m */ = {isa = PBXFileReference; fileEncoding = 4; lastKnownFileType = sourcecode.c.objc; path = "MBProgressHUD+Add.m"; sourceTree = "<group>"; };
		04089EDD24ECB59E0044DD26 /* MBProgressHUD.h */ = {isa = PBXFileReference; fileEncoding = 4; lastKnownFileType = sourcecode.c.h; path = MBProgressHUD.h; sourceTree = "<group>"; };
		04089EDE24ECB59E0044DD26 /* MBProgressHUD+Add.h */ = {isa = PBXFileReference; fileEncoding = 4; lastKnownFileType = sourcecode.c.h; path = "MBProgressHUD+Add.h"; sourceTree = "<group>"; };
		0414BA9124EA2F9E00EBE089 /* RKNotificationHub.h */ = {isa = PBXFileReference; fileEncoding = 4; lastKnownFileType = sourcecode.c.h; path = RKNotificationHub.h; sourceTree = "<group>"; };
		0414BA9224EA2F9E00EBE089 /* RKNotificationHub.m */ = {isa = PBXFileReference; fileEncoding = 4; lastKnownFileType = sourcecode.c.objc; path = RKNotificationHub.m; sourceTree = "<group>"; };
		0414BA9724EA50D200EBE089 /* UILabel+topString.h */ = {isa = PBXFileReference; lastKnownFileType = sourcecode.c.h; path = "UILabel+topString.h"; sourceTree = "<group>"; };
		0414BA9824EA50D200EBE089 /* UILabel+topString.m */ = {isa = PBXFileReference; lastKnownFileType = sourcecode.c.objc; path = "UILabel+topString.m"; sourceTree = "<group>"; };
		0414BA9C24EA523700EBE089 /* UIButton+Category.h */ = {isa = PBXFileReference; lastKnownFileType = sourcecode.c.h; path = "UIButton+Category.h"; sourceTree = "<group>"; };
		0414BA9D24EA523700EBE089 /* UIButton+Category.m */ = {isa = PBXFileReference; lastKnownFileType = sourcecode.c.objc; path = "UIButton+Category.m"; sourceTree = "<group>"; };
		041C5AB82507740A000670E7 /* TTGTagCollectionView.h */ = {isa = PBXFileReference; fileEncoding = 4; lastKnownFileType = sourcecode.c.h; path = TTGTagCollectionView.h; sourceTree = "<group>"; };
		041C5AB92507740A000670E7 /* TTGTextTagCollectionView.h */ = {isa = PBXFileReference; fileEncoding = 4; lastKnownFileType = sourcecode.c.h; path = TTGTextTagCollectionView.h; sourceTree = "<group>"; };
		041C5ABA2507740A000670E7 /* TTGTagCollectionView.m */ = {isa = PBXFileReference; fileEncoding = 4; lastKnownFileType = sourcecode.c.objc; path = TTGTagCollectionView.m; sourceTree = "<group>"; };
		041C5ABB2507740A000670E7 /* TTGTextTagCollectionView.m */ = {isa = PBXFileReference; fileEncoding = 4; lastKnownFileType = sourcecode.c.objc; path = TTGTextTagCollectionView.m; sourceTree = "<group>"; };
		04269F7524FCC11C00CFD9D5 /* SPAlertController.h */ = {isa = PBXFileReference; fileEncoding = 4; lastKnownFileType = sourcecode.c.h; path = SPAlertController.h; sourceTree = "<group>"; };
		04269F7624FCC11C00CFD9D5 /* SPAlertController.m */ = {isa = PBXFileReference; fileEncoding = 4; lastKnownFileType = sourcecode.c.objc; path = SPAlertController.m; sourceTree = "<group>"; };
		04269F8024FCE67000CFD9D5 /* FTPopOverMenu.h */ = {isa = PBXFileReference; fileEncoding = 4; lastKnownFileType = sourcecode.c.h; path = FTPopOverMenu.h; sourceTree = "<group>"; };
		04269F8124FCE67000CFD9D5 /* FTPopOverMenu.m */ = {isa = PBXFileReference; fileEncoding = 4; lastKnownFileType = sourcecode.c.objc; path = FTPopOverMenu.m; sourceTree = "<group>"; };
		04445C3324E0D84E00D4FA5C /* TBCityIconFont.m */ = {isa = PBXFileReference; fileEncoding = 4; lastKnownFileType = sourcecode.c.objc; path = TBCityIconFont.m; sourceTree = "<group>"; };
		04445C3424E0D84E00D4FA5C /* TBCityIconInfo.m */ = {isa = PBXFileReference; fileEncoding = 4; lastKnownFileType = sourcecode.c.objc; path = TBCityIconInfo.m; sourceTree = "<group>"; };
		04445C3624E0D84E00D4FA5C /* TBCityIconInfo.h */ = {isa = PBXFileReference; fileEncoding = 4; lastKnownFileType = sourcecode.c.h; path = TBCityIconInfo.h; sourceTree = "<group>"; };
		04445C3724E0D84E00D4FA5C /* TBCityIconFont.h */ = {isa = PBXFileReference; fileEncoding = 4; lastKnownFileType = sourcecode.c.h; path = TBCityIconFont.h; sourceTree = "<group>"; };
		04445C3D24E0D98100D4FA5C /* MUHookMethodHelper.h */ = {isa = PBXFileReference; fileEncoding = 4; lastKnownFileType = sourcecode.c.h; path = MUHookMethodHelper.h; sourceTree = "<group>"; };
		04445C3E24E0D98100D4FA5C /* MUHookMethodHelper.m */ = {isa = PBXFileReference; fileEncoding = 4; lastKnownFileType = sourcecode.c.objc; path = MUHookMethodHelper.m; sourceTree = "<group>"; };
		04445C4324E0F54300D4FA5C /* UIScrollView+Emm.m */ = {isa = PBXFileReference; fileEncoding = 4; lastKnownFileType = sourcecode.c.objc; path = "UIScrollView+Emm.m"; sourceTree = "<group>"; };
		04445C4424E0F54300D4FA5C /* UIScrollView+Emm.h */ = {isa = PBXFileReference; fileEncoding = 4; lastKnownFileType = sourcecode.c.h; path = "UIScrollView+Emm.h"; sourceTree = "<group>"; };
		0483C27224EF5B2A005BFD32 /* NullSafe.m */ = {isa = PBXFileReference; fileEncoding = 4; lastKnownFileType = sourcecode.c.objc; path = NullSafe.m; sourceTree = "<group>"; };
		04B085BE2500DACB00FB3554 /* NSString+Category.h */ = {isa = PBXFileReference; lastKnownFileType = sourcecode.c.h; path = "NSString+Category.h"; sourceTree = "<group>"; };
		04B085BF2500DACB00FB3554 /* NSString+Category.m */ = {isa = PBXFileReference; lastKnownFileType = sourcecode.c.objc; path = "NSString+Category.m"; sourceTree = "<group>"; };
		04C4AABC24E285E90092532B /* LYEmptyBaseView.m */ = {isa = PBXFileReference; fileEncoding = 4; lastKnownFileType = sourcecode.c.objc; path = LYEmptyBaseView.m; sourceTree = "<group>"; };
		04C4AABD24E285E90092532B /* LYEmptyView.h */ = {isa = PBXFileReference; fileEncoding = 4; lastKnownFileType = sourcecode.c.h; path = LYEmptyView.h; sourceTree = "<group>"; };
		04C4AABE24E285E90092532B /* UIView+Empty.m */ = {isa = PBXFileReference; fileEncoding = 4; lastKnownFileType = sourcecode.c.objc; path = "UIView+Empty.m"; sourceTree = "<group>"; };
		04C4AABF24E285E90092532B /* UIView+LYExtension.m */ = {isa = PBXFileReference; fileEncoding = 4; lastKnownFileType = sourcecode.c.objc; path = "UIView+LYExtension.m"; sourceTree = "<group>"; };
		04C4AAC024E285E90092532B /* LYEmptyBaseView.h */ = {isa = PBXFileReference; fileEncoding = 4; lastKnownFileType = sourcecode.c.h; path = LYEmptyBaseView.h; sourceTree = "<group>"; };
		04C4AAC124E285E90092532B /* LYEmptyViewHeader.h */ = {isa = PBXFileReference; fileEncoding = 4; lastKnownFileType = sourcecode.c.h; path = LYEmptyViewHeader.h; sourceTree = "<group>"; };
		04C4AAC224E285EA0092532B /* LYEmptyView.m */ = {isa = PBXFileReference; fileEncoding = 4; lastKnownFileType = sourcecode.c.objc; path = LYEmptyView.m; sourceTree = "<group>"; };
		04C4AAC324E285EA0092532B /* UIView+LYExtension.h */ = {isa = PBXFileReference; fileEncoding = 4; lastKnownFileType = sourcecode.c.h; path = "UIView+LYExtension.h"; sourceTree = "<group>"; };
		04C4AAC424E285EA0092532B /* UIView+Empty.h */ = {isa = PBXFileReference; fileEncoding = 4; lastKnownFileType = sourcecode.c.h; path = "UIView+Empty.h"; sourceTree = "<group>"; };
		04EBCC5624DD4434005D7D8C /* ToolDemo.app */ = {isa = PBXFileReference; explicitFileType = wrapper.application; includeInIndex = 0; path = ToolDemo.app; sourceTree = BUILT_PRODUCTS_DIR; };
		04EBCC5924DD4434005D7D8C /* AppDelegate.h */ = {isa = PBXFileReference; lastKnownFileType = sourcecode.c.h; path = AppDelegate.h; sourceTree = "<group>"; };
		04EBCC5A24DD4434005D7D8C /* AppDelegate.m */ = {isa = PBXFileReference; lastKnownFileType = sourcecode.c.objc; path = AppDelegate.m; sourceTree = "<group>"; };
		04EBCC5F24DD4434005D7D8C /* ViewController.h */ = {isa = PBXFileReference; lastKnownFileType = sourcecode.c.h; path = ViewController.h; sourceTree = "<group>"; };
		04EBCC6024DD4434005D7D8C /* ViewController.m */ = {isa = PBXFileReference; lastKnownFileType = sourcecode.c.objc; path = ViewController.m; sourceTree = "<group>"; };
		04EBCC6524DD4436005D7D8C /* Assets.xcassets */ = {isa = PBXFileReference; lastKnownFileType = folder.assetcatalog; path = Assets.xcassets; sourceTree = "<group>"; };
		04EBCC6824DD4436005D7D8C /* Base */ = {isa = PBXFileReference; lastKnownFileType = file.storyboard; name = Base; path = Base.lproj/LaunchScreen.storyboard; sourceTree = "<group>"; };
		04EBCC6A24DD4436005D7D8C /* Info.plist */ = {isa = PBXFileReference; lastKnownFileType = text.plist.xml; path = Info.plist; sourceTree = "<group>"; };
		04EBCC6B24DD4436005D7D8C /* main.m */ = {isa = PBXFileReference; lastKnownFileType = sourcecode.c.objc; path = main.m; sourceTree = "<group>"; };
		04EBCC7124DD4436005D7D8C /* ToolDemoTests.xctest */ = {isa = PBXFileReference; explicitFileType = wrapper.cfbundle; includeInIndex = 0; path = ToolDemoTests.xctest; sourceTree = BUILT_PRODUCTS_DIR; };
		04EBCC7524DD4436005D7D8C /* ToolDemoTests.m */ = {isa = PBXFileReference; lastKnownFileType = sourcecode.c.objc; path = ToolDemoTests.m; sourceTree = "<group>"; };
		04EBCC7724DD4436005D7D8C /* Info.plist */ = {isa = PBXFileReference; lastKnownFileType = text.plist.xml; path = Info.plist; sourceTree = "<group>"; };
		04EBCC7C24DD4436005D7D8C /* ToolDemoUITests.xctest */ = {isa = PBXFileReference; explicitFileType = wrapper.cfbundle; includeInIndex = 0; path = ToolDemoUITests.xctest; sourceTree = BUILT_PRODUCTS_DIR; };
		04EBCC8024DD4436005D7D8C /* ToolDemoUITests.m */ = {isa = PBXFileReference; lastKnownFileType = sourcecode.c.objc; path = ToolDemoUITests.m; sourceTree = "<group>"; };
		04EBCC8224DD4436005D7D8C /* Info.plist */ = {isa = PBXFileReference; lastKnownFileType = text.plist.xml; path = Info.plist; sourceTree = "<group>"; };
		04EBCD7324DD45FB005D7D8C /* Tool.framework */ = {isa = PBXFileReference; explicitFileType = wrapper.framework; includeInIndex = 0; path = Tool.framework; sourceTree = BUILT_PRODUCTS_DIR; };
		04EBCD7524DD45FB005D7D8C /* Tool.h */ = {isa = PBXFileReference; lastKnownFileType = sourcecode.c.h; path = Tool.h; sourceTree = "<group>"; };
		04EBCD7624DD45FB005D7D8C /* Info.plist */ = {isa = PBXFileReference; lastKnownFileType = text.plist.xml; path = Info.plist; sourceTree = "<group>"; };
		04EBCD7B24DD45FB005D7D8C /* ToolTests.xctest */ = {isa = PBXFileReference; explicitFileType = wrapper.cfbundle; includeInIndex = 0; path = ToolTests.xctest; sourceTree = BUILT_PRODUCTS_DIR; };
		04EBCD8224DD45FC005D7D8C /* ToolTests.m */ = {isa = PBXFileReference; lastKnownFileType = sourcecode.c.objc; path = ToolTests.m; sourceTree = "<group>"; };
		04EBCD8424DD45FC005D7D8C /* Info.plist */ = {isa = PBXFileReference; lastKnownFileType = text.plist.xml; path = Info.plist; sourceTree = "<group>"; };
		04EBCD9224DD4628005D7D8C /* UINavigationController+FDFullscreenPopGesture.h */ = {isa = PBXFileReference; fileEncoding = 4; lastKnownFileType = sourcecode.c.h; path = "UINavigationController+FDFullscreenPopGesture.h"; sourceTree = "<group>"; };
		04EBCD9324DD4628005D7D8C /* UINavigationController+FDFullscreenPopGesture.m */ = {isa = PBXFileReference; fileEncoding = 4; lastKnownFileType = sourcecode.c.objc; path = "UINavigationController+FDFullscreenPopGesture.m"; sourceTree = "<group>"; };
		04EBCD9E24DD4628005D7D8C /* MHWebViewController.m */ = {isa = PBXFileReference; fileEncoding = 4; lastKnownFileType = sourcecode.c.objc; path = MHWebViewController.m; sourceTree = "<group>"; };
		04EBCD9F24DD4628005D7D8C /* MHWebViewController.h */ = {isa = PBXFileReference; fileEncoding = 4; lastKnownFileType = sourcecode.c.h; path = MHWebViewController.h; sourceTree = "<group>"; };
		04EBCDA224DD4628005D7D8C /* NSDate+Extension.h */ = {isa = PBXFileReference; fileEncoding = 4; lastKnownFileType = sourcecode.c.h; path = "NSDate+Extension.h"; sourceTree = "<group>"; };
		04EBCDA324DD4628005D7D8C /* NSDate+Extension.m */ = {isa = PBXFileReference; fileEncoding = 4; lastKnownFileType = sourcecode.c.objc; path = "NSDate+Extension.m"; sourceTree = "<group>"; };
		04EBCDA524DD4628005D7D8C /* UITextView+Placeholder.m */ = {isa = PBXFileReference; fileEncoding = 4; lastKnownFileType = sourcecode.c.objc; path = "UITextView+Placeholder.m"; sourceTree = "<group>"; };
		04EBCDA624DD4628005D7D8C /* UITextView+Placeholder.h */ = {isa = PBXFileReference; fileEncoding = 4; lastKnownFileType = sourcecode.c.h; path = "UITextView+Placeholder.h"; sourceTree = "<group>"; };
		04EBCDA824DD4628005D7D8C /* UIView+Category.m */ = {isa = PBXFileReference; fileEncoding = 4; lastKnownFileType = sourcecode.c.objc; path = "UIView+Category.m"; sourceTree = "<group>"; };
		04EBCDA924DD4628005D7D8C /* UIView+Category.h */ = {isa = PBXFileReference; fileEncoding = 4; lastKnownFileType = sourcecode.c.h; path = "UIView+Category.h"; sourceTree = "<group>"; };
		04EBCDAB24DD4628005D7D8C /* NSDecimalNumber+Addtion.h */ = {isa = PBXFileReference; fileEncoding = 4; lastKnownFileType = sourcecode.c.h; path = "NSDecimalNumber+Addtion.h"; sourceTree = "<group>"; };
		04EBCDAC24DD4628005D7D8C /* NSDecimalNumber+Addtion.m */ = {isa = PBXFileReference; fileEncoding = 4; lastKnownFileType = sourcecode.c.objc; path = "NSDecimalNumber+Addtion.m"; sourceTree = "<group>"; };
		04EBCDAE24DD4628005D7D8C /* NSDictionary+LSCore.m */ = {isa = PBXFileReference; fileEncoding = 4; lastKnownFileType = sourcecode.c.objc; path = "NSDictionary+LSCore.m"; sourceTree = "<group>"; };
		04EBCDAF24DD4628005D7D8C /* NSDictionary+LSCore.h */ = {isa = PBXFileReference; fileEncoding = 4; lastKnownFileType = sourcecode.c.h; path = "NSDictionary+LSCore.h"; sourceTree = "<group>"; };
		04EBCDB124DD4628005D7D8C /* UIImage+MUColor.m */ = {isa = PBXFileReference; fileEncoding = 4; lastKnownFileType = sourcecode.c.objc; path = "UIImage+MUColor.m"; sourceTree = "<group>"; };
		04EBCDB224DD4628005D7D8C /* UIImage+MUColor.h */ = {isa = PBXFileReference; fileEncoding = 4; lastKnownFileType = sourcecode.c.h; path = "UIImage+MUColor.h"; sourceTree = "<group>"; };
		04EBCDB424DD4628005D7D8C /* WSDatePickerView.h */ = {isa = PBXFileReference; fileEncoding = 4; lastKnownFileType = sourcecode.c.h; path = WSDatePickerView.h; sourceTree = "<group>"; };
		04EBCDB524DD4628005D7D8C /* WSDatePickerView.m */ = {isa = PBXFileReference; fileEncoding = 4; lastKnownFileType = sourcecode.c.objc; path = WSDatePickerView.m; sourceTree = "<group>"; };
		04EBCDB724DD4629005D7D8C /* MHHTTPSessionManager.h */ = {isa = PBXFileReference; fileEncoding = 4; lastKnownFileType = sourcecode.c.h; path = MHHTTPSessionManager.h; sourceTree = "<group>"; };
		04EBCDB924DD4629005D7D8C /* MHHTTPSessionManager.m */ = {isa = PBXFileReference; fileEncoding = 4; lastKnownFileType = sourcecode.c.objc; path = MHHTTPSessionManager.m; sourceTree = "<group>"; };
		04EBCDBB24DD4629005D7D8C /* ZZLimitInputManager.m */ = {isa = PBXFileReference; fileEncoding = 4; lastKnownFileType = sourcecode.c.objc; path = ZZLimitInputManager.m; sourceTree = "<group>"; };
		04EBCDBC24DD4629005D7D8C /* ZZLimitInputManager.h */ = {isa = PBXFileReference; fileEncoding = 4; lastKnownFileType = sourcecode.c.h; path = ZZLimitInputManager.h; sourceTree = "<group>"; };
		04EBCDC924DD4629005D7D8C /* GZCMulitiDelegate.m */ = {isa = PBXFileReference; fileEncoding = 4; lastKnownFileType = sourcecode.c.objc; path = GZCMulitiDelegate.m; sourceTree = "<group>"; };
		04EBCDCA24DD4629005D7D8C /* GZCMulitiDelegate.h */ = {isa = PBXFileReference; fileEncoding = 4; lastKnownFileType = sourcecode.c.h; path = GZCMulitiDelegate.h; sourceTree = "<group>"; };
		04EBCDCC24DD4629005D7D8C /* CWCarousel.m */ = {isa = PBXFileReference; fileEncoding = 4; lastKnownFileType = sourcecode.c.objc; path = CWCarousel.m; sourceTree = "<group>"; };
		04EBCDCE24DD4629005D7D8C /* CWFlowLayout.m */ = {isa = PBXFileReference; fileEncoding = 4; lastKnownFileType = sourcecode.c.objc; path = CWFlowLayout.m; sourceTree = "<group>"; };
		04EBCDD024DD4629005D7D8C /* CWCarousel.h */ = {isa = PBXFileReference; fileEncoding = 4; lastKnownFileType = sourcecode.c.h; path = CWCarousel.h; sourceTree = "<group>"; };
		04EBCDD124DD4629005D7D8C /* CWFlowLayout.h */ = {isa = PBXFileReference; fileEncoding = 4; lastKnownFileType = sourcecode.c.h; path = CWFlowLayout.h; sourceTree = "<group>"; };
		04EBCDD324DD4629005D7D8C /* MHBaseModel.m */ = {isa = PBXFileReference; fileEncoding = 4; lastKnownFileType = sourcecode.c.objc; path = MHBaseModel.m; sourceTree = "<group>"; };
		04EBCDD424DD4629005D7D8C /* MHBaseModel.h */ = {isa = PBXFileReference; fileEncoding = 4; lastKnownFileType = sourcecode.c.h; path = MHBaseModel.h; sourceTree = "<group>"; };
		04EBCDF224DD4629005D7D8C /* ToolMacro.h */ = {isa = PBXFileReference; fileEncoding = 4; lastKnownFileType = sourcecode.c.h; path = ToolMacro.h; sourceTree = "<group>"; };
		04EBCDF424DD4629005D7D8C /* SPPageMenu.m */ = {isa = PBXFileReference; fileEncoding = 4; lastKnownFileType = sourcecode.c.objc; path = SPPageMenu.m; sourceTree = "<group>"; };
		04EBCDF524DD4629005D7D8C /* SPPageMenu.h */ = {isa = PBXFileReference; fileEncoding = 4; lastKnownFileType = sourcecode.c.h; path = SPPageMenu.h; sourceTree = "<group>"; };
		04EBCDF724DD4629005D7D8C /* SortNameTool.m */ = {isa = PBXFileReference; fileEncoding = 4; lastKnownFileType = sourcecode.c.objc; path = SortNameTool.m; sourceTree = "<group>"; };
		04EBCDF824DD4629005D7D8C /* SortNameTool.h */ = {isa = PBXFileReference; fileEncoding = 4; lastKnownFileType = sourcecode.c.h; path = SortNameTool.h; sourceTree = "<group>"; };
		07D0A9888F1988F690CD6EE6 /* Pods-ToolDemo.debug.xcconfig */ = {isa = PBXFileReference; includeInIndex = 1; lastKnownFileType = text.xcconfig; name = "Pods-ToolDemo.debug.xcconfig"; path = "Target Support Files/Pods-ToolDemo/Pods-ToolDemo.debug.xcconfig"; sourceTree = "<group>"; };
		734D81902510EF36009834F7 /* SFAttributedString.m */ = {isa = PBXFileReference; fileEncoding = 4; lastKnownFileType = sourcecode.c.objc; path = SFAttributedString.m; sourceTree = "<group>"; };
		734D81912510EF36009834F7 /* SFAttributedString.h */ = {isa = PBXFileReference; fileEncoding = 4; lastKnownFileType = sourcecode.c.h; path = SFAttributedString.h; sourceTree = "<group>"; };
		734D81982510F811009834F7 /* NSMutableAttributedString+SCRAttributedStringBuilder.h */ = {isa = PBXFileReference; fileEncoding = 4; lastKnownFileType = sourcecode.c.h; path = "NSMutableAttributedString+SCRAttributedStringBuilder.h"; sourceTree = "<group>"; };
		734D81992510F811009834F7 /* NSMutableAttributedString+SCRAttributedStringBuilder.m */ = {isa = PBXFileReference; fileEncoding = 4; lastKnownFileType = sourcecode.c.objc; path = "NSMutableAttributedString+SCRAttributedStringBuilder.m"; sourceTree = "<group>"; };
		734D81A125110679009834F7 /* emoji keyboard */ = {isa = PBXFileReference; lastKnownFileType = folder; path = "emoji keyboard"; sourceTree = "<group>"; };
		734D81A225110679009834F7 /* input bar */ = {isa = PBXFileReference; lastKnownFileType = folder; path = "input bar"; sourceTree = "<group>"; };
		7355DB2F250F909D000CF840 /* TestTableViewCell.h */ = {isa = PBXFileReference; lastKnownFileType = sourcecode.c.h; path = TestTableViewCell.h; sourceTree = "<group>"; };
		7355DB30250F909D000CF840 /* TestTableViewCell.m */ = {isa = PBXFileReference; lastKnownFileType = sourcecode.c.objc; path = TestTableViewCell.m; sourceTree = "<group>"; };
		7355DB31250F909D000CF840 /* TestTableViewCell.xib */ = {isa = PBXFileReference; lastKnownFileType = file.xib; path = TestTableViewCell.xib; sourceTree = "<group>"; };
		7355DB34250F9134000CF840 /* TestTableViewCell1.h */ = {isa = PBXFileReference; lastKnownFileType = sourcecode.c.h; path = TestTableViewCell1.h; sourceTree = "<group>"; };
		7355DB35250F9134000CF840 /* TestTableViewCell1.m */ = {isa = PBXFileReference; lastKnownFileType = sourcecode.c.objc; path = TestTableViewCell1.m; sourceTree = "<group>"; };
		73681465251258180026C6E7 /* UITableView+FDTemplateLayoutCell.m */ = {isa = PBXFileReference; fileEncoding = 4; lastKnownFileType = sourcecode.c.objc; path = "UITableView+FDTemplateLayoutCell.m"; sourceTree = "<group>"; };
		73681466251258180026C6E7 /* UITableView+FDIndexPathHeightCache.h */ = {isa = PBXFileReference; fileEncoding = 4; lastKnownFileType = sourcecode.c.h; path = "UITableView+FDIndexPathHeightCache.h"; sourceTree = "<group>"; };
		73681467251258180026C6E7 /* UITableView+FDTemplateLayoutCellDebug.h */ = {isa = PBXFileReference; fileEncoding = 4; lastKnownFileType = sourcecode.c.h; path = "UITableView+FDTemplateLayoutCellDebug.h"; sourceTree = "<group>"; };
		73681468251258180026C6E7 /* UITableView+FDIndexPathHeightCache.m */ = {isa = PBXFileReference; fileEncoding = 4; lastKnownFileType = sourcecode.c.objc; path = "UITableView+FDIndexPathHeightCache.m"; sourceTree = "<group>"; };
		73681469251258180026C6E7 /* UITableView+FDTemplateLayoutCellDebug.m */ = {isa = PBXFileReference; fileEncoding = 4; lastKnownFileType = sourcecode.c.objc; path = "UITableView+FDTemplateLayoutCellDebug.m"; sourceTree = "<group>"; };
		7368146A251258180026C6E7 /* UITableView+FDKeyedHeightCache.m */ = {isa = PBXFileReference; fileEncoding = 4; lastKnownFileType = sourcecode.c.objc; path = "UITableView+FDKeyedHeightCache.m"; sourceTree = "<group>"; };
		7368146B251258180026C6E7 /* UITableView+FDKeyedHeightCache.h */ = {isa = PBXFileReference; fileEncoding = 4; lastKnownFileType = sourcecode.c.h; path = "UITableView+FDKeyedHeightCache.h"; sourceTree = "<group>"; };
		7368146C251258180026C6E7 /* UITableView+FDTemplateLayoutCell.h */ = {isa = PBXFileReference; fileEncoding = 4; lastKnownFileType = sourcecode.c.h; path = "UITableView+FDTemplateLayoutCell.h"; sourceTree = "<group>"; };
		846C32F4E6A339A32B57F53C /* Pods-Tool.debug.xcconfig */ = {isa = PBXFileReference; includeInIndex = 1; lastKnownFileType = text.xcconfig; name = "Pods-Tool.debug.xcconfig"; path = "Target Support Files/Pods-Tool/Pods-Tool.debug.xcconfig"; sourceTree = "<group>"; };
		8B5640E6AF4AB4B43302D994 /* Pods-ToolDemo.release.xcconfig */ = {isa = PBXFileReference; includeInIndex = 1; lastKnownFileType = text.xcconfig; name = "Pods-ToolDemo.release.xcconfig"; path = "Target Support Files/Pods-ToolDemo/Pods-ToolDemo.release.xcconfig"; sourceTree = "<group>"; };
		9C3922DE94D3C4CECBA408A6 /* Pods-Tool.release.xcconfig */ = {isa = PBXFileReference; includeInIndex = 1; lastKnownFileType = text.xcconfig; name = "Pods-Tool.release.xcconfig"; path = "Target Support Files/Pods-Tool/Pods-Tool.release.xcconfig"; sourceTree = "<group>"; };
		C0B31E198B12B549366BC1F8 /* Pods_Tool.framework */ = {isa = PBXFileReference; explicitFileType = wrapper.framework; includeInIndex = 0; path = Pods_Tool.framework; sourceTree = BUILT_PRODUCTS_DIR; };
		F1D1D7E67C9F2FDA51D0218F /* Pods_ToolDemo.framework */ = {isa = PBXFileReference; explicitFileType = wrapper.framework; includeInIndex = 0; path = Pods_ToolDemo.framework; sourceTree = BUILT_PRODUCTS_DIR; };
/* End PBXFileReference section */

/* Begin PBXFrameworksBuildPhase section */
		04EBCC5324DD4434005D7D8C /* Frameworks */ = {
			isa = PBXFrameworksBuildPhase;
			buildActionMask = 2147483647;
			files = (
				04445C7424E1356900D4FA5C /* Tool.framework in Frameworks */,
				66CC420A319AECFB8CCED05B /* Pods_ToolDemo.framework in Frameworks */,
			);
			runOnlyForDeploymentPostprocessing = 0;
		};
		04EBCC6E24DD4436005D7D8C /* Frameworks */ = {
			isa = PBXFrameworksBuildPhase;
			buildActionMask = 2147483647;
			files = (
			);
			runOnlyForDeploymentPostprocessing = 0;
		};
		04EBCC7924DD4436005D7D8C /* Frameworks */ = {
			isa = PBXFrameworksBuildPhase;
			buildActionMask = 2147483647;
			files = (
			);
			runOnlyForDeploymentPostprocessing = 0;
		};
		04EBCD7024DD45FB005D7D8C /* Frameworks */ = {
			isa = PBXFrameworksBuildPhase;
			buildActionMask = 2147483647;
			files = (
				63758211B845B97FB25449F5 /* Pods_Tool.framework in Frameworks */,
			);
			runOnlyForDeploymentPostprocessing = 0;
		};
		04EBCD7824DD45FB005D7D8C /* Frameworks */ = {
			isa = PBXFrameworksBuildPhase;
			buildActionMask = 2147483647;
			files = (
				04EBCD7C24DD45FB005D7D8C /* Tool.framework in Frameworks */,
			);
			runOnlyForDeploymentPostprocessing = 0;
		};
/* End PBXFrameworksBuildPhase section */

/* Begin PBXGroup section */
		04089EDA24ECB59E0044DD26 /* MBProgressHUD */ = {
			isa = PBXGroup;
			children = (
				04089EDD24ECB59E0044DD26 /* MBProgressHUD.h */,
				04089EDB24ECB59E0044DD26 /* MBProgressHUD.m */,
				04089EDE24ECB59E0044DD26 /* MBProgressHUD+Add.h */,
				04089EDC24ECB59E0044DD26 /* MBProgressHUD+Add.m */,
			);
			path = MBProgressHUD;
			sourceTree = "<group>";
		};
		0414BA9524EA2FA700EBE089 /* RKNotificationHub(小红点) */ = {
			isa = PBXGroup;
			children = (
				0414BA9124EA2F9E00EBE089 /* RKNotificationHub.h */,
				0414BA9224EA2F9E00EBE089 /* RKNotificationHub.m */,
			);
			path = "RKNotificationHub(小红点)";
			sourceTree = "<group>";
		};
		0414BA9624EA509C00EBE089 /* UILabel+Category */ = {
			isa = PBXGroup;
			children = (
				0414BA9724EA50D200EBE089 /* UILabel+topString.h */,
				0414BA9824EA50D200EBE089 /* UILabel+topString.m */,
			);
			path = "UILabel+Category";
			sourceTree = "<group>";
		};
		0414BA9B24EA51F700EBE089 /* UIButton+Category */ = {
			isa = PBXGroup;
			children = (
				0414BA9C24EA523700EBE089 /* UIButton+Category.h */,
				0414BA9D24EA523700EBE089 /* UIButton+Category.m */,
			);
			path = "UIButton+Category";
			sourceTree = "<group>";
		};
		041C5AB72507740A000670E7 /* TTGTagCollectionView(tag标签) */ = {
			isa = PBXGroup;
			children = (
				041C5AB82507740A000670E7 /* TTGTagCollectionView.h */,
				041C5ABA2507740A000670E7 /* TTGTagCollectionView.m */,
				041C5AB92507740A000670E7 /* TTGTextTagCollectionView.h */,
				041C5ABB2507740A000670E7 /* TTGTextTagCollectionView.m */,
			);
			path = "TTGTagCollectionView(tag标签)";
			sourceTree = "<group>";
		};
		04269F7F24FCE67000CFD9D5 /* FTPopOverMenu */ = {
			isa = PBXGroup;
			children = (
				04269F8024FCE67000CFD9D5 /* FTPopOverMenu.h */,
				04269F8124FCE67000CFD9D5 /* FTPopOverMenu.m */,
			);
			path = FTPopOverMenu;
			sourceTree = "<group>";
		};
		04445C3224E0D84E00D4FA5C /* iconfont(字体图标) */ = {
			isa = PBXGroup;
			children = (
				04445C3624E0D84E00D4FA5C /* TBCityIconInfo.h */,
				04445C3724E0D84E00D4FA5C /* TBCityIconFont.h */,
				04445C3324E0D84E00D4FA5C /* TBCityIconFont.m */,
				04445C3424E0D84E00D4FA5C /* TBCityIconInfo.m */,
			);
			path = "iconfont(字体图标)";
			sourceTree = "<group>";
		};
		04445C4124E0D98600D4FA5C /* MUHookMethodHelper(交换方法) */ = {
			isa = PBXGroup;
			children = (
				04445C3D24E0D98100D4FA5C /* MUHookMethodHelper.h */,
				04445C3E24E0D98100D4FA5C /* MUHookMethodHelper.m */,
			);
			path = "MUHookMethodHelper(交换方法)";
			sourceTree = "<group>";
		};
		04445C4724E0F55200D4FA5C /* UIScrollView(下拉刷新） */ = {
			isa = PBXGroup;
			children = (
				04445C4424E0F54300D4FA5C /* UIScrollView+Emm.h */,
				04445C4324E0F54300D4FA5C /* UIScrollView+Emm.m */,
			);
			path = "UIScrollView(下拉刷新）";
			sourceTree = "<group>";
		};
		04B085BD2500DA8000FB3554 /* NSString */ = {
			isa = PBXGroup;
			children = (
				04B085BE2500DACB00FB3554 /* NSString+Category.h */,
				04B085BF2500DACB00FB3554 /* NSString+Category.m */,
			);
			path = NSString;
			sourceTree = "<group>";
		};
		04C4AABB24E285E90092532B /* LYEmptyView(空白页) */ = {
			isa = PBXGroup;
			children = (
				04C4AAC024E285E90092532B /* LYEmptyBaseView.h */,
				04C4AABC24E285E90092532B /* LYEmptyBaseView.m */,
				04C4AABD24E285E90092532B /* LYEmptyView.h */,
				04C4AAC224E285EA0092532B /* LYEmptyView.m */,
				04C4AAC124E285E90092532B /* LYEmptyViewHeader.h */,
				04C4AAC424E285EA0092532B /* UIView+Empty.h */,
				04C4AABE24E285E90092532B /* UIView+Empty.m */,
				04C4AAC324E285EA0092532B /* UIView+LYExtension.h */,
				04C4AABF24E285E90092532B /* UIView+LYExtension.m */,
			);
			path = "LYEmptyView(空白页)";
			sourceTree = "<group>";
		};
		04EBCC4D24DD4434005D7D8C = {
			isa = PBXGroup;
			children = (
				04EBCC5824DD4434005D7D8C /* ToolDemo */,
				04EBCC7424DD4436005D7D8C /* ToolDemoTests */,
				04EBCC7F24DD4436005D7D8C /* ToolDemoUITests */,
				04EBCD7424DD45FB005D7D8C /* Tool */,
				04EBCD8124DD45FB005D7D8C /* ToolTests */,
				04EBCC5724DD4434005D7D8C /* Products */,
				BFE8B820541A94752B017FCB /* Pods */,
				7D4830A23E1A4DBEA5AA57B6 /* Frameworks */,
			);
			sourceTree = "<group>";
		};
		04EBCC5724DD4434005D7D8C /* Products */ = {
			isa = PBXGroup;
			children = (
				04EBCC5624DD4434005D7D8C /* ToolDemo.app */,
				04EBCC7124DD4436005D7D8C /* ToolDemoTests.xctest */,
				04EBCC7C24DD4436005D7D8C /* ToolDemoUITests.xctest */,
				04EBCD7324DD45FB005D7D8C /* Tool.framework */,
				04EBCD7B24DD45FB005D7D8C /* ToolTests.xctest */,
			);
			name = Products;
			sourceTree = "<group>";
		};
		04EBCC5824DD4434005D7D8C /* ToolDemo */ = {
			isa = PBXGroup;
			children = (
				734D81A5251106A6009834F7 /* cell */,
				734D819C25110643009834F7 /* 表情键盘 */,
				734D81912510EF36009834F7 /* SFAttributedString.h */,
				734D81902510EF36009834F7 /* SFAttributedString.m */,
				04EBCC5924DD4434005D7D8C /* AppDelegate.h */,
				04EBCC5A24DD4434005D7D8C /* AppDelegate.m */,
				04EBCC5F24DD4434005D7D8C /* ViewController.h */,
				04EBCC6024DD4434005D7D8C /* ViewController.m */,
				04EBCC6524DD4436005D7D8C /* Assets.xcassets */,
				04EBCC6724DD4436005D7D8C /* LaunchScreen.storyboard */,
				04EBCC6A24DD4436005D7D8C /* Info.plist */,
				04EBCC6B24DD4436005D7D8C /* main.m */,
			);
			path = ToolDemo;
			sourceTree = "<group>";
		};
		04EBCC7424DD4436005D7D8C /* ToolDemoTests */ = {
			isa = PBXGroup;
			children = (
				04EBCC7524DD4436005D7D8C /* ToolDemoTests.m */,
				04EBCC7724DD4436005D7D8C /* Info.plist */,
			);
			path = ToolDemoTests;
			sourceTree = "<group>";
		};
		04EBCC7F24DD4436005D7D8C /* ToolDemoUITests */ = {
			isa = PBXGroup;
			children = (
				04EBCC8024DD4436005D7D8C /* ToolDemoUITests.m */,
				04EBCC8224DD4436005D7D8C /* Info.plist */,
			);
			path = ToolDemoUITests;
			sourceTree = "<group>";
		};
		04EBCD7424DD45FB005D7D8C /* Tool */ = {
			isa = PBXGroup;
			children = (
				04EBCD9024DD4628005D7D8C /* Tool */,
				04EBCD7524DD45FB005D7D8C /* Tool.h */,
				04EBCD7624DD45FB005D7D8C /* Info.plist */,
			);
			path = Tool;
			sourceTree = "<group>";
		};
		04EBCD8124DD45FB005D7D8C /* ToolTests */ = {
			isa = PBXGroup;
			children = (
				04EBCD8224DD45FC005D7D8C /* ToolTests.m */,
				04EBCD8424DD45FC005D7D8C /* Info.plist */,
			);
			path = ToolTests;
			sourceTree = "<group>";
		};
		04EBCD9024DD4628005D7D8C /* Tool */ = {
			isa = PBXGroup;
			children = (
				73681464251257FE0026C6E7 /* UITableView+FDTemplateLayoutCell */,
				04269F7F24FCE67000CFD9D5 /* FTPopOverMenu */,
				04089EDA24ECB59E0044DD26 /* MBProgressHUD */,
				04EBCDA024DD4628005D7D8C /* Category */,
				0414BA9524EA2FA700EBE089 /* RKNotificationHub(小红点) */,
				04C4AABB24E285E90092532B /* LYEmptyView(空白页) */,
				04445C4124E0D98600D4FA5C /* MUHookMethodHelper(交换方法) */,
				04445C3224E0D84E00D4FA5C /* iconfont(字体图标) */,
				04EBCD9124DD4628005D7D8C /* FDFullscreenPopGesture(侧滑返回) */,
				04EBCD9D24DD4628005D7D8C /* WebViewController */,
				04EBCDB324DD4628005D7D8C /* WSDatePickerView */,
				04EBCDB624DD4628005D7D8C /* Networking */,
				04EBCDBA24DD4629005D7D8C /* ZZLimitInputManager(正则限制输入框) */,
				04EBCDBD24DD4629005D7D8C /* SPAlertController(仿原始AlertController) */,
				04EBCDC824DD4629005D7D8C /* GZCMulitiDelegate(多播代理) */,
				04EBCDCB24DD4629005D7D8C /* CWCarousel(轮播图) */,
				04EBCDD224DD4629005D7D8C /* BaseModel */,
				04EBCDF224DD4629005D7D8C /* ToolMacro.h */,
				04EBCDF324DD4629005D7D8C /* SPPageMenu(分页Page) */,
				04EBCDF624DD4629005D7D8C /* SortNameTool(首字母排序) */,
				041C5AB72507740A000670E7 /* TTGTagCollectionView(tag标签) */,
			);
			path = Tool;
			sourceTree = "<group>";
		};
		04EBCD9124DD4628005D7D8C /* FDFullscreenPopGesture(侧滑返回) */ = {
			isa = PBXGroup;
			children = (
				04EBCD9224DD4628005D7D8C /* UINavigationController+FDFullscreenPopGesture.h */,
				04EBCD9324DD4628005D7D8C /* UINavigationController+FDFullscreenPopGesture.m */,
			);
			path = "FDFullscreenPopGesture(侧滑返回)";
			sourceTree = "<group>";
		};
		04EBCD9D24DD4628005D7D8C /* WebViewController */ = {
			isa = PBXGroup;
			children = (
				04EBCD9E24DD4628005D7D8C /* MHWebViewController.m */,
				04EBCD9F24DD4628005D7D8C /* MHWebViewController.h */,
			);
			path = WebViewController;
			sourceTree = "<group>";
		};
		04EBCDA024DD4628005D7D8C /* Category */ = {
			isa = PBXGroup;
			children = (
				734D81972510F7D6009834F7 /* NSMutableAttributedString */,
				0483C27224EF5B2A005BFD32 /* NullSafe.m */,
				04B085BD2500DA8000FB3554 /* NSString */,
				0414BA9B24EA51F700EBE089 /* UIButton+Category */,
				0414BA9624EA509C00EBE089 /* UILabel+Category */,
				04445C4724E0F55200D4FA5C /* UIScrollView(下拉刷新） */,
				04EBCDA124DD4628005D7D8C /* NSDate+Extension */,
				04EBCDA424DD4628005D7D8C /* UITextView+Placeholder */,
				04EBCDA724DD4628005D7D8C /* UIView+Category */,
				04EBCDAA24DD4628005D7D8C /* NSDecimalNumber+Addtion(精确计算) */,
				04EBCDAD24DD4628005D7D8C /* NSDictionary+LSCore */,
				04EBCDB024DD4628005D7D8C /* UIImage+MUColor */,
			);
			path = Category;
			sourceTree = "<group>";
		};
		04EBCDA124DD4628005D7D8C /* NSDate+Extension */ = {
			isa = PBXGroup;
			children = (
				04EBCDA224DD4628005D7D8C /* NSDate+Extension.h */,
				04EBCDA324DD4628005D7D8C /* NSDate+Extension.m */,
			);
			path = "NSDate+Extension";
			sourceTree = "<group>";
		};
		04EBCDA424DD4628005D7D8C /* UITextView+Placeholder */ = {
			isa = PBXGroup;
			children = (
				04EBCDA524DD4628005D7D8C /* UITextView+Placeholder.m */,
				04EBCDA624DD4628005D7D8C /* UITextView+Placeholder.h */,
			);
			path = "UITextView+Placeholder";
			sourceTree = "<group>";
		};
		04EBCDA724DD4628005D7D8C /* UIView+Category */ = {
			isa = PBXGroup;
			children = (
				04EBCDA924DD4628005D7D8C /* UIView+Category.h */,
				04EBCDA824DD4628005D7D8C /* UIView+Category.m */,
			);
			path = "UIView+Category";
			sourceTree = "<group>";
		};
		04EBCDAA24DD4628005D7D8C /* NSDecimalNumber+Addtion(精确计算) */ = {
			isa = PBXGroup;
			children = (
				04EBCDAB24DD4628005D7D8C /* NSDecimalNumber+Addtion.h */,
				04EBCDAC24DD4628005D7D8C /* NSDecimalNumber+Addtion.m */,
			);
			path = "NSDecimalNumber+Addtion(精确计算)";
			sourceTree = "<group>";
		};
		04EBCDAD24DD4628005D7D8C /* NSDictionary+LSCore */ = {
			isa = PBXGroup;
			children = (
				04EBCDAE24DD4628005D7D8C /* NSDictionary+LSCore.m */,
				04EBCDAF24DD4628005D7D8C /* NSDictionary+LSCore.h */,
			);
			path = "NSDictionary+LSCore";
			sourceTree = "<group>";
		};
		04EBCDB024DD4628005D7D8C /* UIImage+MUColor */ = {
			isa = PBXGroup;
			children = (
				04EBCDB124DD4628005D7D8C /* UIImage+MUColor.m */,
				04EBCDB224DD4628005D7D8C /* UIImage+MUColor.h */,
			);
			path = "UIImage+MUColor";
			sourceTree = "<group>";
		};
		04EBCDB324DD4628005D7D8C /* WSDatePickerView */ = {
			isa = PBXGroup;
			children = (
				04EBCDB424DD4628005D7D8C /* WSDatePickerView.h */,
				04EBCDB524DD4628005D7D8C /* WSDatePickerView.m */,
			);
			path = WSDatePickerView;
			sourceTree = "<group>";
		};
		04EBCDB624DD4628005D7D8C /* Networking */ = {
			isa = PBXGroup;
			children = (
				04EBCDB724DD4629005D7D8C /* MHHTTPSessionManager.h */,
				04EBCDB924DD4629005D7D8C /* MHHTTPSessionManager.m */,
			);
			path = Networking;
			sourceTree = "<group>";
		};
		04EBCDBA24DD4629005D7D8C /* ZZLimitInputManager(正则限制输入框) */ = {
			isa = PBXGroup;
			children = (
				04EBCDBC24DD4629005D7D8C /* ZZLimitInputManager.h */,
				04EBCDBB24DD4629005D7D8C /* ZZLimitInputManager.m */,
			);
			path = "ZZLimitInputManager(正则限制输入框)";
			sourceTree = "<group>";
		};
		04EBCDBD24DD4629005D7D8C /* SPAlertController(仿原始AlertController) */ = {
			isa = PBXGroup;
			children = (
				04269F7524FCC11C00CFD9D5 /* SPAlertController.h */,
				04269F7624FCC11C00CFD9D5 /* SPAlertController.m */,
			);
			path = "SPAlertController(仿原始AlertController)";
			sourceTree = "<group>";
		};
		04EBCDC824DD4629005D7D8C /* GZCMulitiDelegate(多播代理) */ = {
			isa = PBXGroup;
			children = (
				04EBCDC924DD4629005D7D8C /* GZCMulitiDelegate.m */,
				04EBCDCA24DD4629005D7D8C /* GZCMulitiDelegate.h */,
			);
			path = "GZCMulitiDelegate(多播代理)";
			sourceTree = "<group>";
		};
		04EBCDCB24DD4629005D7D8C /* CWCarousel(轮播图) */ = {
			isa = PBXGroup;
			children = (
				04EBCDD024DD4629005D7D8C /* CWCarousel.h */,
				04EBCDCC24DD4629005D7D8C /* CWCarousel.m */,
				04EBCDD124DD4629005D7D8C /* CWFlowLayout.h */,
				04EBCDCE24DD4629005D7D8C /* CWFlowLayout.m */,
			);
			path = "CWCarousel(轮播图)";
			sourceTree = "<group>";
		};
		04EBCDD224DD4629005D7D8C /* BaseModel */ = {
			isa = PBXGroup;
			children = (
				04EBCDD424DD4629005D7D8C /* MHBaseModel.h */,
				04EBCDD324DD4629005D7D8C /* MHBaseModel.m */,
			);
			path = BaseModel;
			sourceTree = "<group>";
		};
		04EBCDF324DD4629005D7D8C /* SPPageMenu(分页Page) */ = {
			isa = PBXGroup;
			children = (
				04EBCDF524DD4629005D7D8C /* SPPageMenu.h */,
				04EBCDF424DD4629005D7D8C /* SPPageMenu.m */,
			);
			path = "SPPageMenu(分页Page)";
			sourceTree = "<group>";
		};
		04EBCDF624DD4629005D7D8C /* SortNameTool(首字母排序) */ = {
			isa = PBXGroup;
			children = (
				04EBCDF824DD4629005D7D8C /* SortNameTool.h */,
				04EBCDF724DD4629005D7D8C /* SortNameTool.m */,
			);
			path = "SortNameTool(首字母排序)";
			sourceTree = "<group>";
		};
		734D81972510F7D6009834F7 /* NSMutableAttributedString */ = {
			isa = PBXGroup;
			children = (
				734D81982510F811009834F7 /* NSMutableAttributedString+SCRAttributedStringBuilder.h */,
				734D81992510F811009834F7 /* NSMutableAttributedString+SCRAttributedStringBuilder.m */,
			);
			path = NSMutableAttributedString;
			sourceTree = "<group>";
		};
		734D819C25110643009834F7 /* 表情键盘 */ = {
			isa = PBXGroup;
			children = (
				734D81A125110679009834F7 /* emoji keyboard */,
				734D81A225110679009834F7 /* input bar */,
			);
			path = "表情键盘";
			sourceTree = "<group>";
		};
		734D81A5251106A6009834F7 /* cell */ = {
			isa = PBXGroup;
			children = (
				7355DB2F250F909D000CF840 /* TestTableViewCell.h */,
				7355DB30250F909D000CF840 /* TestTableViewCell.m */,
				7355DB31250F909D000CF840 /* TestTableViewCell.xib */,
				7355DB34250F9134000CF840 /* TestTableViewCell1.h */,
				7355DB35250F9134000CF840 /* TestTableViewCell1.m */,
			);
			path = cell;
			sourceTree = "<group>";
		};
		73681464251257FE0026C6E7 /* UITableView+FDTemplateLayoutCell */ = {
			isa = PBXGroup;
			children = (
				73681466251258180026C6E7 /* UITableView+FDIndexPathHeightCache.h */,
				73681468251258180026C6E7 /* UITableView+FDIndexPathHeightCache.m */,
				7368146B251258180026C6E7 /* UITableView+FDKeyedHeightCache.h */,
				7368146A251258180026C6E7 /* UITableView+FDKeyedHeightCache.m */,
				7368146C251258180026C6E7 /* UITableView+FDTemplateLayoutCell.h */,
				73681465251258180026C6E7 /* UITableView+FDTemplateLayoutCell.m */,
				73681467251258180026C6E7 /* UITableView+FDTemplateLayoutCellDebug.h */,
				73681469251258180026C6E7 /* UITableView+FDTemplateLayoutCellDebug.m */,
			);
			path = "UITableView+FDTemplateLayoutCell";
			sourceTree = "<group>";
		};
		7D4830A23E1A4DBEA5AA57B6 /* Frameworks */ = {
			isa = PBXGroup;
			children = (
				C0B31E198B12B549366BC1F8 /* Pods_Tool.framework */,
				F1D1D7E67C9F2FDA51D0218F /* Pods_ToolDemo.framework */,
			);
			name = Frameworks;
			sourceTree = "<group>";
		};
		BFE8B820541A94752B017FCB /* Pods */ = {
			isa = PBXGroup;
			children = (
				846C32F4E6A339A32B57F53C /* Pods-Tool.debug.xcconfig */,
				9C3922DE94D3C4CECBA408A6 /* Pods-Tool.release.xcconfig */,
				07D0A9888F1988F690CD6EE6 /* Pods-ToolDemo.debug.xcconfig */,
				8B5640E6AF4AB4B43302D994 /* Pods-ToolDemo.release.xcconfig */,
			);
			path = Pods;
			sourceTree = "<group>";
		};
/* End PBXGroup section */

/* Begin PBXHeadersBuildPhase section */
		04EBCD6E24DD45FB005D7D8C /* Headers */ = {
			isa = PBXHeadersBuildPhase;
			buildActionMask = 2147483647;
			files = (
				04EBCE2824DD4629005D7D8C /* CWFlowLayout.h in Headers */,
				04EBCE0E24DD4629005D7D8C /* NSDictionary+LSCore.h in Headers */,
				04EBCDF924DD4629005D7D8C /* UINavigationController+FDFullscreenPopGesture.h in Headers */,
				04EBCE0A24DD4629005D7D8C /* UIView+Category.h in Headers */,
				04EBCE2224DD4629005D7D8C /* GZCMulitiDelegate.h in Headers */,
				04EBCE1024DD4629005D7D8C /* UIImage+MUColor.h in Headers */,
				04EBCE1124DD4629005D7D8C /* WSDatePickerView.h in Headers */,
				04EBCE0B24DD4629005D7D8C /* NSDecimalNumber+Addtion.h in Headers */,
				04EBCE1724DD4629005D7D8C /* ZZLimitInputManager.h in Headers */,
				04EBCE0424DD4629005D7D8C /* MHWebViewController.h in Headers */,
				04EBCE4524DD4629005D7D8C /* SortNameTool.h in Headers */,
				04269F7724FCC11C00CFD9D5 /* SPAlertController.h in Headers */,
				04EBCE4324DD4629005D7D8C /* SPPageMenu.h in Headers */,
				04EBCE2A24DD4629005D7D8C /* MHBaseModel.h in Headers */,
				04EBCE2724DD4629005D7D8C /* CWCarousel.h in Headers */,
				04EBCE0824DD4629005D7D8C /* UITextView+Placeholder.h in Headers */,
				04EBCE4124DD4629005D7D8C /* ToolMacro.h in Headers */,
				04445C3B24E0D84E00D4FA5C /* TBCityIconInfo.h in Headers */,
				04445C3C24E0D84E00D4FA5C /* TBCityIconFont.h in Headers */,
				04445C3F24E0D98100D4FA5C /* MUHookMethodHelper.h in Headers */,
				04EBCE1324DD4629005D7D8C /* MHHTTPSessionManager.h in Headers */,
				04445C4624E0F54300D4FA5C /* UIScrollView+Emm.h in Headers */,
				04EBCE0524DD4629005D7D8C /* NSDate+Extension.h in Headers */,
				04C4AAC924E285EA0092532B /* LYEmptyBaseView.h in Headers */,
				04C4AACD24E285EA0092532B /* UIView+Empty.h in Headers */,
				04C4AACC24E285EA0092532B /* UIView+LYExtension.h in Headers */,
				04C4AAC624E285EA0092532B /* LYEmptyView.h in Headers */,
				0414BA9924EA50D200EBE089 /* UILabel+topString.h in Headers */,
				0414BA9E24EA523700EBE089 /* UIButton+Category.h in Headers */,
				04C4AACA24E285EA0092532B /* LYEmptyViewHeader.h in Headers */,
				0414BA9324EA2F9F00EBE089 /* RKNotificationHub.h in Headers */,
				04089EE124ECB59E0044DD26 /* MBProgressHUD.h in Headers */,
				04269F8224FCE67000CFD9D5 /* FTPopOverMenu.h in Headers */,
				041C5ABC2507740B000670E7 /* TTGTagCollectionView.h in Headers */,
				041C5ABD2507740B000670E7 /* TTGTextTagCollectionView.h in Headers */,
				73681473251258180026C6E7 /* UITableView+FDKeyedHeightCache.h in Headers */,
				7368146E251258180026C6E7 /* UITableView+FDIndexPathHeightCache.h in Headers */,
				73681474251258180026C6E7 /* UITableView+FDTemplateLayoutCell.h in Headers */,
				7368146F251258180026C6E7 /* UITableView+FDTemplateLayoutCellDebug.h in Headers */,
				04089EE224ECB59E0044DD26 /* MBProgressHUD+Add.h in Headers */,
				734D819A2510F811009834F7 /* NSMutableAttributedString+SCRAttributedStringBuilder.h in Headers */,
				04B085C02500DACB00FB3554 /* NSString+Category.h in Headers */,
				04EBCD8524DD45FC005D7D8C /* Tool.h in Headers */,
			);
			runOnlyForDeploymentPostprocessing = 0;
		};
/* End PBXHeadersBuildPhase section */

/* Begin PBXNativeTarget section */
		04EBCC5524DD4434005D7D8C /* ToolDemo */ = {
			isa = PBXNativeTarget;
			buildConfigurationList = 04EBCC8524DD4436005D7D8C /* Build configuration list for PBXNativeTarget "ToolDemo" */;
			buildPhases = (
				A8BA5E1E8B54FFAB293EAAE5 /* [CP] Check Pods Manifest.lock */,
				04EBCC5224DD4434005D7D8C /* Sources */,
				04EBCC5324DD4434005D7D8C /* Frameworks */,
				04EBCC5424DD4434005D7D8C /* Resources */,
				CCDD1AB58CEE049A9D96FC1B /* [CP] Embed Pods Frameworks */,
				04445C7824E1356A00D4FA5C /* Embed Frameworks */,
			);
			buildRules = (
			);
			dependencies = (
				04445C7324E1353500D4FA5C /* PBXTargetDependency */,
			);
			name = ToolDemo;
			productName = ToolDemo;
			productReference = 04EBCC5624DD4434005D7D8C /* ToolDemo.app */;
			productType = "com.apple.product-type.application";
		};
		04EBCC7024DD4436005D7D8C /* ToolDemoTests */ = {
			isa = PBXNativeTarget;
			buildConfigurationList = 04EBCC8824DD4436005D7D8C /* Build configuration list for PBXNativeTarget "ToolDemoTests" */;
			buildPhases = (
				04EBCC6D24DD4436005D7D8C /* Sources */,
				04EBCC6E24DD4436005D7D8C /* Frameworks */,
				04EBCC6F24DD4436005D7D8C /* Resources */,
			);
			buildRules = (
			);
			dependencies = (
				04EBCC7324DD4436005D7D8C /* PBXTargetDependency */,
			);
			name = ToolDemoTests;
			productName = ToolDemoTests;
			productReference = 04EBCC7124DD4436005D7D8C /* ToolDemoTests.xctest */;
			productType = "com.apple.product-type.bundle.unit-test";
		};
		04EBCC7B24DD4436005D7D8C /* ToolDemoUITests */ = {
			isa = PBXNativeTarget;
			buildConfigurationList = 04EBCC8B24DD4436005D7D8C /* Build configuration list for PBXNativeTarget "ToolDemoUITests" */;
			buildPhases = (
				04EBCC7824DD4436005D7D8C /* Sources */,
				04EBCC7924DD4436005D7D8C /* Frameworks */,
				04EBCC7A24DD4436005D7D8C /* Resources */,
			);
			buildRules = (
			);
			dependencies = (
				04EBCC7E24DD4436005D7D8C /* PBXTargetDependency */,
			);
			name = ToolDemoUITests;
			productName = ToolDemoUITests;
			productReference = 04EBCC7C24DD4436005D7D8C /* ToolDemoUITests.xctest */;
			productType = "com.apple.product-type.bundle.ui-testing";
		};
		04EBCD7224DD45FB005D7D8C /* Tool */ = {
			isa = PBXNativeTarget;
			buildConfigurationList = 04EBCD8A24DD45FC005D7D8C /* Build configuration list for PBXNativeTarget "Tool" */;
			buildPhases = (
				F198935D58886A597DB77E10 /* [CP] Check Pods Manifest.lock */,
				04EBCD6E24DD45FB005D7D8C /* Headers */,
				04EBCD6F24DD45FB005D7D8C /* Sources */,
				04EBCD7024DD45FB005D7D8C /* Frameworks */,
				04EBCD7124DD45FB005D7D8C /* Resources */,
				04AE7EA124DD526400A94C6D /* ShellScript */,
			);
			buildRules = (
			);
			dependencies = (
			);
			name = Tool;
			productName = Tool;
			productReference = 04EBCD7324DD45FB005D7D8C /* Tool.framework */;
			productType = "com.apple.product-type.framework";
		};
		04EBCD7A24DD45FB005D7D8C /* ToolTests */ = {
			isa = PBXNativeTarget;
			buildConfigurationList = 04EBCD8D24DD45FC005D7D8C /* Build configuration list for PBXNativeTarget "ToolTests" */;
			buildPhases = (
				04EBCD7724DD45FB005D7D8C /* Sources */,
				04EBCD7824DD45FB005D7D8C /* Frameworks */,
				04EBCD7924DD45FB005D7D8C /* Resources */,
			);
			buildRules = (
			);
			dependencies = (
				04EBCD7E24DD45FB005D7D8C /* PBXTargetDependency */,
				04EBCD8024DD45FB005D7D8C /* PBXTargetDependency */,
			);
			name = ToolTests;
			productName = ToolTests;
			productReference = 04EBCD7B24DD45FB005D7D8C /* ToolTests.xctest */;
			productType = "com.apple.product-type.bundle.unit-test";
		};
/* End PBXNativeTarget section */

/* Begin PBXProject section */
		04EBCC4E24DD4434005D7D8C /* Project object */ = {
			isa = PBXProject;
			attributes = {
				LastUpgradeCheck = 1160;
				ORGANIZATIONNAME = Mac;
				TargetAttributes = {
					04EBCC5524DD4434005D7D8C = {
						CreatedOnToolsVersion = 11.6;
					};
					04EBCC7024DD4436005D7D8C = {
						CreatedOnToolsVersion = 11.6;
						TestTargetID = 04EBCC5524DD4434005D7D8C;
					};
					04EBCC7B24DD4436005D7D8C = {
						CreatedOnToolsVersion = 11.6;
						TestTargetID = 04EBCC5524DD4434005D7D8C;
					};
					04EBCD7224DD45FB005D7D8C = {
						CreatedOnToolsVersion = 11.6;
					};
					04EBCD7A24DD45FB005D7D8C = {
						CreatedOnToolsVersion = 11.6;
						TestTargetID = 04EBCC5524DD4434005D7D8C;
					};
				};
			};
			buildConfigurationList = 04EBCC5124DD4434005D7D8C /* Build configuration list for PBXProject "ToolDemo" */;
			compatibilityVersion = "Xcode 9.3";
			developmentRegion = en;
			hasScannedForEncodings = 0;
			knownRegions = (
				en,
				Base,
			);
			mainGroup = 04EBCC4D24DD4434005D7D8C;
			productRefGroup = 04EBCC5724DD4434005D7D8C /* Products */;
			projectDirPath = "";
			projectRoot = "";
			targets = (
				04EBCC5524DD4434005D7D8C /* ToolDemo */,
				04EBCC7024DD4436005D7D8C /* ToolDemoTests */,
				04EBCC7B24DD4436005D7D8C /* ToolDemoUITests */,
				04EBCD7224DD45FB005D7D8C /* Tool */,
				04EBCD7A24DD45FB005D7D8C /* ToolTests */,
			);
		};
/* End PBXProject section */

/* Begin PBXResourcesBuildPhase section */
		04EBCC5424DD4434005D7D8C /* Resources */ = {
			isa = PBXResourcesBuildPhase;
			buildActionMask = 2147483647;
			files = (
				734D81A425110679009834F7 /* input bar in Resources */,
				7355DB33250F909D000CF840 /* TestTableViewCell.xib in Resources */,
				04EBCC6924DD4436005D7D8C /* LaunchScreen.storyboard in Resources */,
				04EBCC6624DD4436005D7D8C /* Assets.xcassets in Resources */,
				734D81A325110679009834F7 /* emoji keyboard in Resources */,
			);
			runOnlyForDeploymentPostprocessing = 0;
		};
		04EBCC6F24DD4436005D7D8C /* Resources */ = {
			isa = PBXResourcesBuildPhase;
			buildActionMask = 2147483647;
			files = (
			);
			runOnlyForDeploymentPostprocessing = 0;
		};
		04EBCC7A24DD4436005D7D8C /* Resources */ = {
			isa = PBXResourcesBuildPhase;
			buildActionMask = 2147483647;
			files = (
			);
			runOnlyForDeploymentPostprocessing = 0;
		};
		04EBCD7124DD45FB005D7D8C /* Resources */ = {
			isa = PBXResourcesBuildPhase;
			buildActionMask = 2147483647;
			files = (
			);
			runOnlyForDeploymentPostprocessing = 0;
		};
		04EBCD7924DD45FB005D7D8C /* Resources */ = {
			isa = PBXResourcesBuildPhase;
			buildActionMask = 2147483647;
			files = (
			);
			runOnlyForDeploymentPostprocessing = 0;
		};
/* End PBXResourcesBuildPhase section */

/* Begin PBXShellScriptBuildPhase section */
		04AE7EA124DD526400A94C6D /* ShellScript */ = {
			isa = PBXShellScriptBuildPhase;
			buildActionMask = 2147483647;
			files = (
			);
			inputFileListPaths = (
			);
			inputPaths = (
			);
			outputFileListPaths = (
			);
			outputPaths = (
			);
			runOnlyForDeploymentPostprocessing = 0;
			shellPath = /bin/sh;
			shellScript = "TARGETS_NAME=Tool\n\n\n\nINSTALL_DIR=${SRCROOT}/framework/${TARGETS_NAME}.framework\n\nDEVICE_DIR=${BUILD_ROOT}/${CONFIGURATION}-iphoneos/${TARGETS_NAME}.framework\n\nSIMULATOR_DIR=${BUILD_ROOT}/${CONFIGURATION}-iphonesimulator/${TARGETS_NAME}.framework\n\n\nif [ -d \"${INSTALL_DIR}\" ]\nthen\nrm -rf \"${INSTALL_DIR}\"\nfi\n\n\n\nmkdir -p \"${INSTALL_DIR}\"\n\n\n\n\ncp -R \"${DEVICE_DIR}/\" \"${INSTALL_DIR}/\"\n#ditto \"${DEVICE_DIR}/Headers\" \"${INSTALL_DIR}/Headers\"\n\nlipo -create \"${DEVICE_DIR}/${TARGETS_NAME}\" \"${SIMULATOR_DIR}/${TARGETS_NAME}\" -output \"${INSTALL_DIR}/${TARGETS_NAME}\"\n\n#open \"${DEVICE_DIR}\"\n#open \"${SRCROOT}/\"\n\n";
		};
		A8BA5E1E8B54FFAB293EAAE5 /* [CP] Check Pods Manifest.lock */ = {
			isa = PBXShellScriptBuildPhase;
			buildActionMask = 2147483647;
			files = (
			);
			inputFileListPaths = (
			);
			inputPaths = (
				"${PODS_PODFILE_DIR_PATH}/Podfile.lock",
				"${PODS_ROOT}/Manifest.lock",
			);
			name = "[CP] Check Pods Manifest.lock";
			outputFileListPaths = (
			);
			outputPaths = (
				"$(DERIVED_FILE_DIR)/Pods-ToolDemo-checkManifestLockResult.txt",
			);
			runOnlyForDeploymentPostprocessing = 0;
			shellPath = /bin/sh;
			shellScript = "diff \"${PODS_PODFILE_DIR_PATH}/Podfile.lock\" \"${PODS_ROOT}/Manifest.lock\" > /dev/null\nif [ $? != 0 ] ; then\n    # print error to STDERR\n    echo \"error: The sandbox is not in sync with the Podfile.lock. Run 'pod install' or update your CocoaPods installation.\" >&2\n    exit 1\nfi\n# This output is used by Xcode 'outputs' to avoid re-running this script phase.\necho \"SUCCESS\" > \"${SCRIPT_OUTPUT_FILE_0}\"\n";
			showEnvVarsInLog = 0;
		};
		CCDD1AB58CEE049A9D96FC1B /* [CP] Embed Pods Frameworks */ = {
			isa = PBXShellScriptBuildPhase;
			buildActionMask = 2147483647;
			files = (
			);
			inputFileListPaths = (
				"${PODS_ROOT}/Target Support Files/Pods-ToolDemo/Pods-ToolDemo-frameworks-${CONFIGURATION}-input-files.xcfilelist",
			);
			name = "[CP] Embed Pods Frameworks";
			outputFileListPaths = (
				"${PODS_ROOT}/Target Support Files/Pods-ToolDemo/Pods-ToolDemo-frameworks-${CONFIGURATION}-output-files.xcfilelist",
			);
			runOnlyForDeploymentPostprocessing = 0;
			shellPath = /bin/sh;
			shellScript = "\"${PODS_ROOT}/Target Support Files/Pods-ToolDemo/Pods-ToolDemo-frameworks.sh\"\n";
			showEnvVarsInLog = 0;
		};
		F198935D58886A597DB77E10 /* [CP] Check Pods Manifest.lock */ = {
			isa = PBXShellScriptBuildPhase;
			buildActionMask = 2147483647;
			files = (
			);
			inputFileListPaths = (
			);
			inputPaths = (
				"${PODS_PODFILE_DIR_PATH}/Podfile.lock",
				"${PODS_ROOT}/Manifest.lock",
			);
			name = "[CP] Check Pods Manifest.lock";
			outputFileListPaths = (
			);
			outputPaths = (
				"$(DERIVED_FILE_DIR)/Pods-Tool-checkManifestLockResult.txt",
			);
			runOnlyForDeploymentPostprocessing = 0;
			shellPath = /bin/sh;
			shellScript = "diff \"${PODS_PODFILE_DIR_PATH}/Podfile.lock\" \"${PODS_ROOT}/Manifest.lock\" > /dev/null\nif [ $? != 0 ] ; then\n    # print error to STDERR\n    echo \"error: The sandbox is not in sync with the Podfile.lock. Run 'pod install' or update your CocoaPods installation.\" >&2\n    exit 1\nfi\n# This output is used by Xcode 'outputs' to avoid re-running this script phase.\necho \"SUCCESS\" > \"${SCRIPT_OUTPUT_FILE_0}\"\n";
			showEnvVarsInLog = 0;
		};
/* End PBXShellScriptBuildPhase section */

/* Begin PBXSourcesBuildPhase section */
		04EBCC5224DD4434005D7D8C /* Sources */ = {
			isa = PBXSourcesBuildPhase;
			buildActionMask = 2147483647;
			files = (
				7355DB36250F9134000CF840 /* TestTableViewCell1.m in Sources */,
				734D81922510EF36009834F7 /* SFAttributedString.m in Sources */,
				04EBCC6124DD4434005D7D8C /* ViewController.m in Sources */,
				7355DB32250F909D000CF840 /* TestTableViewCell.m in Sources */,
				04EBCC5B24DD4434005D7D8C /* AppDelegate.m in Sources */,
				04EBCC6C24DD4436005D7D8C /* main.m in Sources */,
			);
			runOnlyForDeploymentPostprocessing = 0;
		};
		04EBCC6D24DD4436005D7D8C /* Sources */ = {
			isa = PBXSourcesBuildPhase;
			buildActionMask = 2147483647;
			files = (
				04EBCC7624DD4436005D7D8C /* ToolDemoTests.m in Sources */,
			);
			runOnlyForDeploymentPostprocessing = 0;
		};
		04EBCC7824DD4436005D7D8C /* Sources */ = {
			isa = PBXSourcesBuildPhase;
			buildActionMask = 2147483647;
			files = (
				04EBCC8124DD4436005D7D8C /* ToolDemoUITests.m in Sources */,
			);
			runOnlyForDeploymentPostprocessing = 0;
		};
		04EBCD6F24DD45FB005D7D8C /* Sources */ = {
			isa = PBXSourcesBuildPhase;
			buildActionMask = 2147483647;
			files = (
				04445C4224E0E82A00D4FA5C /* UIImage+MUColor.m in Sources */,
				04445C4524E0F54300D4FA5C /* UIScrollView+Emm.m in Sources */,
				04EBCE4224DD4629005D7D8C /* SPPageMenu.m in Sources */,
				04EBCE0C24DD4629005D7D8C /* NSDecimalNumber+Addtion.m in Sources */,
				734D819B2510F811009834F7 /* NSMutableAttributedString+SCRAttributedStringBuilder.m in Sources */,
				04EBCE1224DD4629005D7D8C /* WSDatePickerView.m in Sources */,
				04445C3824E0D84E00D4FA5C /* TBCityIconFont.m in Sources */,
				04EBCE1624DD4629005D7D8C /* ZZLimitInputManager.m in Sources */,
				04089EDF24ECB59E0044DD26 /* MBProgressHUD.m in Sources */,
				04C4AACB24E285EA0092532B /* LYEmptyView.m in Sources */,
				04EBCE0724DD4629005D7D8C /* UITextView+Placeholder.m in Sources */,
				04C4AAC524E285EA0092532B /* LYEmptyBaseView.m in Sources */,
				73681470251258180026C6E7 /* UITableView+FDIndexPathHeightCache.m in Sources */,
				04EBCE2524DD4629005D7D8C /* CWFlowLayout.m in Sources */,
				04EBCE0D24DD4629005D7D8C /* NSDictionary+LSCore.m in Sources */,
				04269F7824FCC11C00CFD9D5 /* SPAlertController.m in Sources */,
				04C4AAC724E285EA0092532B /* UIView+Empty.m in Sources */,
				73681471251258180026C6E7 /* UITableView+FDTemplateLayoutCellDebug.m in Sources */,
				04C4AAC824E285EA0092532B /* UIView+LYExtension.m in Sources */,
				04EBCE1524DD4629005D7D8C /* MHHTTPSessionManager.m in Sources */,
				0414BA9F24EA523700EBE089 /* UIButton+Category.m in Sources */,
				7368146D251258180026C6E7 /* UITableView+FDTemplateLayoutCell.m in Sources */,
				04EBCE0624DD4629005D7D8C /* NSDate+Extension.m in Sources */,
				0414BA9A24EA50D200EBE089 /* UILabel+topString.m in Sources */,
				04EBCE4424DD4629005D7D8C /* SortNameTool.m in Sources */,
				04445C4024E0D98100D4FA5C /* MUHookMethodHelper.m in Sources */,
				04EBCE2924DD4629005D7D8C /* MHBaseModel.m in Sources */,
				0414BA9424EA2F9F00EBE089 /* RKNotificationHub.m in Sources */,
				04EBCE2124DD4629005D7D8C /* GZCMulitiDelegate.m in Sources */,
				04445C3924E0D84E00D4FA5C /* TBCityIconInfo.m in Sources */,
				041C5ABE2507740B000670E7 /* TTGTagCollectionView.m in Sources */,
				04EBCDFA24DD4629005D7D8C /* UINavigationController+FDFullscreenPopGesture.m in Sources */,
				73681472251258180026C6E7 /* UITableView+FDKeyedHeightCache.m in Sources */,
				04089EE024ECB59E0044DD26 /* MBProgressHUD+Add.m in Sources */,
				04EBCE0924DD4629005D7D8C /* UIView+Category.m in Sources */,
				04269F8324FCE67000CFD9D5 /* FTPopOverMenu.m in Sources */,
				04EBCE0324DD4629005D7D8C /* MHWebViewController.m in Sources */,
				041C5ABF2507740B000670E7 /* TTGTextTagCollectionView.m in Sources */,
				04B085C12500DACB00FB3554 /* NSString+Category.m in Sources */,
				04EBCE2324DD4629005D7D8C /* CWCarousel.m in Sources */,
				0483C27324EF5B2A005BFD32 /* NullSafe.m in Sources */,
			);
			runOnlyForDeploymentPostprocessing = 0;
		};
		04EBCD7724DD45FB005D7D8C /* Sources */ = {
			isa = PBXSourcesBuildPhase;
			buildActionMask = 2147483647;
			files = (
				04EBCD8324DD45FC005D7D8C /* ToolTests.m in Sources */,
			);
			runOnlyForDeploymentPostprocessing = 0;
		};
/* End PBXSourcesBuildPhase section */

/* Begin PBXTargetDependency section */
		04445C7324E1353500D4FA5C /* PBXTargetDependency */ = {
			isa = PBXTargetDependency;
			target = 04EBCD7224DD45FB005D7D8C /* Tool */;
			targetProxy = 04445C7224E1353500D4FA5C /* PBXContainerItemProxy */;
		};
		04EBCC7324DD4436005D7D8C /* PBXTargetDependency */ = {
			isa = PBXTargetDependency;
			target = 04EBCC5524DD4434005D7D8C /* ToolDemo */;
			targetProxy = 04EBCC7224DD4436005D7D8C /* PBXContainerItemProxy */;
		};
		04EBCC7E24DD4436005D7D8C /* PBXTargetDependency */ = {
			isa = PBXTargetDependency;
			target = 04EBCC5524DD4434005D7D8C /* ToolDemo */;
			targetProxy = 04EBCC7D24DD4436005D7D8C /* PBXContainerItemProxy */;
		};
		04EBCD7E24DD45FB005D7D8C /* PBXTargetDependency */ = {
			isa = PBXTargetDependency;
			target = 04EBCD7224DD45FB005D7D8C /* Tool */;
			targetProxy = 04EBCD7D24DD45FB005D7D8C /* PBXContainerItemProxy */;
		};
		04EBCD8024DD45FB005D7D8C /* PBXTargetDependency */ = {
			isa = PBXTargetDependency;
			target = 04EBCC5524DD4434005D7D8C /* ToolDemo */;
			targetProxy = 04EBCD7F24DD45FB005D7D8C /* PBXContainerItemProxy */;
		};
/* End PBXTargetDependency section */

/* Begin PBXVariantGroup section */
		04EBCC6724DD4436005D7D8C /* LaunchScreen.storyboard */ = {
			isa = PBXVariantGroup;
			children = (
				04EBCC6824DD4436005D7D8C /* Base */,
			);
			name = LaunchScreen.storyboard;
			sourceTree = "<group>";
		};
/* End PBXVariantGroup section */

/* Begin XCBuildConfiguration section */
		04EBCC8324DD4436005D7D8C /* Debug */ = {
			isa = XCBuildConfiguration;
			buildSettings = {
				ALWAYS_SEARCH_USER_PATHS = NO;
				CLANG_ANALYZER_NONNULL = YES;
				CLANG_ANALYZER_NUMBER_OBJECT_CONVERSION = YES_AGGRESSIVE;
				CLANG_CXX_LANGUAGE_STANDARD = "gnu++14";
				CLANG_CXX_LIBRARY = "libc++";
				CLANG_ENABLE_MODULES = YES;
				CLANG_ENABLE_OBJC_ARC = YES;
				CLANG_ENABLE_OBJC_WEAK = YES;
				CLANG_WARN_BLOCK_CAPTURE_AUTORELEASING = YES;
				CLANG_WARN_BOOL_CONVERSION = YES;
				CLANG_WARN_COMMA = YES;
				CLANG_WARN_CONSTANT_CONVERSION = YES;
				CLANG_WARN_DEPRECATED_OBJC_IMPLEMENTATIONS = YES;
				CLANG_WARN_DIRECT_OBJC_ISA_USAGE = YES_ERROR;
				CLANG_WARN_DOCUMENTATION_COMMENTS = YES;
				CLANG_WARN_EMPTY_BODY = YES;
				CLANG_WARN_ENUM_CONVERSION = YES;
				CLANG_WARN_INFINITE_RECURSION = YES;
				CLANG_WARN_INT_CONVERSION = YES;
				CLANG_WARN_NON_LITERAL_NULL_CONVERSION = YES;
				CLANG_WARN_OBJC_IMPLICIT_RETAIN_SELF = YES;
				CLANG_WARN_OBJC_LITERAL_CONVERSION = YES;
				CLANG_WARN_OBJC_ROOT_CLASS = YES_ERROR;
				CLANG_WARN_RANGE_LOOP_ANALYSIS = YES;
				CLANG_WARN_STRICT_PROTOTYPES = YES;
				CLANG_WARN_SUSPICIOUS_MOVE = YES;
				CLANG_WARN_UNGUARDED_AVAILABILITY = YES_AGGRESSIVE;
				CLANG_WARN_UNREACHABLE_CODE = YES;
				CLANG_WARN__DUPLICATE_METHOD_MATCH = YES;
				COPY_PHASE_STRIP = NO;
				DEBUG_INFORMATION_FORMAT = dwarf;
				ENABLE_STRICT_OBJC_MSGSEND = YES;
				ENABLE_TESTABILITY = YES;
				GCC_C_LANGUAGE_STANDARD = gnu11;
				GCC_DYNAMIC_NO_PIC = NO;
				GCC_NO_COMMON_BLOCKS = YES;
				GCC_OPTIMIZATION_LEVEL = 0;
				GCC_PREPROCESSOR_DEFINITIONS = (
					"DEBUG=1",
					"$(inherited)",
				);
				GCC_WARN_64_TO_32_BIT_CONVERSION = YES;
				GCC_WARN_ABOUT_RETURN_TYPE = YES_ERROR;
				GCC_WARN_UNDECLARED_SELECTOR = YES;
				GCC_WARN_UNINITIALIZED_AUTOS = YES_AGGRESSIVE;
				GCC_WARN_UNUSED_FUNCTION = YES;
				GCC_WARN_UNUSED_VARIABLE = YES;
				IPHONEOS_DEPLOYMENT_TARGET = 9.0;
				MTL_ENABLE_DEBUG_INFO = INCLUDE_SOURCE;
				MTL_FAST_MATH = YES;
				ONLY_ACTIVE_ARCH = YES;
				SDKROOT = iphoneos;
			};
			name = Debug;
		};
		04EBCC8424DD4436005D7D8C /* Release */ = {
			isa = XCBuildConfiguration;
			buildSettings = {
				ALWAYS_SEARCH_USER_PATHS = NO;
				CLANG_ANALYZER_NONNULL = YES;
				CLANG_ANALYZER_NUMBER_OBJECT_CONVERSION = YES_AGGRESSIVE;
				CLANG_CXX_LANGUAGE_STANDARD = "gnu++14";
				CLANG_CXX_LIBRARY = "libc++";
				CLANG_ENABLE_MODULES = YES;
				CLANG_ENABLE_OBJC_ARC = YES;
				CLANG_ENABLE_OBJC_WEAK = YES;
				CLANG_WARN_BLOCK_CAPTURE_AUTORELEASING = YES;
				CLANG_WARN_BOOL_CONVERSION = YES;
				CLANG_WARN_COMMA = YES;
				CLANG_WARN_CONSTANT_CONVERSION = YES;
				CLANG_WARN_DEPRECATED_OBJC_IMPLEMENTATIONS = YES;
				CLANG_WARN_DIRECT_OBJC_ISA_USAGE = YES_ERROR;
				CLANG_WARN_DOCUMENTATION_COMMENTS = YES;
				CLANG_WARN_EMPTY_BODY = YES;
				CLANG_WARN_ENUM_CONVERSION = YES;
				CLANG_WARN_INFINITE_RECURSION = YES;
				CLANG_WARN_INT_CONVERSION = YES;
				CLANG_WARN_NON_LITERAL_NULL_CONVERSION = YES;
				CLANG_WARN_OBJC_IMPLICIT_RETAIN_SELF = YES;
				CLANG_WARN_OBJC_LITERAL_CONVERSION = YES;
				CLANG_WARN_OBJC_ROOT_CLASS = YES_ERROR;
				CLANG_WARN_RANGE_LOOP_ANALYSIS = YES;
				CLANG_WARN_STRICT_PROTOTYPES = YES;
				CLANG_WARN_SUSPICIOUS_MOVE = YES;
				CLANG_WARN_UNGUARDED_AVAILABILITY = YES_AGGRESSIVE;
				CLANG_WARN_UNREACHABLE_CODE = YES;
				CLANG_WARN__DUPLICATE_METHOD_MATCH = YES;
				COPY_PHASE_STRIP = NO;
				DEBUG_INFORMATION_FORMAT = "dwarf-with-dsym";
				ENABLE_NS_ASSERTIONS = NO;
				ENABLE_STRICT_OBJC_MSGSEND = YES;
				GCC_C_LANGUAGE_STANDARD = gnu11;
				GCC_NO_COMMON_BLOCKS = YES;
				GCC_WARN_64_TO_32_BIT_CONVERSION = YES;
				GCC_WARN_ABOUT_RETURN_TYPE = YES_ERROR;
				GCC_WARN_UNDECLARED_SELECTOR = YES;
				GCC_WARN_UNINITIALIZED_AUTOS = YES_AGGRESSIVE;
				GCC_WARN_UNUSED_FUNCTION = YES;
				GCC_WARN_UNUSED_VARIABLE = YES;
				IPHONEOS_DEPLOYMENT_TARGET = 9.0;
				MTL_ENABLE_DEBUG_INFO = NO;
				MTL_FAST_MATH = YES;
				SDKROOT = iphoneos;
				VALIDATE_PRODUCT = YES;
			};
			name = Release;
		};
		04EBCC8624DD4436005D7D8C /* Debug */ = {
			isa = XCBuildConfiguration;
			baseConfigurationReference = 07D0A9888F1988F690CD6EE6 /* Pods-ToolDemo.debug.xcconfig */;
			buildSettings = {
				ASSETCATALOG_COMPILER_APPICON_NAME = AppIcon;
				CODE_SIGN_STYLE = Automatic;
				DEVELOPMENT_TEAM = ZNR56QECEL;
				FRAMEWORK_SEARCH_PATHS = (
					"$(inherited)",
					"$(PROJECT_DIR)/Products",
				);
				INFOPLIST_FILE = ToolDemo/Info.plist;
				LD_RUNPATH_SEARCH_PATHS = (
					"$(inherited)",
					"@executable_path/Frameworks",
				);
				OTHER_LDFLAGS = (
					"$(inherited)",
					"-framework",
					"\"AFNetworking\"",
					"-framework",
					"\"CoreGraphics\"",
					"-framework",
					"\"Foundation\"",
					"-framework",
					"\"ImageIO\"",
					"-framework",
					"\"MBProgressHUD\"",
					"-framework",
					"\"MJRefresh\"",
					"-framework",
					"\"Masonry\"",
					"-framework",
					"\"MobileCoreServices\"",
					"-framework",
					"\"QuartzCore\"",
					"-framework",
					"\"SDWebImage\"",
					"-framework",
					"\"Security\"",
					"-framework",
					"\"SystemConfiguration\"",
					"-framework",
					"\"UIKit\"",
					"-ObjC",
				);
				PRODUCT_BUNDLE_IDENTIFIER = a.ToolDemo;
				PRODUCT_NAME = "$(TARGET_NAME)";
				TARGETED_DEVICE_FAMILY = "1,2";
			};
			name = Debug;
		};
		04EBCC8724DD4436005D7D8C /* Release */ = {
			isa = XCBuildConfiguration;
			baseConfigurationReference = 8B5640E6AF4AB4B43302D994 /* Pods-ToolDemo.release.xcconfig */;
			buildSettings = {
				ASSETCATALOG_COMPILER_APPICON_NAME = AppIcon;
				CODE_SIGN_STYLE = Automatic;
				DEVELOPMENT_TEAM = ZNR56QECEL;
				FRAMEWORK_SEARCH_PATHS = (
					"$(inherited)",
					"$(PROJECT_DIR)/Products",
				);
				INFOPLIST_FILE = ToolDemo/Info.plist;
				LD_RUNPATH_SEARCH_PATHS = (
					"$(inherited)",
					"@executable_path/Frameworks",
				);
				OTHER_LDFLAGS = (
					"$(inherited)",
					"-framework",
					"\"AFNetworking\"",
					"-framework",
					"\"CoreGraphics\"",
					"-framework",
					"\"Foundation\"",
					"-framework",
					"\"ImageIO\"",
					"-framework",
					"\"MBProgressHUD\"",
					"-framework",
					"\"MJRefresh\"",
					"-framework",
					"\"Masonry\"",
					"-framework",
					"\"MobileCoreServices\"",
					"-framework",
					"\"QuartzCore\"",
					"-framework",
					"\"SDWebImage\"",
					"-framework",
					"\"Security\"",
					"-framework",
					"\"SystemConfiguration\"",
					"-framework",
					"\"UIKit\"",
					"-ObjC",
				);
				PRODUCT_BUNDLE_IDENTIFIER = a.ToolDemo;
				PRODUCT_NAME = "$(TARGET_NAME)";
				TARGETED_DEVICE_FAMILY = "1,2";
			};
			name = Release;
		};
		04EBCC8924DD4436005D7D8C /* Debug */ = {
			isa = XCBuildConfiguration;
			buildSettings = {
				BUNDLE_LOADER = "$(TEST_HOST)";
				CODE_SIGN_STYLE = Automatic;
				DEVELOPMENT_TEAM = ZNR56QECEL;
				INFOPLIST_FILE = ToolDemoTests/Info.plist;
				IPHONEOS_DEPLOYMENT_TARGET = 13.6;
				LD_RUNPATH_SEARCH_PATHS = (
					"$(inherited)",
					"@executable_path/Frameworks",
					"@loader_path/Frameworks",
				);
				PRODUCT_BUNDLE_IDENTIFIER = a.ToolDemoTests;
				PRODUCT_NAME = "$(TARGET_NAME)";
				TARGETED_DEVICE_FAMILY = "1,2";
				TEST_HOST = "$(BUILT_PRODUCTS_DIR)/ToolDemo.app/ToolDemo";
			};
			name = Debug;
		};
		04EBCC8A24DD4436005D7D8C /* Release */ = {
			isa = XCBuildConfiguration;
			buildSettings = {
				BUNDLE_LOADER = "$(TEST_HOST)";
				CODE_SIGN_STYLE = Automatic;
				DEVELOPMENT_TEAM = ZNR56QECEL;
				INFOPLIST_FILE = ToolDemoTests/Info.plist;
				IPHONEOS_DEPLOYMENT_TARGET = 13.6;
				LD_RUNPATH_SEARCH_PATHS = (
					"$(inherited)",
					"@executable_path/Frameworks",
					"@loader_path/Frameworks",
				);
				PRODUCT_BUNDLE_IDENTIFIER = a.ToolDemoTests;
				PRODUCT_NAME = "$(TARGET_NAME)";
				TARGETED_DEVICE_FAMILY = "1,2";
				TEST_HOST = "$(BUILT_PRODUCTS_DIR)/ToolDemo.app/ToolDemo";
			};
			name = Release;
		};
		04EBCC8C24DD4436005D7D8C /* Debug */ = {
			isa = XCBuildConfiguration;
			buildSettings = {
				CODE_SIGN_STYLE = Automatic;
				DEVELOPMENT_TEAM = ZNR56QECEL;
				INFOPLIST_FILE = ToolDemoUITests/Info.plist;
				LD_RUNPATH_SEARCH_PATHS = (
					"$(inherited)",
					"@executable_path/Frameworks",
					"@loader_path/Frameworks",
				);
				PRODUCT_BUNDLE_IDENTIFIER = a.ToolDemoUITests;
				PRODUCT_NAME = "$(TARGET_NAME)";
				TARGETED_DEVICE_FAMILY = "1,2";
				TEST_TARGET_NAME = ToolDemo;
			};
			name = Debug;
		};
		04EBCC8D24DD4436005D7D8C /* Release */ = {
			isa = XCBuildConfiguration;
			buildSettings = {
				CODE_SIGN_STYLE = Automatic;
				DEVELOPMENT_TEAM = ZNR56QECEL;
				INFOPLIST_FILE = ToolDemoUITests/Info.plist;
				LD_RUNPATH_SEARCH_PATHS = (
					"$(inherited)",
					"@executable_path/Frameworks",
					"@loader_path/Frameworks",
				);
				PRODUCT_BUNDLE_IDENTIFIER = a.ToolDemoUITests;
				PRODUCT_NAME = "$(TARGET_NAME)";
				TARGETED_DEVICE_FAMILY = "1,2";
				TEST_TARGET_NAME = ToolDemo;
			};
			name = Release;
		};
		04EBCD8B24DD45FC005D7D8C /* Debug */ = {
			isa = XCBuildConfiguration;
			baseConfigurationReference = 846C32F4E6A339A32B57F53C /* Pods-Tool.debug.xcconfig */;
			buildSettings = {
				CODE_SIGN_STYLE = Automatic;
				CURRENT_PROJECT_VERSION = 1;
				DEAD_CODE_STRIPPING = YES;
				DEFINES_MODULE = YES;
				DEVELOPMENT_TEAM = ZNR56QECEL;
				DYLIB_COMPATIBILITY_VERSION = 1;
				DYLIB_CURRENT_VERSION = 1;
				DYLIB_INSTALL_NAME_BASE = "@rpath";
				GCC_GENERATE_DEBUGGING_SYMBOLS = YES;
				INFOPLIST_FILE = Tool/Info.plist;
				INSTALL_PATH = "$(LOCAL_LIBRARY_DIR)/Frameworks";
				LD_RUNPATH_SEARCH_PATHS = (
					"$(inherited)",
					"@executable_path/Frameworks",
					"@loader_path/Frameworks",
				);
				LIBRARY_SEARCH_PATHS = (
					"$(inherited)",
					"$(PROJECT_DIR)/Tool/Tool/PlayerManager(音视频播放器)/lame",
				);
				LINK_WITH_STANDARD_LIBRARIES = NO;
				MACH_O_TYPE = staticlib;
				OTHER_LDFLAGS = (
					"$(inherited)",
					"-framework",
					"\"AFNetworking\"",
					"-framework",
					"\"CoreGraphics\"",
					"-framework",
					"\"Foundation\"",
					"-framework",
					"\"ImageIO\"",
					"-framework",
					"\"MBProgressHUD\"",
					"-framework",
					"\"MJRefresh\"",
					"-framework",
					"\"Masonry\"",
					"-framework",
					"\"MobileCoreServices\"",
					"-framework",
					"\"QuartzCore\"",
					"-framework",
					"\"SDWebImage\"",
					"-framework",
					"\"Security\"",
					"-framework",
					"\"SystemConfiguration\"",
					"-framework",
					"\"UIKit\"",
					"-ObjC",
					"-all_load",
					"-force_load",
				);
				OTHER_LIBTOOLFLAGS = "";
				PRODUCT_BUNDLE_IDENTIFIER = a.Tool;
				PRODUCT_NAME = "$(TARGET_NAME:c99extidentifier)";
				SKIP_INSTALL = YES;
				TARGETED_DEVICE_FAMILY = "1,2";
				VERSIONING_SYSTEM = "apple-generic";
				VERSION_INFO_PREFIX = "";
			};
			name = Debug;
		};
		04EBCD8C24DD45FC005D7D8C /* Release */ = {
			isa = XCBuildConfiguration;
			baseConfigurationReference = 9C3922DE94D3C4CECBA408A6 /* Pods-Tool.release.xcconfig */;
			buildSettings = {
				CODE_SIGN_STYLE = Automatic;
				CURRENT_PROJECT_VERSION = 1;
				DEAD_CODE_STRIPPING = YES;
				DEFINES_MODULE = YES;
				DEVELOPMENT_TEAM = ZNR56QECEL;
				DYLIB_COMPATIBILITY_VERSION = 1;
				DYLIB_CURRENT_VERSION = 1;
				DYLIB_INSTALL_NAME_BASE = "@rpath";
				GCC_GENERATE_DEBUGGING_SYMBOLS = YES;
				INFOPLIST_FILE = Tool/Info.plist;
				INSTALL_PATH = "$(LOCAL_LIBRARY_DIR)/Frameworks";
				LD_RUNPATH_SEARCH_PATHS = (
					"$(inherited)",
					"@executable_path/Frameworks",
					"@loader_path/Frameworks",
				);
				LIBRARY_SEARCH_PATHS = (
					"$(inherited)",
					"$(PROJECT_DIR)/Tool/Tool/PlayerManager(音视频播放器)/lame",
				);
				LINK_WITH_STANDARD_LIBRARIES = NO;
				MACH_O_TYPE = staticlib;
				ONLY_ACTIVE_ARCH = YES;
				OTHER_LDFLAGS = (
					"$(inherited)",
					"-framework",
					"\"AFNetworking\"",
					"-framework",
					"\"CoreGraphics\"",
					"-framework",
					"\"Foundation\"",
					"-framework",
					"\"ImageIO\"",
					"-framework",
					"\"MBProgressHUD\"",
					"-framework",
					"\"MJRefresh\"",
					"-framework",
					"\"Masonry\"",
					"-framework",
					"\"MobileCoreServices\"",
					"-framework",
					"\"QuartzCore\"",
					"-framework",
					"\"SDWebImage\"",
					"-framework",
					"\"Security\"",
					"-framework",
					"\"SystemConfiguration\"",
					"-framework",
					"\"UIKit\"",
					"-ObjC",
					"-all_load",
					"-force_load",
				);
				OTHER_LIBTOOLFLAGS = "";
				PRODUCT_BUNDLE_IDENTIFIER = a.Tool;
				PRODUCT_NAME = "$(TARGET_NAME:c99extidentifier)";
				SKIP_INSTALL = YES;
				TARGETED_DEVICE_FAMILY = "1,2";
				VERSIONING_SYSTEM = "apple-generic";
				VERSION_INFO_PREFIX = "";
			};
			name = Release;
		};
		04EBCD8E24DD45FC005D7D8C /* Debug */ = {
			isa = XCBuildConfiguration;
			buildSettings = {
				CODE_SIGN_STYLE = Automatic;
				DEVELOPMENT_TEAM = ZNR56QECEL;
				INFOPLIST_FILE = ToolTests/Info.plist;
				LD_RUNPATH_SEARCH_PATHS = (
					"$(inherited)",
					"@executable_path/Frameworks",
					"@loader_path/Frameworks",
				);
				PRODUCT_BUNDLE_IDENTIFIER = a.ToolTests;
				PRODUCT_NAME = "$(TARGET_NAME)";
				TARGETED_DEVICE_FAMILY = "1,2";
				TEST_HOST = "$(BUILT_PRODUCTS_DIR)/ToolDemo.app/ToolDemo";
			};
			name = Debug;
		};
		04EBCD8F24DD45FC005D7D8C /* Release */ = {
			isa = XCBuildConfiguration;
			buildSettings = {
				CODE_SIGN_STYLE = Automatic;
				DEVELOPMENT_TEAM = ZNR56QECEL;
				INFOPLIST_FILE = ToolTests/Info.plist;
				LD_RUNPATH_SEARCH_PATHS = (
					"$(inherited)",
					"@executable_path/Frameworks",
					"@loader_path/Frameworks",
				);
				PRODUCT_BUNDLE_IDENTIFIER = a.ToolTests;
				PRODUCT_NAME = "$(TARGET_NAME)";
				TARGETED_DEVICE_FAMILY = "1,2";
				TEST_HOST = "$(BUILT_PRODUCTS_DIR)/ToolDemo.app/ToolDemo";
			};
			name = Release;
		};
/* End XCBuildConfiguration section */

/* Begin XCConfigurationList section */
		04EBCC5124DD4434005D7D8C /* Build configuration list for PBXProject "ToolDemo" */ = {
			isa = XCConfigurationList;
			buildConfigurations = (
				04EBCC8324DD4436005D7D8C /* Debug */,
				04EBCC8424DD4436005D7D8C /* Release */,
			);
			defaultConfigurationIsVisible = 0;
			defaultConfigurationName = Release;
		};
		04EBCC8524DD4436005D7D8C /* Build configuration list for PBXNativeTarget "ToolDemo" */ = {
			isa = XCConfigurationList;
			buildConfigurations = (
				04EBCC8624DD4436005D7D8C /* Debug */,
				04EBCC8724DD4436005D7D8C /* Release */,
			);
			defaultConfigurationIsVisible = 0;
			defaultConfigurationName = Release;
		};
		04EBCC8824DD4436005D7D8C /* Build configuration list for PBXNativeTarget "ToolDemoTests" */ = {
			isa = XCConfigurationList;
			buildConfigurations = (
				04EBCC8924DD4436005D7D8C /* Debug */,
				04EBCC8A24DD4436005D7D8C /* Release */,
			);
			defaultConfigurationIsVisible = 0;
			defaultConfigurationName = Release;
		};
		04EBCC8B24DD4436005D7D8C /* Build configuration list for PBXNativeTarget "ToolDemoUITests" */ = {
			isa = XCConfigurationList;
			buildConfigurations = (
				04EBCC8C24DD4436005D7D8C /* Debug */,
				04EBCC8D24DD4436005D7D8C /* Release */,
			);
			defaultConfigurationIsVisible = 0;
			defaultConfigurationName = Release;
		};
		04EBCD8A24DD45FC005D7D8C /* Build configuration list for PBXNativeTarget "Tool" */ = {
			isa = XCConfigurationList;
			buildConfigurations = (
				04EBCD8B24DD45FC005D7D8C /* Debug */,
				04EBCD8C24DD45FC005D7D8C /* Release */,
			);
			defaultConfigurationIsVisible = 0;
			defaultConfigurationName = Release;
		};
		04EBCD8D24DD45FC005D7D8C /* Build configuration list for PBXNativeTarget "ToolTests" */ = {
			isa = XCConfigurationList;
			buildConfigurations = (
				04EBCD8E24DD45FC005D7D8C /* Debug */,
				04EBCD8F24DD45FC005D7D8C /* Release */,
			);
			defaultConfigurationIsVisible = 0;
			defaultConfigurationName = Release;
		};
/* End XCConfigurationList section */
	};
	rootObject = 04EBCC4E24DD4434005D7D8C /* Project object */;
}
