// !$*UTF8*$!
{
	archiveVersion = 1;
	classes = {
	};
	objectVersion = 51;
	objects = {

/* Begin PBXBuildFile section */
		04445C7424E1356900D4FA5C /* Tool.framework in Frameworks */ = {isa = PBXBuildFile; fileRef = 04EBCD7324DD45FB005D7D8C /* Tool.framework */; };
		04445C7524E1356900D4FA5C /* Tool.framework in Embed Frameworks */ = {isa = PBXBuildFile; fileRef = 04EBCD7324DD45FB005D7D8C /* Tool.framework */; settings = {ATTRIBUTES = (CodeSignOnCopy, RemoveHeadersOnCopy, ); }; };
		04EBCC5B24DD4434005D7D8C /* AppDelegate.m in Sources */ = {isa = PBXBuildFile; fileRef = 04EBCC5A24DD4434005D7D8C /* AppDelegate.m */; };
		04EBCC6124DD4434005D7D8C /* ViewController.m in Sources */ = {isa = PBXBuildFile; fileRef = 04EBCC6024DD4434005D7D8C /* ViewController.m */; };
		04EBCC6624DD4436005D7D8C /* Assets.xcassets in Resources */ = {isa = PBXBuildFile; fileRef = 04EBCC6524DD4436005D7D8C /* Assets.xcassets */; };
		04EBCC6924DD4436005D7D8C /* LaunchScreen.storyboard in Resources */ = {isa = PBXBuildFile; fileRef = 04EBCC6724DD4436005D7D8C /* LaunchScreen.storyboard */; };
		04EBCC6C24DD4436005D7D8C /* main.m in Sources */ = {isa = PBXBuildFile; fileRef = 04EBCC6B24DD4436005D7D8C /* main.m */; };
		04F0EDB0253535F500F20FED /* test.html in Resources */ = {isa = PBXBuildFile; fileRef = 04F0EDAF253535F500F20FED /* test.html */; };
		63758211B845B97FB25449F5 /* Pods_Tool.framework in Frameworks */ = {isa = PBXBuildFile; fileRef = C0B31E198B12B549366BC1F8 /* Pods_Tool.framework */; };
		66CC420A319AECFB8CCED05B /* Pods_ToolDemo.framework in Frameworks */ = {isa = PBXBuildFile; fileRef = F1D1D7E67C9F2FDA51D0218F /* Pods_ToolDemo.framework */; };
		734D81A325110679009834F7 /* emoji keyboard in Resources */ = {isa = PBXBuildFile; fileRef = 734D81A125110679009834F7 /* emoji keyboard */; };
		734D81A425110679009834F7 /* input bar in Resources */ = {isa = PBXBuildFile; fileRef = 734D81A225110679009834F7 /* input bar */; };
		73B3A91E2534A678008066B1 /* BaseWebViewController.m in Sources */ = {isa = PBXBuildFile; fileRef = 73B3A91D2534A678008066B1 /* BaseWebViewController.m */; };
		7CD5932D263A4E760086E855 /* Info.plist in Resources */ = {isa = PBXBuildFile; fileRef = 7CD59297263A4E760086E855 /* Info.plist */; };
		7CD5932E263A4E760086E855 /* UINavigationController+FDFullscreenPopGesture.m in Sources */ = {isa = PBXBuildFile; fileRef = 7CD5929B263A4E760086E855 /* UINavigationController+FDFullscreenPopGesture.m */; };
		7CD5932F263A4E760086E855 /* MULoadingModel.m in Sources */ = {isa = PBXBuildFile; fileRef = 7CD5929F263A4E760086E855 /* MULoadingModel.m */; };
		7CD59330263A4E760086E855 /* MUSharedObject.m in Sources */ = {isa = PBXBuildFile; fileRef = 7CD592A2263A4E760086E855 /* MUSharedObject.m */; };
		7CD59331263A4E760086E855 /* MUSharedManager.m in Sources */ = {isa = PBXBuildFile; fileRef = 7CD592A3263A4E760086E855 /* MUSharedManager.m */; };
		7CD59332263A4E760086E855 /* iCarousel.m in Sources */ = {isa = PBXBuildFile; fileRef = 7CD592A6263A4E760086E855 /* iCarousel.m */; };
		7CD59333263A4E760086E855 /* MHCarousel.m in Sources */ = {isa = PBXBuildFile; fileRef = 7CD592A8263A4E760086E855 /* MHCarousel.m */; };
		7CD59334263A4E760086E855 /* LYEmptyBaseView.m in Sources */ = {isa = PBXBuildFile; fileRef = 7CD592AA263A4E760086E855 /* LYEmptyBaseView.m */; };
		7CD59335263A4E760086E855 /* UIView+Empty.m in Sources */ = {isa = PBXBuildFile; fileRef = 7CD592AC263A4E760086E855 /* UIView+Empty.m */; };
		7CD59336263A4E760086E855 /* UIView+LYExtension.m in Sources */ = {isa = PBXBuildFile; fileRef = 7CD592AD263A4E760086E855 /* UIView+LYExtension.m */; };
		7CD59337263A4E760086E855 /* LYEmptyView.m in Sources */ = {isa = PBXBuildFile; fileRef = 7CD592B0263A4E760086E855 /* LYEmptyView.m */; };
		7CD59338263A4E760086E855 /* MUHookMethodHelper.m in Sources */ = {isa = PBXBuildFile; fileRef = 7CD592B5263A4E760086E855 /* MUHookMethodHelper.m */; };
		7CD59339263A4E760086E855 /* UITableView+FDTemplateLayoutCell.m in Sources */ = {isa = PBXBuildFile; fileRef = 7CD592B9263A4E760086E855 /* UITableView+FDTemplateLayoutCell.m */; };
		7CD5933A263A4E760086E855 /* UITableView+FDKeyedHeightCache.m in Sources */ = {isa = PBXBuildFile; fileRef = 7CD592BB263A4E760086E855 /* UITableView+FDKeyedHeightCache.m */; };
		7CD5933B263A4E760086E855 /* UITableView+FDTemplateLayoutCellDebug.m in Sources */ = {isa = PBXBuildFile; fileRef = 7CD592BC263A4E760086E855 /* UITableView+FDTemplateLayoutCellDebug.m */; };
		7CD5933C263A4E760086E855 /* UITableView+FDIndexPathHeightCache.m in Sources */ = {isa = PBXBuildFile; fileRef = 7CD592BD263A4E760086E855 /* UITableView+FDIndexPathHeightCache.m */; };
		7CD5933D263A4E760086E855 /* NSDictionary+LSCore.m in Sources */ = {isa = PBXBuildFile; fileRef = 7CD592C1263A4E760086E855 /* NSDictionary+LSCore.m */; };
		7CD5933E263A4E760086E855 /* UITextView+Placeholder.m in Sources */ = {isa = PBXBuildFile; fileRef = 7CD592C2263A4E760086E855 /* UITextView+Placeholder.m */; };
		7CD5933F263A4E760086E855 /* UIButton+Category.m in Sources */ = {isa = PBXBuildFile; fileRef = 7CD592C3263A4E760086E855 /* UIButton+Category.m */; };
		7CD59340263A4E760086E855 /* UIImage+MUColor.m in Sources */ = {isa = PBXBuildFile; fileRef = 7CD592C4263A4E760086E855 /* UIImage+MUColor.m */; };
		7CD59341263A4E760086E855 /* NSDate+MHExtension.m in Sources */ = {isa = PBXBuildFile; fileRef = 7CD592C5263A4E760086E855 /* NSDate+MHExtension.m */; };
		7CD59342263A4E760086E855 /* NSMutableAttributedString+SCRAttributedStringBuilder.m in Sources */ = {isa = PBXBuildFile; fileRef = 7CD592C9263A4E760086E855 /* NSMutableAttributedString+SCRAttributedStringBuilder.m */; };
		7CD59343263A4E760086E855 /* NSString+Category.m in Sources */ = {isa = PBXBuildFile; fileRef = 7CD592CB263A4E760086E855 /* NSString+Category.m */; };
		7CD59344263A4E760086E855 /* NullSafe.m in Sources */ = {isa = PBXBuildFile; fileRef = 7CD592CC263A4E760086E855 /* NullSafe.m */; };
		7CD59345263A4E760086E855 /* UILabel+topString.m in Sources */ = {isa = PBXBuildFile; fileRef = 7CD592D0263A4E760086E855 /* UILabel+topString.m */; };
		7CD59346263A4E760086E855 /* UIView+MHCategory.m in Sources */ = {isa = PBXBuildFile; fileRef = 7CD592D2263A4E760086E855 /* UIView+MHCategory.m */; };
		7CD59347263A4E760086E855 /* NSDecimalNumber+Addtion.m in Sources */ = {isa = PBXBuildFile; fileRef = 7CD592D4263A4E760086E855 /* NSDecimalNumber+Addtion.m */; };
		7CD59348263A4E760086E855 /* MHInfoItemCell.m in Sources */ = {isa = PBXBuildFile; fileRef = 7CD592D7263A4E760086E855 /* MHInfoItemCell.m */; };
		7CD59349263A4E760086E855 /* WSDatePickerView.m in Sources */ = {isa = PBXBuildFile; fileRef = 7CD592DA263A4E760086E855 /* WSDatePickerView.m */; };
		7CD5934A263A4E760086E855 /* MHHTTPSessionManager.m in Sources */ = {isa = PBXBuildFile; fileRef = 7CD592DD263A4E760086E855 /* MHHTTPSessionManager.m */; };
		7CD5934B263A4E760086E855 /* ZZLimitInputManager.m in Sources */ = {isa = PBXBuildFile; fileRef = 7CD592DF263A4E760086E855 /* ZZLimitInputManager.m */; };
		7CD5934C263A4E760086E855 /* SPAlertController.m in Sources */ = {isa = PBXBuildFile; fileRef = 7CD592E2263A4E760086E855 /* SPAlertController.m */; };
		7CD5934D263A4E760086E855 /* RKNotificationHub.m in Sources */ = {isa = PBXBuildFile; fileRef = 7CD592E6263A4E760086E855 /* RKNotificationHub.m */; };
		7CD5934E263A4E760086E855 /* GZCMulitiDelegate.m in Sources */ = {isa = PBXBuildFile; fileRef = 7CD592E8263A4E760086E855 /* GZCMulitiDelegate.m */; };
		7CD5934F263A4E760086E855 /* StepSlider.m in Sources */ = {isa = PBXBuildFile; fileRef = 7CD592EB263A4E760086E855 /* StepSlider.m */; };
		7CD59350263A4E760086E855 /* MUEWeChatPayModel.m in Sources */ = {isa = PBXBuildFile; fileRef = 7CD592EE263A4E760086E855 /* MUEWeChatPayModel.m */; };
		7CD59351263A4E760086E855 /* libWeChatSDK.a in Frameworks */ = {isa = PBXBuildFile; fileRef = 7CD592F6263A4E760086E855 /* libWeChatSDK.a */; };
		7CD59352263A4E760086E855 /* AlipaySDK.bundle in Resources */ = {isa = PBXBuildFile; fileRef = 7CD592F8263A4E760086E855 /* AlipaySDK.bundle */; };
		7CD59353263A4E760086E855 /* AlipaySDK.framework in Frameworks */ = {isa = PBXBuildFile; fileRef = 7CD592F9263A4E760086E855 /* AlipaySDK.framework */; };
		7CD59354263A4E760086E855 /* MUEPaymentManager.m in Sources */ = {isa = PBXBuildFile; fileRef = 7CD592FA263A4E760086E855 /* MUEPaymentManager.m */; };
		7CD59355263A4E760086E855 /* MUEAliPayModel.m in Sources */ = {isa = PBXBuildFile; fileRef = 7CD592FB263A4E760086E855 /* MUEAliPayModel.m */; };
		7CD59356263A4E760086E855 /* SWQRCodeConfig.m in Sources */ = {isa = PBXBuildFile; fileRef = 7CD592FE263A4E760086E855 /* SWQRCodeConfig.m */; };
		7CD59357263A4E760086E855 /* SWQRCodeManager.m in Sources */ = {isa = PBXBuildFile; fileRef = 7CD592FF263A4E760086E855 /* SWQRCodeManager.m */; };
		7CD59358263A4E760086E855 /* SWQRCodeViewController.m in Sources */ = {isa = PBXBuildFile; fileRef = 7CD59303263A4E760086E855 /* SWQRCodeViewController.m */; };
		7CD59359263A4E760086E855 /* SWScannerView.m in Sources */ = {isa = PBXBuildFile; fileRef = 7CD59305263A4E760086E855 /* SWScannerView.m */; };
		7CD5935A263A4E760086E855 /* TTGTagCollectionView.m in Sources */ = {isa = PBXBuildFile; fileRef = 7CD5930B263A4E760086E855 /* TTGTagCollectionView.m */; };
		7CD5935B263A4E760086E855 /* TTGTextTagCollectionView.m in Sources */ = {isa = PBXBuildFile; fileRef = 7CD5930C263A4E760086E855 /* TTGTextTagCollectionView.m */; };
		7CD5935C263A4E760086E855 /* MBProgressHUD.m in Sources */ = {isa = PBXBuildFile; fileRef = 7CD5930E263A4E760086E855 /* MBProgressHUD.m */; };
		7CD5935D263A4E760086E855 /* MBProgressHUD+Add.m in Sources */ = {isa = PBXBuildFile; fileRef = 7CD5930F263A4E760086E855 /* MBProgressHUD+Add.m */; };
		7CD5935E263A4E760086E855 /* SMPageControl.m in Sources */ = {isa = PBXBuildFile; fileRef = 7CD59313263A4E760086E855 /* SMPageControl.m */; };
		7CD5935F263A4E760086E855 /* Placemark.m in Sources */ = {isa = PBXBuildFile; fileRef = 7CD59318263A4E760086E855 /* Placemark.m */; };
		7CD59360263A4E760086E855 /* GPSManager.m in Sources */ = {isa = PBXBuildFile; fileRef = 7CD59319263A4E760086E855 /* GPSManager.m */; };
		7CD59361263A4E760086E855 /* SPPageMenu.m in Sources */ = {isa = PBXBuildFile; fileRef = 7CD5931C263A4E760086E855 /* SPPageMenu.m */; };
		7CD59362263A4E760086E855 /* FTPopOverMenu.m in Sources */ = {isa = PBXBuildFile; fileRef = 7CD59320263A4E760086E855 /* FTPopOverMenu.m */; };
		7CD59363263A4E760086E855 /* MHWebViewController.m in Sources */ = {isa = PBXBuildFile; fileRef = 7CD59322263A4E760086E855 /* MHWebViewController.m */; };
		7CD59364263A4E760086E855 /* MHBaseViewController.m in Sources */ = {isa = PBXBuildFile; fileRef = 7CD59323263A4E760086E855 /* MHBaseViewController.m */; };
		7CD59365263A4E760086E855 /* MHBaseTableViewController.m in Sources */ = {isa = PBXBuildFile; fileRef = 7CD59325263A4E760086E855 /* MHBaseTableViewController.m */; };
		7CD59366263A4E760086E855 /* MHBaseModel.m in Sources */ = {isa = PBXBuildFile; fileRef = 7CD59328263A4E760086E855 /* MHBaseModel.m */; };
		7CD59367263A4E760086E855 /* MHNavigation.m in Sources */ = {isa = PBXBuildFile; fileRef = 7CD5932B263A4E760086E855 /* MHNavigation.m */; };
/* End PBXBuildFile section */

/* Begin PBXContainerItemProxy section */
		04445C7224E1353500D4FA5C /* PBXContainerItemProxy */ = {
			isa = PBXContainerItemProxy;
			containerPortal = 04EBCC4E24DD4434005D7D8C /* Project object */;
			proxyType = 1;
			remoteGlobalIDString = 04EBCD7224DD45FB005D7D8C;
			remoteInfo = Tool;
		};
/* End PBXContainerItemProxy section */

/* Begin PBXCopyFilesBuildPhase section */
		04445C7824E1356A00D4FA5C /* Embed Frameworks */ = {
			isa = PBXCopyFilesBuildPhase;
			buildActionMask = 2147483647;
			dstPath = "";
			dstSubfolderSpec = 10;
			files = (
				04445C7524E1356900D4FA5C /* Tool.framework in Embed Frameworks */,
			);
			name = "Embed Frameworks";
			runOnlyForDeploymentPostprocessing = 0;
		};
/* End PBXCopyFilesBuildPhase section */

/* Begin PBXFileReference section */
		041564E4255A62C8006C3379 /* ocSwiftBridging.header.h */ = {isa = PBXFileReference; lastKnownFileType = sourcecode.c.h; path = ocSwiftBridging.header.h; sourceTree = "<group>"; };
		04EBCC5624DD4434005D7D8C /* ToolDemo.app */ = {isa = PBXFileReference; explicitFileType = wrapper.application; includeInIndex = 0; path = ToolDemo.app; sourceTree = BUILT_PRODUCTS_DIR; };
		04EBCC5924DD4434005D7D8C /* AppDelegate.h */ = {isa = PBXFileReference; lastKnownFileType = sourcecode.c.h; path = AppDelegate.h; sourceTree = "<group>"; };
		04EBCC5A24DD4434005D7D8C /* AppDelegate.m */ = {isa = PBXFileReference; lastKnownFileType = sourcecode.c.objc; path = AppDelegate.m; sourceTree = "<group>"; };
		04EBCC5F24DD4434005D7D8C /* ViewController.h */ = {isa = PBXFileReference; lastKnownFileType = sourcecode.c.h; path = ViewController.h; sourceTree = "<group>"; };
		04EBCC6024DD4434005D7D8C /* ViewController.m */ = {isa = PBXFileReference; lastKnownFileType = sourcecode.c.objc; path = ViewController.m; sourceTree = "<group>"; };
		04EBCC6524DD4436005D7D8C /* Assets.xcassets */ = {isa = PBXFileReference; lastKnownFileType = folder.assetcatalog; path = Assets.xcassets; sourceTree = "<group>"; };
		04EBCC6824DD4436005D7D8C /* Base */ = {isa = PBXFileReference; lastKnownFileType = file.storyboard; name = Base; path = Base.lproj/LaunchScreen.storyboard; sourceTree = "<group>"; };
		04EBCC6A24DD4436005D7D8C /* Info.plist */ = {isa = PBXFileReference; lastKnownFileType = text.plist.xml; path = Info.plist; sourceTree = "<group>"; };
		04EBCC6B24DD4436005D7D8C /* main.m */ = {isa = PBXFileReference; lastKnownFileType = sourcecode.c.objc; path = main.m; sourceTree = "<group>"; };
		04EBCD7324DD45FB005D7D8C /* Tool.framework */ = {isa = PBXFileReference; explicitFileType = wrapper.framework; includeInIndex = 0; path = Tool.framework; sourceTree = BUILT_PRODUCTS_DIR; };
		04EBCD8224DD45FC005D7D8C /* ToolTests.m */ = {isa = PBXFileReference; lastKnownFileType = sourcecode.c.objc; path = ToolTests.m; sourceTree = "<group>"; };
		04EBCD8424DD45FC005D7D8C /* Info.plist */ = {isa = PBXFileReference; lastKnownFileType = text.plist.xml; path = Info.plist; sourceTree = "<group>"; };
		04F0EDAF253535F500F20FED /* test.html */ = {isa = PBXFileReference; fileEncoding = 4; lastKnownFileType = text.html; path = test.html; sourceTree = "<group>"; };
		734D81A125110679009834F7 /* emoji keyboard */ = {isa = PBXFileReference; lastKnownFileType = folder; path = "emoji keyboard"; sourceTree = "<group>"; };
		734D81A225110679009834F7 /* input bar */ = {isa = PBXFileReference; lastKnownFileType = folder; path = "input bar"; sourceTree = "<group>"; };
		73B3A91C2534A678008066B1 /* BaseWebViewController.h */ = {isa = PBXFileReference; lastKnownFileType = sourcecode.c.h; path = BaseWebViewController.h; sourceTree = "<group>"; };
		73B3A91D2534A678008066B1 /* BaseWebViewController.m */ = {isa = PBXFileReference; lastKnownFileType = sourcecode.c.objc; path = BaseWebViewController.m; sourceTree = "<group>"; };
		7CD59296263A4E760086E855 /* Tool.h */ = {isa = PBXFileReference; fileEncoding = 4; lastKnownFileType = sourcecode.c.h; path = Tool.h; sourceTree = "<group>"; };
		7CD59297263A4E760086E855 /* Info.plist */ = {isa = PBXFileReference; fileEncoding = 4; lastKnownFileType = text.plist.xml; path = Info.plist; sourceTree = "<group>"; };
		7CD5929A263A4E760086E855 /* UINavigationController+FDFullscreenPopGesture.h */ = {isa = PBXFileReference; fileEncoding = 4; lastKnownFileType = sourcecode.c.h; path = "UINavigationController+FDFullscreenPopGesture.h"; sourceTree = "<group>"; };
		7CD5929B263A4E760086E855 /* UINavigationController+FDFullscreenPopGesture.m */ = {isa = PBXFileReference; fileEncoding = 4; lastKnownFileType = sourcecode.c.objc; path = "UINavigationController+FDFullscreenPopGesture.m"; sourceTree = "<group>"; };
		7CD5929D263A4E760086E855 /* Shared.h */ = {isa = PBXFileReference; fileEncoding = 4; lastKnownFileType = sourcecode.c.h; path = Shared.h; sourceTree = "<group>"; };
		7CD5929E263A4E760086E855 /* MUSharedObject.h */ = {isa = PBXFileReference; fileEncoding = 4; lastKnownFileType = sourcecode.c.h; path = MUSharedObject.h; sourceTree = "<group>"; };
		7CD5929F263A4E760086E855 /* MULoadingModel.m */ = {isa = PBXFileReference; fileEncoding = 4; lastKnownFileType = sourcecode.c.objc; path = MULoadingModel.m; sourceTree = "<group>"; };
		7CD592A0263A4E760086E855 /* MUSharedManager.h */ = {isa = PBXFileReference; fileEncoding = 4; lastKnownFileType = sourcecode.c.h; path = MUSharedManager.h; sourceTree = "<group>"; };
		7CD592A1263A4E760086E855 /* MULoadingModel.h */ = {isa = PBXFileReference; fileEncoding = 4; lastKnownFileType = sourcecode.c.h; path = MULoadingModel.h; sourceTree = "<group>"; };
		7CD592A2263A4E760086E855 /* MUSharedObject.m */ = {isa = PBXFileReference; fileEncoding = 4; lastKnownFileType = sourcecode.c.objc; path = MUSharedObject.m; sourceTree = "<group>"; };
		7CD592A3263A4E760086E855 /* MUSharedManager.m */ = {isa = PBXFileReference; fileEncoding = 4; lastKnownFileType = sourcecode.c.objc; path = MUSharedManager.m; sourceTree = "<group>"; };
		7CD592A5263A4E760086E855 /* MHCarousel.h */ = {isa = PBXFileReference; fileEncoding = 4; lastKnownFileType = sourcecode.c.h; path = MHCarousel.h; sourceTree = "<group>"; };
		7CD592A6263A4E760086E855 /* iCarousel.m */ = {isa = PBXFileReference; fileEncoding = 4; lastKnownFileType = sourcecode.c.objc; path = iCarousel.m; sourceTree = "<group>"; };
		7CD592A7263A4E760086E855 /* iCarousel.h */ = {isa = PBXFileReference; fileEncoding = 4; lastKnownFileType = sourcecode.c.h; path = iCarousel.h; sourceTree = "<group>"; };
		7CD592A8263A4E760086E855 /* MHCarousel.m */ = {isa = PBXFileReference; fileEncoding = 4; lastKnownFileType = sourcecode.c.objc; path = MHCarousel.m; sourceTree = "<group>"; };
		7CD592AA263A4E760086E855 /* LYEmptyBaseView.m */ = {isa = PBXFileReference; fileEncoding = 4; lastKnownFileType = sourcecode.c.objc; path = LYEmptyBaseView.m; sourceTree = "<group>"; };
		7CD592AB263A4E760086E855 /* LYEmptyView.h */ = {isa = PBXFileReference; fileEncoding = 4; lastKnownFileType = sourcecode.c.h; path = LYEmptyView.h; sourceTree = "<group>"; };
		7CD592AC263A4E760086E855 /* UIView+Empty.m */ = {isa = PBXFileReference; fileEncoding = 4; lastKnownFileType = sourcecode.c.objc; path = "UIView+Empty.m"; sourceTree = "<group>"; };
		7CD592AD263A4E760086E855 /* UIView+LYExtension.m */ = {isa = PBXFileReference; fileEncoding = 4; lastKnownFileType = sourcecode.c.objc; path = "UIView+LYExtension.m"; sourceTree = "<group>"; };
		7CD592AE263A4E760086E855 /* LYEmptyBaseView.h */ = {isa = PBXFileReference; fileEncoding = 4; lastKnownFileType = sourcecode.c.h; path = LYEmptyBaseView.h; sourceTree = "<group>"; };
		7CD592AF263A4E760086E855 /* LYEmptyViewHeader.h */ = {isa = PBXFileReference; fileEncoding = 4; lastKnownFileType = sourcecode.c.h; path = LYEmptyViewHeader.h; sourceTree = "<group>"; };
		7CD592B0263A4E760086E855 /* LYEmptyView.m */ = {isa = PBXFileReference; fileEncoding = 4; lastKnownFileType = sourcecode.c.objc; path = LYEmptyView.m; sourceTree = "<group>"; };
		7CD592B1263A4E760086E855 /* UIView+LYExtension.h */ = {isa = PBXFileReference; fileEncoding = 4; lastKnownFileType = sourcecode.c.h; path = "UIView+LYExtension.h"; sourceTree = "<group>"; };
		7CD592B2263A4E760086E855 /* UIView+Empty.h */ = {isa = PBXFileReference; fileEncoding = 4; lastKnownFileType = sourcecode.c.h; path = "UIView+Empty.h"; sourceTree = "<group>"; };
		7CD592B4263A4E760086E855 /* MUHookMethodHelper.h */ = {isa = PBXFileReference; fileEncoding = 4; lastKnownFileType = sourcecode.c.h; path = MUHookMethodHelper.h; sourceTree = "<group>"; };
		7CD592B5263A4E760086E855 /* MUHookMethodHelper.m */ = {isa = PBXFileReference; fileEncoding = 4; lastKnownFileType = sourcecode.c.objc; path = MUHookMethodHelper.m; sourceTree = "<group>"; };
		7CD592B7263A4E760086E855 /* UITableView+FDKeyedHeightCache.h */ = {isa = PBXFileReference; fileEncoding = 4; lastKnownFileType = sourcecode.c.h; path = "UITableView+FDKeyedHeightCache.h"; sourceTree = "<group>"; };
		7CD592B8263A4E760086E855 /* UITableView+FDTemplateLayoutCellDebug.h */ = {isa = PBXFileReference; fileEncoding = 4; lastKnownFileType = sourcecode.c.h; path = "UITableView+FDTemplateLayoutCellDebug.h"; sourceTree = "<group>"; };
		7CD592B9263A4E760086E855 /* UITableView+FDTemplateLayoutCell.m */ = {isa = PBXFileReference; fileEncoding = 4; lastKnownFileType = sourcecode.c.objc; path = "UITableView+FDTemplateLayoutCell.m"; sourceTree = "<group>"; };
		7CD592BA263A4E760086E855 /* UITableView+FDIndexPathHeightCache.h */ = {isa = PBXFileReference; fileEncoding = 4; lastKnownFileType = sourcecode.c.h; path = "UITableView+FDIndexPathHeightCache.h"; sourceTree = "<group>"; };
		7CD592BB263A4E760086E855 /* UITableView+FDKeyedHeightCache.m */ = {isa = PBXFileReference; fileEncoding = 4; lastKnownFileType = sourcecode.c.objc; path = "UITableView+FDKeyedHeightCache.m"; sourceTree = "<group>"; };
		7CD592BC263A4E760086E855 /* UITableView+FDTemplateLayoutCellDebug.m */ = {isa = PBXFileReference; fileEncoding = 4; lastKnownFileType = sourcecode.c.objc; path = "UITableView+FDTemplateLayoutCellDebug.m"; sourceTree = "<group>"; };
		7CD592BD263A4E760086E855 /* UITableView+FDIndexPathHeightCache.m */ = {isa = PBXFileReference; fileEncoding = 4; lastKnownFileType = sourcecode.c.objc; path = "UITableView+FDIndexPathHeightCache.m"; sourceTree = "<group>"; };
		7CD592BE263A4E760086E855 /* UITableView+FDTemplateLayoutCell.h */ = {isa = PBXFileReference; fileEncoding = 4; lastKnownFileType = sourcecode.c.h; path = "UITableView+FDTemplateLayoutCell.h"; sourceTree = "<group>"; };
		7CD592C0263A4E760086E855 /* NSString+Category.h */ = {isa = PBXFileReference; fileEncoding = 4; lastKnownFileType = sourcecode.c.h; path = "NSString+Category.h"; sourceTree = "<group>"; };
		7CD592C1263A4E760086E855 /* NSDictionary+LSCore.m */ = {isa = PBXFileReference; fileEncoding = 4; lastKnownFileType = sourcecode.c.objc; path = "NSDictionary+LSCore.m"; sourceTree = "<group>"; };
		7CD592C2263A4E760086E855 /* UITextView+Placeholder.m */ = {isa = PBXFileReference; fileEncoding = 4; lastKnownFileType = sourcecode.c.objc; path = "UITextView+Placeholder.m"; sourceTree = "<group>"; };
		7CD592C3263A4E760086E855 /* UIButton+Category.m */ = {isa = PBXFileReference; fileEncoding = 4; lastKnownFileType = sourcecode.c.objc; path = "UIButton+Category.m"; sourceTree = "<group>"; };
		7CD592C4263A4E760086E855 /* UIImage+MUColor.m */ = {isa = PBXFileReference; fileEncoding = 4; lastKnownFileType = sourcecode.c.objc; path = "UIImage+MUColor.m"; sourceTree = "<group>"; };
		7CD592C5263A4E760086E855 /* NSDate+MHExtension.m */ = {isa = PBXFileReference; fileEncoding = 4; lastKnownFileType = sourcecode.c.objc; path = "NSDate+MHExtension.m"; sourceTree = "<group>"; };
		7CD592C6263A4E760086E855 /* NSDecimalNumber+Addtion.h */ = {isa = PBXFileReference; fileEncoding = 4; lastKnownFileType = sourcecode.c.h; path = "NSDecimalNumber+Addtion.h"; sourceTree = "<group>"; };
		7CD592C7263A4E760086E855 /* UIView+MHCategory.h */ = {isa = PBXFileReference; fileEncoding = 4; lastKnownFileType = sourcecode.c.h; path = "UIView+MHCategory.h"; sourceTree = "<group>"; };
		7CD592C8263A4E760086E855 /* UILabel+topString.h */ = {isa = PBXFileReference; fileEncoding = 4; lastKnownFileType = sourcecode.c.h; path = "UILabel+topString.h"; sourceTree = "<group>"; };
		7CD592C9263A4E760086E855 /* NSMutableAttributedString+SCRAttributedStringBuilder.m */ = {isa = PBXFileReference; fileEncoding = 4; lastKnownFileType = sourcecode.c.objc; path = "NSMutableAttributedString+SCRAttributedStringBuilder.m"; sourceTree = "<group>"; };
		7CD592CA263A4E760086E855 /* NSDictionary+LSCore.h */ = {isa = PBXFileReference; fileEncoding = 4; lastKnownFileType = sourcecode.c.h; path = "NSDictionary+LSCore.h"; sourceTree = "<group>"; };
		7CD592CB263A4E760086E855 /* NSString+Category.m */ = {isa = PBXFileReference; fileEncoding = 4; lastKnownFileType = sourcecode.c.objc; path = "NSString+Category.m"; sourceTree = "<group>"; };
		7CD592CC263A4E760086E855 /* NullSafe.m */ = {isa = PBXFileReference; fileEncoding = 4; lastKnownFileType = sourcecode.c.objc; path = NullSafe.m; sourceTree = "<group>"; };
		7CD592CD263A4E760086E855 /* UITextView+Placeholder.h */ = {isa = PBXFileReference; fileEncoding = 4; lastKnownFileType = sourcecode.c.h; path = "UITextView+Placeholder.h"; sourceTree = "<group>"; };
		7CD592CE263A4E760086E855 /* UIImage+MUColor.h */ = {isa = PBXFileReference; fileEncoding = 4; lastKnownFileType = sourcecode.c.h; path = "UIImage+MUColor.h"; sourceTree = "<group>"; };
		7CD592CF263A4E760086E855 /* UIButton+Category.h */ = {isa = PBXFileReference; fileEncoding = 4; lastKnownFileType = sourcecode.c.h; path = "UIButton+Category.h"; sourceTree = "<group>"; };
		7CD592D0263A4E760086E855 /* UILabel+topString.m */ = {isa = PBXFileReference; fileEncoding = 4; lastKnownFileType = sourcecode.c.objc; path = "UILabel+topString.m"; sourceTree = "<group>"; };
		7CD592D1263A4E760086E855 /* NSMutableAttributedString+SCRAttributedStringBuilder.h */ = {isa = PBXFileReference; fileEncoding = 4; lastKnownFileType = sourcecode.c.h; path = "NSMutableAttributedString+SCRAttributedStringBuilder.h"; sourceTree = "<group>"; };
		7CD592D2263A4E760086E855 /* UIView+MHCategory.m */ = {isa = PBXFileReference; fileEncoding = 4; lastKnownFileType = sourcecode.c.objc; path = "UIView+MHCategory.m"; sourceTree = "<group>"; };
		7CD592D3263A4E760086E855 /* NSDate+MHExtension.h */ = {isa = PBXFileReference; fileEncoding = 4; lastKnownFileType = sourcecode.c.h; path = "NSDate+MHExtension.h"; sourceTree = "<group>"; };
		7CD592D4263A4E760086E855 /* NSDecimalNumber+Addtion.m */ = {isa = PBXFileReference; fileEncoding = 4; lastKnownFileType = sourcecode.c.objc; path = "NSDecimalNumber+Addtion.m"; sourceTree = "<group>"; };
		7CD592D6263A4E760086E855 /* MHInfoItemCell.h */ = {isa = PBXFileReference; fileEncoding = 4; lastKnownFileType = sourcecode.c.h; path = MHInfoItemCell.h; sourceTree = "<group>"; };
		7CD592D7263A4E760086E855 /* MHInfoItemCell.m */ = {isa = PBXFileReference; fileEncoding = 4; lastKnownFileType = sourcecode.c.objc; path = MHInfoItemCell.m; sourceTree = "<group>"; };
		7CD592D9263A4E760086E855 /* WSDatePickerView.h */ = {isa = PBXFileReference; fileEncoding = 4; lastKnownFileType = sourcecode.c.h; path = WSDatePickerView.h; sourceTree = "<group>"; };
		7CD592DA263A4E760086E855 /* WSDatePickerView.m */ = {isa = PBXFileReference; fileEncoding = 4; lastKnownFileType = sourcecode.c.objc; path = WSDatePickerView.m; sourceTree = "<group>"; };
		7CD592DC263A4E760086E855 /* MHHTTPSessionManager.h */ = {isa = PBXFileReference; fileEncoding = 4; lastKnownFileType = sourcecode.c.h; path = MHHTTPSessionManager.h; sourceTree = "<group>"; };
		7CD592DD263A4E760086E855 /* MHHTTPSessionManager.m */ = {isa = PBXFileReference; fileEncoding = 4; lastKnownFileType = sourcecode.c.objc; path = MHHTTPSessionManager.m; sourceTree = "<group>"; };
		7CD592DF263A4E760086E855 /* ZZLimitInputManager.m */ = {isa = PBXFileReference; fileEncoding = 4; lastKnownFileType = sourcecode.c.objc; path = ZZLimitInputManager.m; sourceTree = "<group>"; };
		7CD592E0263A4E760086E855 /* ZZLimitInputManager.h */ = {isa = PBXFileReference; fileEncoding = 4; lastKnownFileType = sourcecode.c.h; path = ZZLimitInputManager.h; sourceTree = "<group>"; };
		7CD592E2263A4E760086E855 /* SPAlertController.m */ = {isa = PBXFileReference; fileEncoding = 4; lastKnownFileType = sourcecode.c.objc; path = SPAlertController.m; sourceTree = "<group>"; };
		7CD592E3263A4E760086E855 /* SPAlertController.h */ = {isa = PBXFileReference; fileEncoding = 4; lastKnownFileType = sourcecode.c.h; path = SPAlertController.h; sourceTree = "<group>"; };
		7CD592E5263A4E760086E855 /* RKNotificationHub.h */ = {isa = PBXFileReference; fileEncoding = 4; lastKnownFileType = sourcecode.c.h; path = RKNotificationHub.h; sourceTree = "<group>"; };
		7CD592E6263A4E760086E855 /* RKNotificationHub.m */ = {isa = PBXFileReference; fileEncoding = 4; lastKnownFileType = sourcecode.c.objc; path = RKNotificationHub.m; sourceTree = "<group>"; };
		7CD592E8263A4E760086E855 /* GZCMulitiDelegate.m */ = {isa = PBXFileReference; fileEncoding = 4; lastKnownFileType = sourcecode.c.objc; path = GZCMulitiDelegate.m; sourceTree = "<group>"; };
		7CD592E9263A4E760086E855 /* GZCMulitiDelegate.h */ = {isa = PBXFileReference; fileEncoding = 4; lastKnownFileType = sourcecode.c.h; path = GZCMulitiDelegate.h; sourceTree = "<group>"; };
		7CD592EB263A4E760086E855 /* StepSlider.m */ = {isa = PBXFileReference; fileEncoding = 4; lastKnownFileType = sourcecode.c.objc; path = StepSlider.m; sourceTree = "<group>"; };
		7CD592EC263A4E760086E855 /* StepSlider.h */ = {isa = PBXFileReference; fileEncoding = 4; lastKnownFileType = sourcecode.c.h; path = StepSlider.h; sourceTree = "<group>"; };
		7CD592EE263A4E760086E855 /* MUEWeChatPayModel.m */ = {isa = PBXFileReference; fileEncoding = 4; lastKnownFileType = sourcecode.c.objc; path = MUEWeChatPayModel.m; sourceTree = "<group>"; };
		7CD592EF263A4E760086E855 /* MUEAliPayModel.h */ = {isa = PBXFileReference; fileEncoding = 4; lastKnownFileType = sourcecode.c.h; path = MUEAliPayModel.h; sourceTree = "<group>"; };
		7CD592F0263A4E760086E855 /* MUEPaymentManager.h */ = {isa = PBXFileReference; fileEncoding = 4; lastKnownFileType = sourcecode.c.h; path = MUEPaymentManager.h; sourceTree = "<group>"; };
		7CD592F1263A4E760086E855 /* MUEWeChatPayModel.h */ = {isa = PBXFileReference; fileEncoding = 4; lastKnownFileType = sourcecode.c.h; path = MUEWeChatPayModel.h; sourceTree = "<group>"; };
		7CD592F3263A4E760086E855 /* WXApi.h */ = {isa = PBXFileReference; fileEncoding = 4; lastKnownFileType = sourcecode.c.h; path = WXApi.h; sourceTree = "<group>"; };
		7CD592F4263A4E760086E855 /* WXApiObject.h */ = {isa = PBXFileReference; fileEncoding = 4; lastKnownFileType = sourcecode.c.h; path = WXApiObject.h; sourceTree = "<group>"; };
		7CD592F5263A4E760086E855 /* WechatAuthSDK.h */ = {isa = PBXFileReference; fileEncoding = 4; lastKnownFileType = sourcecode.c.h; path = WechatAuthSDK.h; sourceTree = "<group>"; };
		7CD592F6263A4E760086E855 /* libWeChatSDK.a */ = {isa = PBXFileReference; lastKnownFileType = archive.ar; path = libWeChatSDK.a; sourceTree = "<group>"; };
		7CD592F8263A4E760086E855 /* AlipaySDK.bundle */ = {isa = PBXFileReference; lastKnownFileType = "wrapper.plug-in"; path = AlipaySDK.bundle; sourceTree = "<group>"; };
		7CD592F9263A4E760086E855 /* AlipaySDK.framework */ = {isa = PBXFileReference; lastKnownFileType = wrapper.framework; path = AlipaySDK.framework; sourceTree = "<group>"; };
		7CD592FA263A4E760086E855 /* MUEPaymentManager.m */ = {isa = PBXFileReference; fileEncoding = 4; lastKnownFileType = sourcecode.c.objc; path = MUEPaymentManager.m; sourceTree = "<group>"; };
		7CD592FB263A4E760086E855 /* MUEAliPayModel.m */ = {isa = PBXFileReference; fileEncoding = 4; lastKnownFileType = sourcecode.c.objc; path = MUEAliPayModel.m; sourceTree = "<group>"; };
		7CD592FE263A4E760086E855 /* SWQRCodeConfig.m */ = {isa = PBXFileReference; fileEncoding = 4; lastKnownFileType = sourcecode.c.objc; path = SWQRCodeConfig.m; sourceTree = "<group>"; };
		7CD592FF263A4E760086E855 /* SWQRCodeManager.m */ = {isa = PBXFileReference; fileEncoding = 4; lastKnownFileType = sourcecode.c.objc; path = SWQRCodeManager.m; sourceTree = "<group>"; };
		7CD59300263A4E760086E855 /* SWQRCodeConfig.h */ = {isa = PBXFileReference; fileEncoding = 4; lastKnownFileType = sourcecode.c.h; path = SWQRCodeConfig.h; sourceTree = "<group>"; };
		7CD59301263A4E760086E855 /* SWQRCode.h */ = {isa = PBXFileReference; fileEncoding = 4; lastKnownFileType = sourcecode.c.h; path = SWQRCode.h; sourceTree = "<group>"; };
		7CD59302263A4E760086E855 /* SWQRCodeManager.h */ = {isa = PBXFileReference; fileEncoding = 4; lastKnownFileType = sourcecode.c.h; path = SWQRCodeManager.h; sourceTree = "<group>"; };
		7CD59303263A4E760086E855 /* SWQRCodeViewController.m */ = {isa = PBXFileReference; fileEncoding = 4; lastKnownFileType = sourcecode.c.objc; path = SWQRCodeViewController.m; sourceTree = "<group>"; };
		7CD59305263A4E760086E855 /* SWScannerView.m */ = {isa = PBXFileReference; fileEncoding = 4; lastKnownFileType = sourcecode.c.objc; path = SWScannerView.m; sourceTree = "<group>"; };
		7CD59306263A4E760086E855 /* SWScannerView.h */ = {isa = PBXFileReference; fileEncoding = 4; lastKnownFileType = sourcecode.c.h; path = SWScannerView.h; sourceTree = "<group>"; };
		7CD59307263A4E760086E855 /* SWQRCodeViewController.h */ = {isa = PBXFileReference; fileEncoding = 4; lastKnownFileType = sourcecode.c.h; path = SWQRCodeViewController.h; sourceTree = "<group>"; };
		7CD59309263A4E760086E855 /* TTGTagCollectionView.h */ = {isa = PBXFileReference; fileEncoding = 4; lastKnownFileType = sourcecode.c.h; path = TTGTagCollectionView.h; sourceTree = "<group>"; };
		7CD5930A263A4E760086E855 /* TTGTextTagCollectionView.h */ = {isa = PBXFileReference; fileEncoding = 4; lastKnownFileType = sourcecode.c.h; path = TTGTextTagCollectionView.h; sourceTree = "<group>"; };
		7CD5930B263A4E760086E855 /* TTGTagCollectionView.m */ = {isa = PBXFileReference; fileEncoding = 4; lastKnownFileType = sourcecode.c.objc; path = TTGTagCollectionView.m; sourceTree = "<group>"; };
		7CD5930C263A4E760086E855 /* TTGTextTagCollectionView.m */ = {isa = PBXFileReference; fileEncoding = 4; lastKnownFileType = sourcecode.c.objc; path = TTGTextTagCollectionView.m; sourceTree = "<group>"; };
		7CD5930E263A4E760086E855 /* MBProgressHUD.m */ = {isa = PBXFileReference; fileEncoding = 4; lastKnownFileType = sourcecode.c.objc; path = MBProgressHUD.m; sourceTree = "<group>"; };
		7CD5930F263A4E760086E855 /* MBProgressHUD+Add.m */ = {isa = PBXFileReference; fileEncoding = 4; lastKnownFileType = sourcecode.c.objc; path = "MBProgressHUD+Add.m"; sourceTree = "<group>"; };
		7CD59310263A4E760086E855 /* MBProgressHUD.h */ = {isa = PBXFileReference; fileEncoding = 4; lastKnownFileType = sourcecode.c.h; path = MBProgressHUD.h; sourceTree = "<group>"; };
		7CD59311263A4E760086E855 /* MBProgressHUD+Add.h */ = {isa = PBXFileReference; fileEncoding = 4; lastKnownFileType = sourcecode.c.h; path = "MBProgressHUD+Add.h"; sourceTree = "<group>"; };
		7CD59313263A4E760086E855 /* SMPageControl.m */ = {isa = PBXFileReference; fileEncoding = 4; lastKnownFileType = sourcecode.c.objc; path = SMPageControl.m; sourceTree = "<group>"; };
		7CD59314263A4E760086E855 /* SMPageControl.h */ = {isa = PBXFileReference; fileEncoding = 4; lastKnownFileType = sourcecode.c.h; path = SMPageControl.h; sourceTree = "<group>"; };
		7CD59316263A4E760086E855 /* Placemark.h */ = {isa = PBXFileReference; fileEncoding = 4; lastKnownFileType = sourcecode.c.h; path = Placemark.h; sourceTree = "<group>"; };
		7CD59317263A4E760086E855 /* GPSManager.h */ = {isa = PBXFileReference; fileEncoding = 4; lastKnownFileType = sourcecode.c.h; path = GPSManager.h; sourceTree = "<group>"; };
		7CD59318263A4E760086E855 /* Placemark.m */ = {isa = PBXFileReference; fileEncoding = 4; lastKnownFileType = sourcecode.c.objc; path = Placemark.m; sourceTree = "<group>"; };
		7CD59319263A4E760086E855 /* GPSManager.m */ = {isa = PBXFileReference; fileEncoding = 4; lastKnownFileType = sourcecode.c.objc; path = GPSManager.m; sourceTree = "<group>"; };
		7CD5931A263A4E760086E855 /* ToolMacro.h */ = {isa = PBXFileReference; fileEncoding = 4; lastKnownFileType = sourcecode.c.h; path = ToolMacro.h; sourceTree = "<group>"; };
		7CD5931C263A4E760086E855 /* SPPageMenu.m */ = {isa = PBXFileReference; fileEncoding = 4; lastKnownFileType = sourcecode.c.objc; path = SPPageMenu.m; sourceTree = "<group>"; };
		7CD5931D263A4E760086E855 /* SPPageMenu.h */ = {isa = PBXFileReference; fileEncoding = 4; lastKnownFileType = sourcecode.c.h; path = SPPageMenu.h; sourceTree = "<group>"; };
		7CD5931F263A4E760086E855 /* FTPopOverMenu.h */ = {isa = PBXFileReference; fileEncoding = 4; lastKnownFileType = sourcecode.c.h; path = FTPopOverMenu.h; sourceTree = "<group>"; };
		7CD59320263A4E760086E855 /* FTPopOverMenu.m */ = {isa = PBXFileReference; fileEncoding = 4; lastKnownFileType = sourcecode.c.objc; path = FTPopOverMenu.m; sourceTree = "<group>"; };
		7CD59322263A4E760086E855 /* MHWebViewController.m */ = {isa = PBXFileReference; fileEncoding = 4; lastKnownFileType = sourcecode.c.objc; path = MHWebViewController.m; sourceTree = "<group>"; };
		7CD59323263A4E760086E855 /* MHBaseViewController.m */ = {isa = PBXFileReference; fileEncoding = 4; lastKnownFileType = sourcecode.c.objc; path = MHBaseViewController.m; sourceTree = "<group>"; };
		7CD59324263A4E760086E855 /* MHBaseModel.h */ = {isa = PBXFileReference; fileEncoding = 4; lastKnownFileType = sourcecode.c.h; path = MHBaseModel.h; sourceTree = "<group>"; };
		7CD59325263A4E760086E855 /* MHBaseTableViewController.m */ = {isa = PBXFileReference; fileEncoding = 4; lastKnownFileType = sourcecode.c.objc; path = MHBaseTableViewController.m; sourceTree = "<group>"; };
		7CD59326263A4E760086E855 /* MHBaseViewController.h */ = {isa = PBXFileReference; fileEncoding = 4; lastKnownFileType = sourcecode.c.h; path = MHBaseViewController.h; sourceTree = "<group>"; };
		7CD59327263A4E760086E855 /* MHWebViewController.h */ = {isa = PBXFileReference; fileEncoding = 4; lastKnownFileType = sourcecode.c.h; path = MHWebViewController.h; sourceTree = "<group>"; };
		7CD59328263A4E760086E855 /* MHBaseModel.m */ = {isa = PBXFileReference; fileEncoding = 4; lastKnownFileType = sourcecode.c.objc; path = MHBaseModel.m; sourceTree = "<group>"; };
		7CD59329263A4E760086E855 /* MHBaseTableViewController.h */ = {isa = PBXFileReference; fileEncoding = 4; lastKnownFileType = sourcecode.c.h; path = MHBaseTableViewController.h; sourceTree = "<group>"; };
		7CD5932B263A4E760086E855 /* MHNavigation.m */ = {isa = PBXFileReference; fileEncoding = 4; lastKnownFileType = sourcecode.c.objc; path = MHNavigation.m; sourceTree = "<group>"; };
		7CD5932C263A4E760086E855 /* MHNavigation.h */ = {isa = PBXFileReference; fileEncoding = 4; lastKnownFileType = sourcecode.c.h; path = MHNavigation.h; sourceTree = "<group>"; };
		C0B31E198B12B549366BC1F8 /* Pods_Tool.framework */ = {isa = PBXFileReference; explicitFileType = wrapper.framework; includeInIndex = 0; path = Pods_Tool.framework; sourceTree = BUILT_PRODUCTS_DIR; };
		F1D1D7E67C9F2FDA51D0218F /* Pods_ToolDemo.framework */ = {isa = PBXFileReference; explicitFileType = wrapper.framework; includeInIndex = 0; path = Pods_ToolDemo.framework; sourceTree = BUILT_PRODUCTS_DIR; };
/* End PBXFileReference section */

/* Begin PBXFrameworksBuildPhase section */
		04EBCC5324DD4434005D7D8C /* Frameworks */ = {
			isa = PBXFrameworksBuildPhase;
			buildActionMask = 2147483647;
			files = (
				04445C7424E1356900D4FA5C /* Tool.framework in Frameworks */,
				7CD59353263A4E760086E855 /* AlipaySDK.framework in Frameworks */,
				66CC420A319AECFB8CCED05B /* Pods_ToolDemo.framework in Frameworks */,
				7CD59351263A4E760086E855 /* libWeChatSDK.a in Frameworks */,
			);
			runOnlyForDeploymentPostprocessing = 0;
		};
		04EBCD7024DD45FB005D7D8C /* Frameworks */ = {
			isa = PBXFrameworksBuildPhase;
			buildActionMask = 2147483647;
			files = (
				63758211B845B97FB25449F5 /* Pods_Tool.framework in Frameworks */,
			);
			runOnlyForDeploymentPostprocessing = 0;
		};
/* End PBXFrameworksBuildPhase section */

/* Begin PBXGroup section */
		04EBCC4D24DD4434005D7D8C = {
			isa = PBXGroup;
			children = (
				7CD59295263A4E760086E855 /* Tool */,
				04EBCC5824DD4434005D7D8C /* ToolDemo */,
				04EBCD8124DD45FB005D7D8C /* ToolTests */,
				04EBCC5724DD4434005D7D8C /* Products */,
				7D4830A23E1A4DBEA5AA57B6 /* Frameworks */,
			);
			sourceTree = "<group>";
		};
		04EBCC5724DD4434005D7D8C /* Products */ = {
			isa = PBXGroup;
			children = (
				04EBCC5624DD4434005D7D8C /* ToolDemo.app */,
				04EBCD7324DD45FB005D7D8C /* Tool.framework */,
			);
			name = Products;
			sourceTree = "<group>";
		};
		04EBCC5824DD4434005D7D8C /* ToolDemo */ = {
			isa = PBXGroup;
			children = (
				734D819C25110643009834F7 /* 表情键盘 */,
				04F0EDAF253535F500F20FED /* test.html */,
				04EBCC5924DD4434005D7D8C /* AppDelegate.h */,
				04EBCC5A24DD4434005D7D8C /* AppDelegate.m */,
				04EBCC5F24DD4434005D7D8C /* ViewController.h */,
				04EBCC6024DD4434005D7D8C /* ViewController.m */,
				04EBCC6524DD4436005D7D8C /* Assets.xcassets */,
				04EBCC6724DD4436005D7D8C /* LaunchScreen.storyboard */,
				04EBCC6A24DD4436005D7D8C /* Info.plist */,
				04EBCC6B24DD4436005D7D8C /* main.m */,
				73B3A91C2534A678008066B1 /* BaseWebViewController.h */,
				73B3A91D2534A678008066B1 /* BaseWebViewController.m */,
				041564E4255A62C8006C3379 /* ocSwiftBridging.header.h */,
			);
			path = ToolDemo;
			sourceTree = "<group>";
		};
		04EBCD8124DD45FB005D7D8C /* ToolTests */ = {
			isa = PBXGroup;
			children = (
				04EBCD8224DD45FC005D7D8C /* ToolTests.m */,
				04EBCD8424DD45FC005D7D8C /* Info.plist */,
			);
			path = ToolTests;
			sourceTree = "<group>";
		};
		734D819C25110643009834F7 /* 表情键盘 */ = {
			isa = PBXGroup;
			children = (
				734D81A125110679009834F7 /* emoji keyboard */,
				734D81A225110679009834F7 /* input bar */,
			);
			path = "表情键盘";
			sourceTree = "<group>";
		};
		7CD59295263A4E760086E855 /* Tool */ = {
			isa = PBXGroup;
			children = (
				7CD59296263A4E760086E855 /* Tool.h */,
				7CD59297263A4E760086E855 /* Info.plist */,
				7CD59298263A4E760086E855 /* Tool */,
			);
			name = Tool;
			path = ../Tool;
			sourceTree = "<group>";
		};
		7CD59298263A4E760086E855 /* Tool */ = {
			isa = PBXGroup;
			children = (
				7CD59299263A4E760086E855 /* FDFullscreenPopGesture(侧滑返回) */,
				7CD5929C263A4E760086E855 /* Shared(分享) */,
				7CD592A4263A4E760086E855 /* iCarousel(轮播图) */,
				7CD592A9263A4E760086E855 /* LYEmptyView(空白页) */,
				7CD592B3263A4E760086E855 /* MUHookMethodHelper(交换方法) */,
				7CD592B6263A4E760086E855 /* UITableView+FDTemplateLayoutCell */,
				7CD592BF263A4E760086E855 /* Category */,
				7CD592D5263A4E760086E855 /* MHInfoItemCell */,
				7CD592D8263A4E760086E855 /* WSDatePickerView */,
				7CD592DB263A4E760086E855 /* Networking */,
				7CD592DE263A4E760086E855 /* ZZLimitInputManager(正则限制输入框) */,
				7CD592E1263A4E760086E855 /* SPAlertController(仿原始AlertController) */,
				7CD592E4263A4E760086E855 /* RKNotificationHub(小红点) */,
				7CD592E7263A4E760086E855 /* GZCMulitiDelegate(多播代理) */,
				7CD592EA263A4E760086E855 /* StepSlider */,
				7CD592ED263A4E760086E855 /* MUEPaymentManager */,
				7CD592FC263A4E760086E855 /* SWQRCode(扫描器) */,
				7CD59308263A4E760086E855 /* TTGTagCollectionView(tag标签) */,
				7CD5930D263A4E760086E855 /* MBProgressHUD */,
				7CD59312263A4E760086E855 /* SMPageControl */,
				7CD59315263A4E760086E855 /* GPSManager */,
				7CD5931A263A4E760086E855 /* ToolMacro.h */,
				7CD5931B263A4E760086E855 /* SPPageMenu(分页Page) */,
				7CD5931E263A4E760086E855 /* FTPopOverMenu */,
				7CD59321263A4E760086E855 /* Base */,
				7CD5932A263A4E760086E855 /* MHNavigation */,
			);
			path = Tool;
			sourceTree = "<group>";
		};
		7CD59299263A4E760086E855 /* FDFullscreenPopGesture(侧滑返回) */ = {
			isa = PBXGroup;
			children = (
				7CD5929A263A4E760086E855 /* UINavigationController+FDFullscreenPopGesture.h */,
				7CD5929B263A4E760086E855 /* UINavigationController+FDFullscreenPopGesture.m */,
			);
			path = "FDFullscreenPopGesture(侧滑返回)";
			sourceTree = "<group>";
		};
		7CD5929C263A4E760086E855 /* Shared(分享) */ = {
			isa = PBXGroup;
			children = (
				7CD5929D263A4E760086E855 /* Shared.h */,
				7CD5929E263A4E760086E855 /* MUSharedObject.h */,
				7CD5929F263A4E760086E855 /* MULoadingModel.m */,
				7CD592A0263A4E760086E855 /* MUSharedManager.h */,
				7CD592A1263A4E760086E855 /* MULoadingModel.h */,
				7CD592A2263A4E760086E855 /* MUSharedObject.m */,
				7CD592A3263A4E760086E855 /* MUSharedManager.m */,
			);
			path = "Shared(分享)";
			sourceTree = "<group>";
		};
		7CD592A4263A4E760086E855 /* iCarousel(轮播图) */ = {
			isa = PBXGroup;
			children = (
				7CD592A5263A4E760086E855 /* MHCarousel.h */,
				7CD592A6263A4E760086E855 /* iCarousel.m */,
				7CD592A7263A4E760086E855 /* iCarousel.h */,
				7CD592A8263A4E760086E855 /* MHCarousel.m */,
			);
			path = "iCarousel(轮播图)";
			sourceTree = "<group>";
		};
		7CD592A9263A4E760086E855 /* LYEmptyView(空白页) */ = {
			isa = PBXGroup;
			children = (
				7CD592AA263A4E760086E855 /* LYEmptyBaseView.m */,
				7CD592AB263A4E760086E855 /* LYEmptyView.h */,
				7CD592AC263A4E760086E855 /* UIView+Empty.m */,
				7CD592AD263A4E760086E855 /* UIView+LYExtension.m */,
				7CD592AE263A4E760086E855 /* LYEmptyBaseView.h */,
				7CD592AF263A4E760086E855 /* LYEmptyViewHeader.h */,
				7CD592B0263A4E760086E855 /* LYEmptyView.m */,
				7CD592B1263A4E760086E855 /* UIView+LYExtension.h */,
				7CD592B2263A4E760086E855 /* UIView+Empty.h */,
			);
			path = "LYEmptyView(空白页)";
			sourceTree = "<group>";
		};
		7CD592B3263A4E760086E855 /* MUHookMethodHelper(交换方法) */ = {
			isa = PBXGroup;
			children = (
				7CD592B4263A4E760086E855 /* MUHookMethodHelper.h */,
				7CD592B5263A4E760086E855 /* MUHookMethodHelper.m */,
			);
			path = "MUHookMethodHelper(交换方法)";
			sourceTree = "<group>";
		};
		7CD592B6263A4E760086E855 /* UITableView+FDTemplateLayoutCell */ = {
			isa = PBXGroup;
			children = (
				7CD592B7263A4E760086E855 /* UITableView+FDKeyedHeightCache.h */,
				7CD592B8263A4E760086E855 /* UITableView+FDTemplateLayoutCellDebug.h */,
				7CD592B9263A4E760086E855 /* UITableView+FDTemplateLayoutCell.m */,
				7CD592BA263A4E760086E855 /* UITableView+FDIndexPathHeightCache.h */,
				7CD592BB263A4E760086E855 /* UITableView+FDKeyedHeightCache.m */,
				7CD592BC263A4E760086E855 /* UITableView+FDTemplateLayoutCellDebug.m */,
				7CD592BD263A4E760086E855 /* UITableView+FDIndexPathHeightCache.m */,
				7CD592BE263A4E760086E855 /* UITableView+FDTemplateLayoutCell.h */,
			);
			path = "UITableView+FDTemplateLayoutCell";
			sourceTree = "<group>";
		};
		7CD592BF263A4E760086E855 /* Category */ = {
			isa = PBXGroup;
			children = (
				7CD592C0263A4E760086E855 /* NSString+Category.h */,
				7CD592C1263A4E760086E855 /* NSDictionary+LSCore.m */,
				7CD592C2263A4E760086E855 /* UITextView+Placeholder.m */,
				7CD592C3263A4E760086E855 /* UIButton+Category.m */,
				7CD592C4263A4E760086E855 /* UIImage+MUColor.m */,
				7CD592C5263A4E760086E855 /* NSDate+MHExtension.m */,
				7CD592C6263A4E760086E855 /* NSDecimalNumber+Addtion.h */,
				7CD592C7263A4E760086E855 /* UIView+MHCategory.h */,
				7CD592C8263A4E760086E855 /* UILabel+topString.h */,
				7CD592C9263A4E760086E855 /* NSMutableAttributedString+SCRAttributedStringBuilder.m */,
				7CD592CA263A4E760086E855 /* NSDictionary+LSCore.h */,
				7CD592CB263A4E760086E855 /* NSString+Category.m */,
				7CD592CC263A4E760086E855 /* NullSafe.m */,
				7CD592CD263A4E760086E855 /* UITextView+Placeholder.h */,
				7CD592CE263A4E760086E855 /* UIImage+MUColor.h */,
				7CD592CF263A4E760086E855 /* UIButton+Category.h */,
				7CD592D0263A4E760086E855 /* UILabel+topString.m */,
				7CD592D1263A4E760086E855 /* NSMutableAttributedString+SCRAttributedStringBuilder.h */,
				7CD592D2263A4E760086E855 /* UIView+MHCategory.m */,
				7CD592D3263A4E760086E855 /* NSDate+MHExtension.h */,
				7CD592D4263A4E760086E855 /* NSDecimalNumber+Addtion.m */,
			);
			path = Category;
			sourceTree = "<group>";
		};
		7CD592D5263A4E760086E855 /* MHInfoItemCell */ = {
			isa = PBXGroup;
			children = (
				7CD592D6263A4E760086E855 /* MHInfoItemCell.h */,
				7CD592D7263A4E760086E855 /* MHInfoItemCell.m */,
			);
			path = MHInfoItemCell;
			sourceTree = "<group>";
		};
		7CD592D8263A4E760086E855 /* WSDatePickerView */ = {
			isa = PBXGroup;
			children = (
				7CD592D9263A4E760086E855 /* WSDatePickerView.h */,
				7CD592DA263A4E760086E855 /* WSDatePickerView.m */,
			);
			path = WSDatePickerView;
			sourceTree = "<group>";
		};
		7CD592DB263A4E760086E855 /* Networking */ = {
			isa = PBXGroup;
			children = (
				7CD592DC263A4E760086E855 /* MHHTTPSessionManager.h */,
				7CD592DD263A4E760086E855 /* MHHTTPSessionManager.m */,
			);
			path = Networking;
			sourceTree = "<group>";
		};
		7CD592DE263A4E760086E855 /* ZZLimitInputManager(正则限制输入框) */ = {
			isa = PBXGroup;
			children = (
				7CD592DF263A4E760086E855 /* ZZLimitInputManager.m */,
				7CD592E0263A4E760086E855 /* ZZLimitInputManager.h */,
			);
			path = "ZZLimitInputManager(正则限制输入框)";
			sourceTree = "<group>";
		};
		7CD592E1263A4E760086E855 /* SPAlertController(仿原始AlertController) */ = {
			isa = PBXGroup;
			children = (
				7CD592E2263A4E760086E855 /* SPAlertController.m */,
				7CD592E3263A4E760086E855 /* SPAlertController.h */,
			);
			path = "SPAlertController(仿原始AlertController)";
			sourceTree = "<group>";
		};
		7CD592E4263A4E760086E855 /* RKNotificationHub(小红点) */ = {
			isa = PBXGroup;
			children = (
				7CD592E5263A4E760086E855 /* RKNotificationHub.h */,
				7CD592E6263A4E760086E855 /* RKNotificationHub.m */,
			);
			path = "RKNotificationHub(小红点)";
			sourceTree = "<group>";
		};
		7CD592E7263A4E760086E855 /* GZCMulitiDelegate(多播代理) */ = {
			isa = PBXGroup;
			children = (
				7CD592E8263A4E760086E855 /* GZCMulitiDelegate.m */,
				7CD592E9263A4E760086E855 /* GZCMulitiDelegate.h */,
			);
			path = "GZCMulitiDelegate(多播代理)";
			sourceTree = "<group>";
		};
		7CD592EA263A4E760086E855 /* StepSlider */ = {
			isa = PBXGroup;
			children = (
				7CD592EB263A4E760086E855 /* StepSlider.m */,
				7CD592EC263A4E760086E855 /* StepSlider.h */,
			);
			path = StepSlider;
			sourceTree = "<group>";
		};
		7CD592ED263A4E760086E855 /* MUEPaymentManager */ = {
			isa = PBXGroup;
			children = (
				7CD592EE263A4E760086E855 /* MUEWeChatPayModel.m */,
				7CD592EF263A4E760086E855 /* MUEAliPayModel.h */,
				7CD592F0263A4E760086E855 /* MUEPaymentManager.h */,
				7CD592F1263A4E760086E855 /* MUEWeChatPayModel.h */,
				7CD592F2263A4E760086E855 /* weixin */,
				7CD592F7263A4E760086E855 /* AlipaySDK */,
				7CD592FA263A4E760086E855 /* MUEPaymentManager.m */,
				7CD592FB263A4E760086E855 /* MUEAliPayModel.m */,
			);
			path = MUEPaymentManager;
			sourceTree = "<group>";
		};
		7CD592F2263A4E760086E855 /* weixin */ = {
			isa = PBXGroup;
			children = (
				7CD592F3263A4E760086E855 /* WXApi.h */,
				7CD592F4263A4E760086E855 /* WXApiObject.h */,
				7CD592F5263A4E760086E855 /* WechatAuthSDK.h */,
				7CD592F6263A4E760086E855 /* libWeChatSDK.a */,
			);
			path = weixin;
			sourceTree = "<group>";
		};
		7CD592F7263A4E760086E855 /* AlipaySDK */ = {
			isa = PBXGroup;
			children = (
				7CD592F8263A4E760086E855 /* AlipaySDK.bundle */,
				7CD592F9263A4E760086E855 /* AlipaySDK.framework */,
			);
			path = AlipaySDK;
			sourceTree = "<group>";
		};
		7CD592FC263A4E760086E855 /* SWQRCode(扫描器) */ = {
			isa = PBXGroup;
			children = (
				7CD592FD263A4E760086E855 /* Config */,
				7CD59303263A4E760086E855 /* SWQRCodeViewController.m */,
				7CD59304263A4E760086E855 /* View */,
				7CD59307263A4E760086E855 /* SWQRCodeViewController.h */,
			);
			path = "SWQRCode(扫描器)";
			sourceTree = "<group>";
		};
		7CD592FD263A4E760086E855 /* Config */ = {
			isa = PBXGroup;
			children = (
				7CD592FE263A4E760086E855 /* SWQRCodeConfig.m */,
				7CD592FF263A4E760086E855 /* SWQRCodeManager.m */,
				7CD59300263A4E760086E855 /* SWQRCodeConfig.h */,
				7CD59301263A4E760086E855 /* SWQRCode.h */,
				7CD59302263A4E760086E855 /* SWQRCodeManager.h */,
			);
			path = Config;
			sourceTree = "<group>";
		};
		7CD59304263A4E760086E855 /* View */ = {
			isa = PBXGroup;
			children = (
				7CD59305263A4E760086E855 /* SWScannerView.m */,
				7CD59306263A4E760086E855 /* SWScannerView.h */,
			);
			path = View;
			sourceTree = "<group>";
		};
		7CD59308263A4E760086E855 /* TTGTagCollectionView(tag标签) */ = {
			isa = PBXGroup;
			children = (
				7CD59309263A4E760086E855 /* TTGTagCollectionView.h */,
				7CD5930A263A4E760086E855 /* TTGTextTagCollectionView.h */,
				7CD5930B263A4E760086E855 /* TTGTagCollectionView.m */,
				7CD5930C263A4E760086E855 /* TTGTextTagCollectionView.m */,
			);
			path = "TTGTagCollectionView(tag标签)";
			sourceTree = "<group>";
		};
		7CD5930D263A4E760086E855 /* MBProgressHUD */ = {
			isa = PBXGroup;
			children = (
				7CD5930E263A4E760086E855 /* MBProgressHUD.m */,
				7CD5930F263A4E760086E855 /* MBProgressHUD+Add.m */,
				7CD59310263A4E760086E855 /* MBProgressHUD.h */,
				7CD59311263A4E760086E855 /* MBProgressHUD+Add.h */,
			);
			path = MBProgressHUD;
			sourceTree = "<group>";
		};
		7CD59312263A4E760086E855 /* SMPageControl */ = {
			isa = PBXGroup;
			children = (
				7CD59313263A4E760086E855 /* SMPageControl.m */,
				7CD59314263A4E760086E855 /* SMPageControl.h */,
			);
			path = SMPageControl;
			sourceTree = "<group>";
		};
		7CD59315263A4E760086E855 /* GPSManager */ = {
			isa = PBXGroup;
			children = (
				7CD59316263A4E760086E855 /* Placemark.h */,
				7CD59317263A4E760086E855 /* GPSManager.h */,
				7CD59318263A4E760086E855 /* Placemark.m */,
				7CD59319263A4E760086E855 /* GPSManager.m */,
			);
			path = GPSManager;
			sourceTree = "<group>";
		};
		7CD5931B263A4E760086E855 /* SPPageMenu(分页Page) */ = {
			isa = PBXGroup;
			children = (
				7CD5931C263A4E760086E855 /* SPPageMenu.m */,
				7CD5931D263A4E760086E855 /* SPPageMenu.h */,
			);
			path = "SPPageMenu(分页Page)";
			sourceTree = "<group>";
		};
		7CD5931E263A4E760086E855 /* FTPopOverMenu */ = {
			isa = PBXGroup;
			children = (
				7CD5931F263A4E760086E855 /* FTPopOverMenu.h */,
				7CD59320263A4E760086E855 /* FTPopOverMenu.m */,
			);
			path = FTPopOverMenu;
			sourceTree = "<group>";
		};
		7CD59321263A4E760086E855 /* Base */ = {
			isa = PBXGroup;
			children = (
				7CD59322263A4E760086E855 /* MHWebViewController.m */,
				7CD59323263A4E760086E855 /* MHBaseViewController.m */,
				7CD59324263A4E760086E855 /* MHBaseModel.h */,
				7CD59325263A4E760086E855 /* MHBaseTableViewController.m */,
				7CD59326263A4E760086E855 /* MHBaseViewController.h */,
				7CD59327263A4E760086E855 /* MHWebViewController.h */,
				7CD59328263A4E760086E855 /* MHBaseModel.m */,
				7CD59329263A4E760086E855 /* MHBaseTableViewController.h */,
			);
			path = Base;
			sourceTree = "<group>";
		};
		7CD5932A263A4E760086E855 /* MHNavigation */ = {
			isa = PBXGroup;
			children = (
				7CD5932B263A4E760086E855 /* MHNavigation.m */,
				7CD5932C263A4E760086E855 /* MHNavigation.h */,
			);
			path = MHNavigation;
			sourceTree = "<group>";
		};
		7D4830A23E1A4DBEA5AA57B6 /* Frameworks */ = {
			isa = PBXGroup;
			children = (
				C0B31E198B12B549366BC1F8 /* Pods_Tool.framework */,
				F1D1D7E67C9F2FDA51D0218F /* Pods_ToolDemo.framework */,
			);
			name = Frameworks;
			sourceTree = "<group>";
		};
/* End PBXGroup section */

/* Begin PBXHeadersBuildPhase section */
		04EBCD6E24DD45FB005D7D8C /* Headers */ = {
			isa = PBXHeadersBuildPhase;
			buildActionMask = 2147483647;
			files = (
			);
			runOnlyForDeploymentPostprocessing = 0;
		};
/* End PBXHeadersBuildPhase section */

/* Begin PBXNativeTarget section */
		04EBCC5524DD4434005D7D8C /* ToolDemo */ = {
			isa = PBXNativeTarget;
			buildConfigurationList = 04EBCC8524DD4436005D7D8C /* Build configuration list for PBXNativeTarget "ToolDemo" */;
			buildPhases = (
				04EBCC5224DD4434005D7D8C /* Sources */,
				04EBCC5324DD4434005D7D8C /* Frameworks */,
				04EBCC5424DD4434005D7D8C /* Resources */,
				CCDD1AB58CEE049A9D96FC1B /* [CP] Embed Pods Frameworks */,
				04445C7824E1356A00D4FA5C /* Embed Frameworks */,
			);
			buildRules = (
			);
			dependencies = (
				04445C7324E1353500D4FA5C /* PBXTargetDependency */,
			);
			name = ToolDemo;
			productName = ToolDemo;
			productReference = 04EBCC5624DD4434005D7D8C /* ToolDemo.app */;
			productType = "com.apple.product-type.application";
		};
		04EBCD7224DD45FB005D7D8C /* Tool */ = {
			isa = PBXNativeTarget;
			buildConfigurationList = 04EBCD8A24DD45FC005D7D8C /* Build configuration list for PBXNativeTarget "Tool" */;
			buildPhases = (
				F198935D58886A597DB77E10 /* [CP] Check Pods Manifest.lock */,
				04EBCD6E24DD45FB005D7D8C /* Headers */,
				04EBCD6F24DD45FB005D7D8C /* Sources */,
				04EBCD7024DD45FB005D7D8C /* Frameworks */,
				04EBCD7124DD45FB005D7D8C /* Resources */,
				04AE7EA124DD526400A94C6D /* ShellScript */,
			);
			buildRules = (
			);
			dependencies = (
			);
			name = Tool;
			productName = Tool;
			productReference = 04EBCD7324DD45FB005D7D8C /* Tool.framework */;
			productType = "com.apple.product-type.framework";
		};
/* End PBXNativeTarget section */

/* Begin PBXProject section */
		04EBCC4E24DD4434005D7D8C /* Project object */ = {
			isa = PBXProject;
			attributes = {
				LastUpgradeCheck = 1160;
				ORGANIZATIONNAME = Mac;
				TargetAttributes = {
					04EBCC5524DD4434005D7D8C = {
						CreatedOnToolsVersion = 11.6;
					};
					04EBCD7224DD45FB005D7D8C = {
						CreatedOnToolsVersion = 11.6;
					};
				};
			};
			buildConfigurationList = 04EBCC5124DD4434005D7D8C /* Build configuration list for PBXProject "ToolDemo" */;
			compatibilityVersion = "Xcode 9.3";
			developmentRegion = en;
			hasScannedForEncodings = 0;
			knownRegions = (
				en,
				Base,
			);
			mainGroup = 04EBCC4D24DD4434005D7D8C;
			productRefGroup = 04EBCC5724DD4434005D7D8C /* Products */;
			projectDirPath = "";
			projectRoot = "";
			targets = (
				04EBCC5524DD4434005D7D8C /* ToolDemo */,
				04EBCD7224DD45FB005D7D8C /* Tool */,
			);
		};
/* End PBXProject section */

/* Begin PBXResourcesBuildPhase section */
		04EBCC5424DD4434005D7D8C /* Resources */ = {
			isa = PBXResourcesBuildPhase;
			buildActionMask = 2147483647;
			files = (
				734D81A425110679009834F7 /* input bar in Resources */,
				04F0EDB0253535F500F20FED /* test.html in Resources */,
				7CD59352263A4E760086E855 /* AlipaySDK.bundle in Resources */,
				7CD5932D263A4E760086E855 /* Info.plist in Resources */,
				04EBCC6924DD4436005D7D8C /* LaunchScreen.storyboard in Resources */,
				04EBCC6624DD4436005D7D8C /* Assets.xcassets in Resources */,
				734D81A325110679009834F7 /* emoji keyboard in Resources */,
			);
			runOnlyForDeploymentPostprocessing = 0;
		};
		04EBCD7124DD45FB005D7D8C /* Resources */ = {
			isa = PBXResourcesBuildPhase;
			buildActionMask = 2147483647;
			files = (
			);
			runOnlyForDeploymentPostprocessing = 0;
		};
/* End PBXResourcesBuildPhase section */

/* Begin PBXShellScriptBuildPhase section */
		04AE7EA124DD526400A94C6D /* ShellScript */ = {
			isa = PBXShellScriptBuildPhase;
			buildActionMask = 2147483647;
			files = (
			);
			inputFileListPaths = (
			);
			inputPaths = (
			);
			outputFileListPaths = (
			);
			outputPaths = (
			);
			runOnlyForDeploymentPostprocessing = 0;
			shellPath = /bin/sh;
			shellScript = "TARGETS_NAME=Tool\n\n\n\nINSTALL_DIR=${SRCROOT}/framework/${TARGETS_NAME}.framework\n\nDEVICE_DIR=${BUILD_ROOT}/${CONFIGURATION}-iphoneos/${TARGETS_NAME}.framework\n\nSIMULATOR_DIR=${BUILD_ROOT}/${CONFIGURATION}-iphonesimulator/${TARGETS_NAME}.framework\n\n\nif [ -d \"${INSTALL_DIR}\" ]\nthen\nrm -rf \"${INSTALL_DIR}\"\nfi\n\n\n\nmkdir -p \"${INSTALL_DIR}\"\n\n\n\n\ncp -R \"${DEVICE_DIR}/\" \"${INSTALL_DIR}/\"\n#ditto \"${DEVICE_DIR}/Headers\" \"${INSTALL_DIR}/Headers\"\n\nlipo -create \"${DEVICE_DIR}/${TARGETS_NAME}\" \"${SIMULATOR_DIR}/${TARGETS_NAME}\" -output \"${INSTALL_DIR}/${TARGETS_NAME}\"\n\n#open \"${DEVICE_DIR}\"\n#open \"${SRCROOT}/\"\n\n";
		};
		CCDD1AB58CEE049A9D96FC1B /* [CP] Embed Pods Frameworks */ = {
			isa = PBXShellScriptBuildPhase;
			buildActionMask = 2147483647;
			files = (
			);
			inputFileListPaths = (
				"${PODS_ROOT}/Target Support Files/Pods-ToolDemo/Pods-ToolDemo-frameworks-${CONFIGURATION}-input-files.xcfilelist",
			);
			name = "[CP] Embed Pods Frameworks";
			outputFileListPaths = (
				"${PODS_ROOT}/Target Support Files/Pods-ToolDemo/Pods-ToolDemo-frameworks-${CONFIGURATION}-output-files.xcfilelist",
			);
			runOnlyForDeploymentPostprocessing = 0;
			shellPath = /bin/sh;
			shellScript = "\"${PODS_ROOT}/Target Support Files/Pods-ToolDemo/Pods-ToolDemo-frameworks.sh\"\n";
			showEnvVarsInLog = 0;
		};
		F198935D58886A597DB77E10 /* [CP] Check Pods Manifest.lock */ = {
			isa = PBXShellScriptBuildPhase;
			buildActionMask = 2147483647;
			files = (
			);
			inputFileListPaths = (
			);
			inputPaths = (
				"${PODS_PODFILE_DIR_PATH}/Podfile.lock",
				"${PODS_ROOT}/Manifest.lock",
			);
			name = "[CP] Check Pods Manifest.lock";
			outputFileListPaths = (
			);
			outputPaths = (
				"$(DERIVED_FILE_DIR)/Pods-Tool-checkManifestLockResult.txt",
			);
			runOnlyForDeploymentPostprocessing = 0;
			shellPath = /bin/sh;
			shellScript = "diff \"${PODS_PODFILE_DIR_PATH}/Podfile.lock\" \"${PODS_ROOT}/Manifest.lock\" > /dev/null\nif [ $? != 0 ] ; then\n    # print error to STDERR\n    echo \"error: The sandbox is not in sync with the Podfile.lock. Run 'pod install' or update your CocoaPods installation.\" >&2\n    exit 1\nfi\n# This output is used by Xcode 'outputs' to avoid re-running this script phase.\necho \"SUCCESS\" > \"${SCRIPT_OUTPUT_FILE_0}\"\n";
			showEnvVarsInLog = 0;
		};
/* End PBXShellScriptBuildPhase section */

/* Begin PBXSourcesBuildPhase section */
		04EBCC5224DD4434005D7D8C /* Sources */ = {
			isa = PBXSourcesBuildPhase;
			buildActionMask = 2147483647;
			files = (
				7CD5934F263A4E760086E855 /* StepSlider.m in Sources */,
				7CD5933C263A4E760086E855 /* UITableView+FDIndexPathHeightCache.m in Sources */,
				7CD5933E263A4E760086E855 /* UITextView+Placeholder.m in Sources */,
				7CD59335263A4E760086E855 /* UIView+Empty.m in Sources */,
				7CD59343263A4E760086E855 /* NSString+Category.m in Sources */,
				7CD59341263A4E760086E855 /* NSDate+MHExtension.m in Sources */,
				7CD59339263A4E760086E855 /* UITableView+FDTemplateLayoutCell.m in Sources */,
				7CD59331263A4E760086E855 /* MUSharedManager.m in Sources */,
				7CD59359263A4E760086E855 /* SWScannerView.m in Sources */,
				7CD5935A263A4E760086E855 /* TTGTagCollectionView.m in Sources */,
				7CD5932F263A4E760086E855 /* MULoadingModel.m in Sources */,
				7CD5932E263A4E760086E855 /* UINavigationController+FDFullscreenPopGesture.m in Sources */,
				7CD59358263A4E760086E855 /* SWQRCodeViewController.m in Sources */,
				7CD5933A263A4E760086E855 /* UITableView+FDKeyedHeightCache.m in Sources */,
				7CD59362263A4E760086E855 /* FTPopOverMenu.m in Sources */,
				7CD59332263A4E760086E855 /* iCarousel.m in Sources */,
				7CD5933F263A4E760086E855 /* UIButton+Category.m in Sources */,
				7CD59366263A4E760086E855 /* MHBaseModel.m in Sources */,
				7CD59350263A4E760086E855 /* MUEWeChatPayModel.m in Sources */,
				7CD59354263A4E760086E855 /* MUEPaymentManager.m in Sources */,
				7CD59333263A4E760086E855 /* MHCarousel.m in Sources */,
				73B3A91E2534A678008066B1 /* BaseWebViewController.m in Sources */,
				7CD59349263A4E760086E855 /* WSDatePickerView.m in Sources */,
				7CD59338263A4E760086E855 /* MUHookMethodHelper.m in Sources */,
				7CD5934C263A4E760086E855 /* SPAlertController.m in Sources */,
				7CD59364263A4E760086E855 /* MHBaseViewController.m in Sources */,
				7CD59347263A4E760086E855 /* NSDecimalNumber+Addtion.m in Sources */,
				7CD5935F263A4E760086E855 /* Placemark.m in Sources */,
				7CD59336263A4E760086E855 /* UIView+LYExtension.m in Sources */,
				7CD59367263A4E760086E855 /* MHNavigation.m in Sources */,
				7CD59355263A4E760086E855 /* MUEAliPayModel.m in Sources */,
				7CD5933B263A4E760086E855 /* UITableView+FDTemplateLayoutCellDebug.m in Sources */,
				7CD59365263A4E760086E855 /* MHBaseTableViewController.m in Sources */,
				7CD59345263A4E760086E855 /* UILabel+topString.m in Sources */,
				7CD5935B263A4E760086E855 /* TTGTextTagCollectionView.m in Sources */,
				7CD5934B263A4E760086E855 /* ZZLimitInputManager.m in Sources */,
				04EBCC6124DD4434005D7D8C /* ViewController.m in Sources */,
				7CD5935C263A4E760086E855 /* MBProgressHUD.m in Sources */,
				7CD59340263A4E760086E855 /* UIImage+MUColor.m in Sources */,
				7CD59342263A4E760086E855 /* NSMutableAttributedString+SCRAttributedStringBuilder.m in Sources */,
				7CD5935E263A4E760086E855 /* SMPageControl.m in Sources */,
				7CD59344263A4E760086E855 /* NullSafe.m in Sources */,
				7CD59346263A4E760086E855 /* UIView+MHCategory.m in Sources */,
				7CD5935D263A4E760086E855 /* MBProgressHUD+Add.m in Sources */,
				7CD5934A263A4E760086E855 /* MHHTTPSessionManager.m in Sources */,
				7CD59357263A4E760086E855 /* SWQRCodeManager.m in Sources */,
				7CD59348263A4E760086E855 /* MHInfoItemCell.m in Sources */,
				7CD59361263A4E760086E855 /* SPPageMenu.m in Sources */,
				7CD59363263A4E760086E855 /* MHWebViewController.m in Sources */,
				7CD5934D263A4E760086E855 /* RKNotificationHub.m in Sources */,
				7CD5933D263A4E760086E855 /* NSDictionary+LSCore.m in Sources */,
				7CD59360263A4E760086E855 /* GPSManager.m in Sources */,
				7CD59337263A4E760086E855 /* LYEmptyView.m in Sources */,
				7CD59330263A4E760086E855 /* MUSharedObject.m in Sources */,
				7CD59356263A4E760086E855 /* SWQRCodeConfig.m in Sources */,
				04EBCC5B24DD4434005D7D8C /* AppDelegate.m in Sources */,
				7CD5934E263A4E760086E855 /* GZCMulitiDelegate.m in Sources */,
				04EBCC6C24DD4436005D7D8C /* main.m in Sources */,
				7CD59334263A4E760086E855 /* LYEmptyBaseView.m in Sources */,
			);
			runOnlyForDeploymentPostprocessing = 0;
		};
		04EBCD6F24DD45FB005D7D8C /* Sources */ = {
			isa = PBXSourcesBuildPhase;
			buildActionMask = 2147483647;
			files = (
			);
			runOnlyForDeploymentPostprocessing = 0;
		};
/* End PBXSourcesBuildPhase section */

/* Begin PBXTargetDependency section */
		04445C7324E1353500D4FA5C /* PBXTargetDependency */ = {
			isa = PBXTargetDependency;
			target = 04EBCD7224DD45FB005D7D8C /* Tool */;
			targetProxy = 04445C7224E1353500D4FA5C /* PBXContainerItemProxy */;
		};
/* End PBXTargetDependency section */

/* Begin PBXVariantGroup section */
		04EBCC6724DD4436005D7D8C /* LaunchScreen.storyboard */ = {
			isa = PBXVariantGroup;
			children = (
				04EBCC6824DD4436005D7D8C /* Base */,
			);
			name = LaunchScreen.storyboard;
			sourceTree = "<group>";
		};
/* End PBXVariantGroup section */

/* Begin XCBuildConfiguration section */
		04EBCC8324DD4436005D7D8C /* Debug */ = {
			isa = XCBuildConfiguration;
			buildSettings = {
				ALWAYS_SEARCH_USER_PATHS = NO;
				CLANG_ANALYZER_NONNULL = YES;
				CLANG_ANALYZER_NUMBER_OBJECT_CONVERSION = YES_AGGRESSIVE;
				CLANG_CXX_LANGUAGE_STANDARD = "gnu++14";
				CLANG_CXX_LIBRARY = "libc++";
				CLANG_ENABLE_MODULES = YES;
				CLANG_ENABLE_OBJC_ARC = YES;
				CLANG_ENABLE_OBJC_WEAK = YES;
				CLANG_WARN_BLOCK_CAPTURE_AUTORELEASING = YES;
				CLANG_WARN_BOOL_CONVERSION = YES;
				CLANG_WARN_COMMA = YES;
				CLANG_WARN_CONSTANT_CONVERSION = YES;
				CLANG_WARN_DEPRECATED_OBJC_IMPLEMENTATIONS = YES;
				CLANG_WARN_DIRECT_OBJC_ISA_USAGE = YES_ERROR;
				CLANG_WARN_DOCUMENTATION_COMMENTS = YES;
				CLANG_WARN_EMPTY_BODY = YES;
				CLANG_WARN_ENUM_CONVERSION = YES;
				CLANG_WARN_INFINITE_RECURSION = YES;
				CLANG_WARN_INT_CONVERSION = YES;
				CLANG_WARN_NON_LITERAL_NULL_CONVERSION = YES;
				CLANG_WARN_OBJC_IMPLICIT_RETAIN_SELF = YES;
				CLANG_WARN_OBJC_LITERAL_CONVERSION = YES;
				CLANG_WARN_OBJC_ROOT_CLASS = YES_ERROR;
				CLANG_WARN_RANGE_LOOP_ANALYSIS = YES;
				CLANG_WARN_STRICT_PROTOTYPES = YES;
				CLANG_WARN_SUSPICIOUS_MOVE = YES;
				CLANG_WARN_UNGUARDED_AVAILABILITY = YES_AGGRESSIVE;
				CLANG_WARN_UNREACHABLE_CODE = YES;
				CLANG_WARN__DUPLICATE_METHOD_MATCH = YES;
				COPY_PHASE_STRIP = NO;
				DEBUG_INFORMATION_FORMAT = dwarf;
				ENABLE_STRICT_OBJC_MSGSEND = YES;
				ENABLE_TESTABILITY = YES;
				GCC_C_LANGUAGE_STANDARD = gnu11;
				GCC_DYNAMIC_NO_PIC = NO;
				GCC_NO_COMMON_BLOCKS = YES;
				GCC_OPTIMIZATION_LEVEL = 0;
				GCC_PREPROCESSOR_DEFINITIONS = (
					"DEBUG=1",
					"$(inherited)",
				);
				GCC_WARN_64_TO_32_BIT_CONVERSION = YES;
				GCC_WARN_ABOUT_RETURN_TYPE = YES_ERROR;
				GCC_WARN_UNDECLARED_SELECTOR = YES;
				GCC_WARN_UNINITIALIZED_AUTOS = YES_AGGRESSIVE;
				GCC_WARN_UNUSED_FUNCTION = YES;
				GCC_WARN_UNUSED_VARIABLE = YES;
				IPHONEOS_DEPLOYMENT_TARGET = 9.0;
				MTL_ENABLE_DEBUG_INFO = INCLUDE_SOURCE;
				MTL_FAST_MATH = YES;
				ONLY_ACTIVE_ARCH = YES;
				SDKROOT = iphoneos;
			};
			name = Debug;
		};
		04EBCC8424DD4436005D7D8C /* Release */ = {
			isa = XCBuildConfiguration;
			buildSettings = {
				ALWAYS_SEARCH_USER_PATHS = NO;
				CLANG_ANALYZER_NONNULL = YES;
				CLANG_ANALYZER_NUMBER_OBJECT_CONVERSION = YES_AGGRESSIVE;
				CLANG_CXX_LANGUAGE_STANDARD = "gnu++14";
				CLANG_CXX_LIBRARY = "libc++";
				CLANG_ENABLE_MODULES = YES;
				CLANG_ENABLE_OBJC_ARC = YES;
				CLANG_ENABLE_OBJC_WEAK = YES;
				CLANG_WARN_BLOCK_CAPTURE_AUTORELEASING = YES;
				CLANG_WARN_BOOL_CONVERSION = YES;
				CLANG_WARN_COMMA = YES;
				CLANG_WARN_CONSTANT_CONVERSION = YES;
				CLANG_WARN_DEPRECATED_OBJC_IMPLEMENTATIONS = YES;
				CLANG_WARN_DIRECT_OBJC_ISA_USAGE = YES_ERROR;
				CLANG_WARN_DOCUMENTATION_COMMENTS = YES;
				CLANG_WARN_EMPTY_BODY = YES;
				CLANG_WARN_ENUM_CONVERSION = YES;
				CLANG_WARN_INFINITE_RECURSION = YES;
				CLANG_WARN_INT_CONVERSION = YES;
				CLANG_WARN_NON_LITERAL_NULL_CONVERSION = YES;
				CLANG_WARN_OBJC_IMPLICIT_RETAIN_SELF = YES;
				CLANG_WARN_OBJC_LITERAL_CONVERSION = YES;
				CLANG_WARN_OBJC_ROOT_CLASS = YES_ERROR;
				CLANG_WARN_RANGE_LOOP_ANALYSIS = YES;
				CLANG_WARN_STRICT_PROTOTYPES = YES;
				CLANG_WARN_SUSPICIOUS_MOVE = YES;
				CLANG_WARN_UNGUARDED_AVAILABILITY = YES_AGGRESSIVE;
				CLANG_WARN_UNREACHABLE_CODE = YES;
				CLANG_WARN__DUPLICATE_METHOD_MATCH = YES;
				COPY_PHASE_STRIP = NO;
				DEBUG_INFORMATION_FORMAT = "dwarf-with-dsym";
				ENABLE_NS_ASSERTIONS = NO;
				ENABLE_STRICT_OBJC_MSGSEND = YES;
				GCC_C_LANGUAGE_STANDARD = gnu11;
				GCC_NO_COMMON_BLOCKS = YES;
				GCC_WARN_64_TO_32_BIT_CONVERSION = YES;
				GCC_WARN_ABOUT_RETURN_TYPE = YES_ERROR;
				GCC_WARN_UNDECLARED_SELECTOR = YES;
				GCC_WARN_UNINITIALIZED_AUTOS = YES_AGGRESSIVE;
				GCC_WARN_UNUSED_FUNCTION = YES;
				GCC_WARN_UNUSED_VARIABLE = YES;
				IPHONEOS_DEPLOYMENT_TARGET = 9.0;
				MTL_ENABLE_DEBUG_INFO = NO;
				MTL_FAST_MATH = YES;
				SDKROOT = iphoneos;
				VALIDATE_PRODUCT = YES;
			};
			name = Release;
		};
		04EBCC8624DD4436005D7D8C /* Debug */ = {
			isa = XCBuildConfiguration;
			buildSettings = {
				ASSETCATALOG_COMPILER_APPICON_NAME = AppIcon;
				CODE_SIGN_STYLE = Automatic;
				DEVELOPMENT_TEAM = ZNR56QECEL;
				FRAMEWORK_SEARCH_PATHS = (
					"$(inherited)",
					"$(PROJECT_DIR)/Products",
				);
				INFOPLIST_FILE = ToolDemo/Info.plist;
				LD_RUNPATH_SEARCH_PATHS = (
					"$(inherited)",
					"@executable_path/Frameworks",
				);
				OTHER_LDFLAGS = (
					"$(inherited)",
					"-framework",
					"\"AFNetworking\"",
					"-framework",
					"\"CoreGraphics\"",
					"-framework",
					"\"Foundation\"",
					"-framework",
					"\"ImageIO\"",
					"-framework",
					"\"MJRefresh\"",
					"-framework",
					"\"Masonry\"",
					"-framework",
					"\"MobileCoreServices\"",
					"-framework",
					"\"QuartzCore\"",
					"-framework",
					"\"Security\"",
					"-framework",
					"\"SystemConfiguration\"",
					"-framework",
					"\"UIKit\"",
					"-ObjC",
				);
				PRODUCT_BUNDLE_IDENTIFIER = a.ToolDemo;
				PRODUCT_NAME = "$(TARGET_NAME)";
				SWIFT_OBJC_BRIDGING_HEADER = "$(SRCROOT)/ToolDemo/ocSwiftBridging.header.h";
				SWIFT_VERSION = 4.0;
				TARGETED_DEVICE_FAMILY = "1,2";
			};
			name = Debug;
		};
		04EBCC8724DD4436005D7D8C /* Release */ = {
			isa = XCBuildConfiguration;
			buildSettings = {
				ASSETCATALOG_COMPILER_APPICON_NAME = AppIcon;
				CODE_SIGN_STYLE = Automatic;
				DEVELOPMENT_TEAM = ZNR56QECEL;
				FRAMEWORK_SEARCH_PATHS = (
					"$(inherited)",
					"$(PROJECT_DIR)/Products",
				);
				INFOPLIST_FILE = ToolDemo/Info.plist;
				LD_RUNPATH_SEARCH_PATHS = (
					"$(inherited)",
					"@executable_path/Frameworks",
				);
				OTHER_LDFLAGS = (
					"$(inherited)",
					"-framework",
					"\"AFNetworking\"",
					"-framework",
					"\"CoreGraphics\"",
					"-framework",
					"\"Foundation\"",
					"-framework",
					"\"ImageIO\"",
					"-framework",
					"\"MJRefresh\"",
					"-framework",
					"\"Masonry\"",
					"-framework",
					"\"MobileCoreServices\"",
					"-framework",
					"\"QuartzCore\"",
					"-framework",
					"\"Security\"",
					"-framework",
					"\"SystemConfiguration\"",
					"-framework",
					"\"UIKit\"",
					"-ObjC",
				);
				PRODUCT_BUNDLE_IDENTIFIER = a.ToolDemo;
				PRODUCT_NAME = "$(TARGET_NAME)";
				SWIFT_OBJC_BRIDGING_HEADER = "$(SRCROOT)/ToolDemo/ocSwiftBridging.header.h";
				SWIFT_VERSION = 4.0;
				TARGETED_DEVICE_FAMILY = "1,2";
			};
			name = Release;
		};
		04EBCD8B24DD45FC005D7D8C /* Debug */ = {
			isa = XCBuildConfiguration;
			buildSettings = {
				CODE_SIGN_STYLE = Automatic;
				CURRENT_PROJECT_VERSION = 1;
				DEAD_CODE_STRIPPING = YES;
				DEFINES_MODULE = YES;
				DEVELOPMENT_TEAM = ZNR56QECEL;
				DYLIB_COMPATIBILITY_VERSION = 1;
				DYLIB_CURRENT_VERSION = 1;
				DYLIB_INSTALL_NAME_BASE = "@rpath";
				GCC_GENERATE_DEBUGGING_SYMBOLS = YES;
				INFOPLIST_FILE = Tool/Info.plist;
				INSTALL_PATH = "$(LOCAL_LIBRARY_DIR)/Frameworks";
				LD_RUNPATH_SEARCH_PATHS = (
					"$(inherited)",
					"@executable_path/Frameworks",
					"@loader_path/Frameworks",
				);
				LIBRARY_SEARCH_PATHS = (
					"$(inherited)",
					"$(PROJECT_DIR)/Tool/Tool/PlayerManager(音视频播放器)/lame",
				);
				LINK_WITH_STANDARD_LIBRARIES = NO;
				MACH_O_TYPE = staticlib;
				OTHER_LDFLAGS = (
					"$(inherited)",
					"-framework",
					"\"AFNetworking\"",
					"-framework",
					"\"CoreGraphics\"",
					"-framework",
					"\"Foundation\"",
					"-framework",
					"\"ImageIO\"",
					"-framework",
					"\"MJRefresh\"",
					"-framework",
					"\"Masonry\"",
					"-framework",
					"\"MobileCoreServices\"",
					"-framework",
					"\"QuartzCore\"",
					"-framework",
					"\"Security\"",
					"-framework",
					"\"SystemConfiguration\"",
					"-framework",
					"\"UIKit\"",
					"-ObjC",
					"-all_load",
					"-force_load",
				);
				OTHER_LIBTOOLFLAGS = "";
				PRODUCT_BUNDLE_IDENTIFIER = a.Tool;
				PRODUCT_NAME = "$(TARGET_NAME:c99extidentifier)";
				SKIP_INSTALL = YES;
				TARGETED_DEVICE_FAMILY = "1,2";
				VERSIONING_SYSTEM = "apple-generic";
				VERSION_INFO_PREFIX = "";
			};
			name = Debug;
		};
		04EBCD8C24DD45FC005D7D8C /* Release */ = {
			isa = XCBuildConfiguration;
			buildSettings = {
				CODE_SIGN_STYLE = Automatic;
				CURRENT_PROJECT_VERSION = 1;
				DEAD_CODE_STRIPPING = YES;
				DEFINES_MODULE = YES;
				DEVELOPMENT_TEAM = ZNR56QECEL;
				DYLIB_COMPATIBILITY_VERSION = 1;
				DYLIB_CURRENT_VERSION = 1;
				DYLIB_INSTALL_NAME_BASE = "@rpath";
				GCC_GENERATE_DEBUGGING_SYMBOLS = YES;
				INFOPLIST_FILE = Tool/Info.plist;
				INSTALL_PATH = "$(LOCAL_LIBRARY_DIR)/Frameworks";
				LD_RUNPATH_SEARCH_PATHS = (
					"$(inherited)",
					"@executable_path/Frameworks",
					"@loader_path/Frameworks",
				);
				LIBRARY_SEARCH_PATHS = (
					"$(inherited)",
					"$(PROJECT_DIR)/Tool/Tool/PlayerManager(音视频播放器)/lame",
				);
				LINK_WITH_STANDARD_LIBRARIES = NO;
				MACH_O_TYPE = staticlib;
				ONLY_ACTIVE_ARCH = YES;
				OTHER_LDFLAGS = (
					"$(inherited)",
					"-framework",
					"\"AFNetworking\"",
					"-framework",
					"\"CoreGraphics\"",
					"-framework",
					"\"Foundation\"",
					"-framework",
					"\"ImageIO\"",
					"-framework",
					"\"MJRefresh\"",
					"-framework",
					"\"Masonry\"",
					"-framework",
					"\"MobileCoreServices\"",
					"-framework",
					"\"QuartzCore\"",
					"-framework",
					"\"Security\"",
					"-framework",
					"\"SystemConfiguration\"",
					"-framework",
					"\"UIKit\"",
					"-ObjC",
					"-all_load",
					"-force_load",
				);
				OTHER_LIBTOOLFLAGS = "";
				PRODUCT_BUNDLE_IDENTIFIER = a.Tool;
				PRODUCT_NAME = "$(TARGET_NAME:c99extidentifier)";
				SKIP_INSTALL = YES;
				TARGETED_DEVICE_FAMILY = "1,2";
				VERSIONING_SYSTEM = "apple-generic";
				VERSION_INFO_PREFIX = "";
			};
			name = Release;
		};
/* End XCBuildConfiguration section */

/* Begin XCConfigurationList section */
		04EBCC5124DD4434005D7D8C /* Build configuration list for PBXProject "ToolDemo" */ = {
			isa = XCConfigurationList;
			buildConfigurations = (
				04EBCC8324DD4436005D7D8C /* Debug */,
				04EBCC8424DD4436005D7D8C /* Release */,
			);
			defaultConfigurationIsVisible = 0;
			defaultConfigurationName = Release;
		};
		04EBCC8524DD4436005D7D8C /* Build configuration list for PBXNativeTarget "ToolDemo" */ = {
			isa = XCConfigurationList;
			buildConfigurations = (
				04EBCC8624DD4436005D7D8C /* Debug */,
				04EBCC8724DD4436005D7D8C /* Release */,
			);
			defaultConfigurationIsVisible = 0;
			defaultConfigurationName = Release;
		};
		04EBCD8A24DD45FC005D7D8C /* Build configuration list for PBXNativeTarget "Tool" */ = {
			isa = XCConfigurationList;
			buildConfigurations = (
				04EBCD8B24DD45FC005D7D8C /* Debug */,
				04EBCD8C24DD45FC005D7D8C /* Release */,
			);
			defaultConfigurationIsVisible = 0;
			defaultConfigurationName = Release;
		};
/* End XCConfigurationList section */
	};
	rootObject = 04EBCC4E24DD4434005D7D8C /* Project object */;
}
